Microsoft Visual Studio Solution File, Format Version 10.00
# Visual Studio 2008
Project("{8BC9CEB8-8B4A-11D0-8D11-00A0C91BC942}") = "StreamWorkEditor2d", "src\StreamWorkEditor2\StreamWorkEditor2d.vcproj", "{441E1C87-D7C1-38AA-8708-7F5982A7F393}"
	ProjectSection(ProjectDependencies) = postProject
		{AD73DD76-E002-37B2-A69F-AA30D28F783B} = {AD73DD76-E002-37B2-A69F-AA30D28F783B}
		{B4DF2440-BE94-3664-B7CF-0966CFA53054} = {B4DF2440-BE94-3664-B7CF-0966CFA53054}
	EndProjectSection
EndProject
Project("{8BC9CEB8-8B4A-11D0-8D11-00A0C91BC942}") = "SwConfigurationd", "src\SwConfiguration\SwConfigurationd.vcproj", "{5AAABC9D-F5D2-3093-BD81-72EBA5BAED2E}"
	ProjectSection(ProjectDependencies) = postProject
		{AD73DD76-E002-37B2-A69F-AA30D28F783B} = {AD73DD76-E002-37B2-A69F-AA30D28F783B}
		{AA095DD8-D8EA-3DDC-A7AD-E8DB79FD08B4} = {AA095DD8-D8EA-3DDC-A7AD-E8DB79FD08B4}
		{B4DF2440-BE94-3664-B7CF-0966CFA53054} = {B4DF2440-BE94-3664-B7CF-0966CFA53054}
	EndProjectSection
EndProject
Project("{8BC9CEB8-8B4A-11D0-8D11-00A0C91BC942}") = "SwCored", "src\SwCore\SwCored.vcproj", "{AD73DD76-E002-37B2-A69F-AA30D28F783B}"
EndProject
Project("{8BC9CEB8-8B4A-11D0-8D11-00A0C91BC942}") = "SwEditord", "src\SwEditor\SwEditord.vcproj", "{F8BA2EAF-B2B3-3FFC-A209-629D9202D573}"
	ProjectSection(ProjectDependencies) = postProject
		{AD73DD76-E002-37B2-A69F-AA30D28F783B} = {AD73DD76-E002-37B2-A69F-AA30D28F783B}
		{AA095DD8-D8EA-3DDC-A7AD-E8DB79FD08B4} = {AA095DD8-D8EA-3DDC-A7AD-E8DB79FD08B4}
		{B4DF2440-BE94-3664-B7CF-0966CFA53054} = {B4DF2440-BE94-3664-B7CF-0966CFA53054}
	EndProjectSection
EndProject
Project("{8BC9CEB8-8B4A-11D0-8D11-00A0C91BC942}") = "SwExecutiond", "src\SwExecution\SwExecutiond.vcproj", "{AA095DD8-D8EA-3DDC-A7AD-E8DB79FD08B4}"
	ProjectSection(ProjectDependencies) = postProject
		{AD73DD76-E002-37B2-A69F-AA30D28F783B} = {AD73DD76-E002-37B2-A69F-AA30D28F783B}
	EndProjectSection
EndProject
Project("{8BC9CEB8-8B4A-11D0-8D11-00A0C91BC942}") = "SwFoundationd", "src\SwFoundation\SwFoundationd.vcproj", "{7B2D1E56-E8FD-3D96-B5F3-31A76E24D8A0}"
	ProjectSection(ProjectDependencies) = postProject
		{AD73DD76-E002-37B2-A69F-AA30D28F783B} = {AD73DD76-E002-37B2-A69F-AA30D28F783B}
		{AA095DD8-D8EA-3DDC-A7AD-E8DB79FD08B4} = {AA095DD8-D8EA-3DDC-A7AD-E8DB79FD08B4}
	EndProjectSection
EndProject
Project("{8BC9CEB8-8B4A-11D0-8D11-00A0C91BC942}") = "SwGuid", "src\SwGui\SwGuid.vcproj", "{B4DF2440-BE94-3664-B7CF-0966CFA53054}"
	ProjectSection(ProjectDependencies) = postProject
		{AD73DD76-E002-37B2-A69F-AA30D28F783B} = {AD73DD76-E002-37B2-A69F-AA30D28F783B}
		{7B2D1E56-E8FD-3D96-B5F3-31A76E24D8A0} = {7B2D1E56-E8FD-3D96-B5F3-31A76E24D8A0}
	EndProjectSection
EndProject
Project("{8BC9CEB8-8B4A-11D0-8D11-00A0C91BC942}") = "SwModel2d", "src\SwModel2\SwModel2d.vcproj", "{B9A1B5C9-0EA2-3C70-9A95-2D7BC38AD4E1}"
	ProjectSection(ProjectDependencies) = postProject
		{AD73DD76-E002-37B2-A69F-AA30D28F783B} = {AD73DD76-E002-37B2-A69F-AA30D28F783B}
		{AA095DD8-D8EA-3DDC-A7AD-E8DB79FD08B4} = {AA095DD8-D8EA-3DDC-A7AD-E8DB79FD08B4}
	EndProjectSection
EndProject
Project("{8BC9CEB8-8B4A-11D0-8D11-00A0C91BC942}") = "SwRecordd", "src\SwRecord\SwRecordd.vcproj", "{39229046-87C0-3E1E-B32A-77FDB3876D2E}"
	ProjectSection(ProjectDependencies) = postProject
		{5AAABC9D-F5D2-3093-BD81-72EBA5BAED2E} = {5AAABC9D-F5D2-3093-BD81-72EBA5BAED2E}
		{AD73DD76-E002-37B2-A69F-AA30D28F783B} = {AD73DD76-E002-37B2-A69F-AA30D28F783B}
		{AA095DD8-D8EA-3DDC-A7AD-E8DB79FD08B4} = {AA095DD8-D8EA-3DDC-A7AD-E8DB79FD08B4}
		{B4DF2440-BE94-3664-B7CF-0966CFA53054} = {B4DF2440-BE94-3664-B7CF-0966CFA53054}
		{7B2D1E56-E8FD-3D96-B5F3-31A76E24D8A0} = {7B2D1E56-E8FD-3D96-B5F3-31A76E24D8A0}
	EndProjectSection
EndProject
Project("{8BC9CEB8-8B4A-11D0-8D11-00A0C91BC942}") = "SwDataBased", "src\SwDataBase\SwDataBased.vcproj", "{B371B4A3-0AD5-35AF-ABF7-87C1E6B92019}"
	ProjectSection(ProjectDependencies) = postProject
		{AD73DD76-E002-37B2-A69F-AA30D28F783B} = {AD73DD76-E002-37B2-A69F-AA30D28F783B}
		{AA095DD8-D8EA-3DDC-A7AD-E8DB79FD08B4} = {AA095DD8-D8EA-3DDC-A7AD-E8DB79FD08B4}
	EndProjectSection
EndProject
Project("{8BC9CEB8-8B4A-11D0-8D11-00A0C91BC942}") = "SwServiceConfigurationd", "src\SwService\ServiceConfiguration\SwServiceConfigurationd.vcproj", "{553B704E-8644-33A8-84A6-38A0CD7A42C4}"
EndProject
Project("{8BC9CEB8-8B4A-11D0-8D11-00A0C91BC942}") = "SwServiceShortcutd", "src\SwService\ServiceShortcut\SwServiceShortcutd.vcproj", "{2003F070-EB5E-36EF-8E0F-83979705E323}"
EndProject
Project("{2150E333-8FDC-42A3-9474-1A3956D46DE8}") = "SwServices", "SwServices", "{7F4CD680-FD7A-4212-9AC2-0EEDEE6DB64D}"
EndProject
Project("{8BC9CEB8-8B4A-11D0-8D11-00A0C91BC942}") = "SwServiceMainWindowd", "src\SwService\ServiceMainWindow\SwServiceMainWindowd.vcproj", "{9EC876AA-BC5C-386D-B52F-44BAB6FDBFA4}"
EndProject
Project("{8BC9CEB8-8B4A-11D0-8D11-00A0C91BC942}") = "SwServiceToolsd", "src\SwService\ServiceTools\SwServiceToolsd.vcproj", "{B2794A95-64AB-36E0-9CAD-AC7C33AD7E4F}"
EndProject
Global
	GlobalSection(SolutionConfigurationPlatforms) = preSolution
		Debug|Win32 = Debug|Win32
		Release|Win32 = Release|Win32
	EndGlobalSection
	GlobalSection(ProjectConfigurationPlatforms) = postSolution
		{441E1C87-D7C1-38AA-8708-7F5982A7F393}.Debug|Win32.ActiveCfg = Debug|Win32
		{441E1C87-D7C1-38AA-8708-7F5982A7F393}.Debug|Win32.Build.0 = Debug|Win32
		{441E1C87-D7C1-38AA-8708-7F5982A7F393}.Release|Win32.ActiveCfg = Release|Win32
		{441E1C87-D7C1-38AA-8708-7F5982A7F393}.Release|Win32.Build.0 = Release|Win32
		{5AAABC9D-F5D2-3093-BD81-72EBA5BAED2E}.Debug|Win32.ActiveCfg = Debug|Win32
		{5AAABC9D-F5D2-3093-BD81-72EBA5BAED2E}.Debug|Win32.Build.0 = Debug|Win32
		{5AAABC9D-F5D2-3093-BD81-72EBA5BAED2E}.Release|Win32.ActiveCfg = Release|Win32
		{5AAABC9D-F5D2-3093-BD81-72EBA5BAED2E}.Release|Win32.Build.0 = Release|Win32
		{AD73DD76-E002-37B2-A69F-AA30D28F783B}.Debug|Win32.ActiveCfg = Debug|Win32
		{AD73DD76-E002-37B2-A69F-AA30D28F783B}.Debug|Win32.Build.0 = Debug|Win32
		{AD73DD76-E002-37B2-A69F-AA30D28F783B}.Release|Win32.ActiveCfg = Release|Win32
		{AD73DD76-E002-37B2-A69F-AA30D28F783B}.Release|Win32.Build.0 = Release|Win32
		{F8BA2EAF-B2B3-3FFC-A209-629D9202D573}.Debug|Win32.ActiveCfg = Debug|Win32
		{F8BA2EAF-B2B3-3FFC-A209-629D9202D573}.Debug|Win32.Build.0 = Debug|Win32
		{F8BA2EAF-B2B3-3FFC-A209-629D9202D573}.Release|Win32.ActiveCfg = Release|Win32
		{F8BA2EAF-B2B3-3FFC-A209-629D9202D573}.Release|Win32.Build.0 = Release|Win32
		{AA095DD8-D8EA-3DDC-A7AD-E8DB79FD08B4}.Debug|Win32.ActiveCfg = Debug|Win32
		{AA095DD8-D8EA-3DDC-A7AD-E8DB79FD08B4}.Debug|Win32.Build.0 = Debug|Win32
		{AA095DD8-D8EA-3DDC-A7AD-E8DB79FD08B4}.Release|Win32.ActiveCfg = Release|Win32
		{AA095DD8-D8EA-3DDC-A7AD-E8DB79FD08B4}.Release|Win32.Build.0 = Release|Win32
		{7B2D1E56-E8FD-3D96-B5F3-31A76E24D8A0}.Debug|Win32.ActiveCfg = Debug|Win32
		{7B2D1E56-E8FD-3D96-B5F3-31A76E24D8A0}.Debug|Win32.Build.0 = Debug|Win32
		{7B2D1E56-E8FD-3D96-B5F3-31A76E24D8A0}.Release|Win32.ActiveCfg = Release|Win32
		{7B2D1E56-E8FD-3D96-B5F3-31A76E24D8A0}.Release|Win32.Build.0 = Release|Win32
		{B4DF2440-BE94-3664-B7CF-0966CFA53054}.Debug|Win32.ActiveCfg = Debug|Win32
		{B4DF2440-BE94-3664-B7CF-0966CFA53054}.Debug|Win32.Build.0 = Debug|Win32
		{B4DF2440-BE94-3664-B7CF-0966CFA53054}.Release|Win32.ActiveCfg = Release|Win32
		{B4DF2440-BE94-3664-B7CF-0966CFA53054}.Release|Win32.Build.0 = Release|Win32
		{B9A1B5C9-0EA2-3C70-9A95-2D7BC38AD4E1}.Debug|Win32.ActiveCfg = Debug|Win32
		{B9A1B5C9-0EA2-3C70-9A95-2D7BC38AD4E1}.Debug|Win32.Build.0 = Debug|Win32
		{B9A1B5C9-0EA2-3C70-9A95-2D7BC38AD4E1}.Release|Win32.ActiveCfg = Release|Win32
		{B9A1B5C9-0EA2-3C70-9A95-2D7BC38AD4E1}.Release|Win32.Build.0 = Release|Win32
		{39229046-87C0-3E1E-B32A-77FDB3876D2E}.Debug|Win32.ActiveCfg = Debug|Win32
		{39229046-87C0-3E1E-B32A-77FDB3876D2E}.Debug|Win32.Build.0 = Debug|Win32
		{39229046-87C0-3E1E-B32A-77FDB3876D2E}.Release|Win32.ActiveCfg = Release|Win32
		{39229046-87C0-3E1E-B32A-77FDB3876D2E}.Release|Win32.Build.0 = Release|Win32
		{B371B4A3-0AD5-35AF-ABF7-87C1E6B92019}.Debug|Win32.ActiveCfg = Debug|Win32
		{B371B4A3-0AD5-35AF-ABF7-87C1E6B92019}.Debug|Win32.Build.0 = Debug|Win32
		{B371B4A3-0AD5-35AF-ABF7-87C1E6B92019}.Release|Win32.ActiveCfg = Release|Win32
		{B371B4A3-0AD5-35AF-ABF7-87C1E6B92019}.Release|Win32.Build.0 = Release|Win32
		{553B704E-8644-33A8-84A6-38A0CD7A42C4}.Debug|Win32.ActiveCfg = Debug|Win32
		{553B704E-8644-33A8-84A6-38A0CD7A42C4}.Debug|Win32.Build.0 = Debug|Win32
		{553B704E-8644-33A8-84A6-38A0CD7A42C4}.Release|Win32.ActiveCfg = Release|Win32
		{553B704E-8644-33A8-84A6-38A0CD7A42C4}.Release|Win32.Build.0 = Release|Win32
		{2003F070-EB5E-36EF-8E0F-83979705E323}.Debug|Win32.ActiveCfg = Debug|Win32
		{2003F070-EB5E-36EF-8E0F-83979705E323}.Debug|Win32.Build.0 = Debug|Win32
		{2003F070-EB5E-36EF-8E0F-83979705E323}.Release|Win32.ActiveCfg = Release|Win32
		{2003F070-EB5E-36EF-8E0F-83979705E323}.Release|Win32.Build.0 = Release|Win32
		{9EC876AA-BC5C-386D-B52F-44BAB6FDBFA4}.Debug|Win32.ActiveCfg = Debug|Win32
		{9EC876AA-BC5C-386D-B52F-44BAB6FDBFA4}.Debug|Win32.Build.0 = Debug|Win32
		{9EC876AA-BC5C-386D-B52F-44BAB6FDBFA4}.Release|Win32.ActiveCfg = Release|Win32
		{9EC876AA-BC5C-386D-B52F-44BAB6FDBFA4}.Release|Win32.Build.0 = Release|Win32
		{B2794A95-64AB-36E0-9CAD-AC7C33AD7E4F}.Debug|Win32.ActiveCfg = Debug|Win32
		{B2794A95-64AB-36E0-9CAD-AC7C33AD7E4F}.Debug|Win32.Build.0 = Debug|Win32
		{B2794A95-64AB-36E0-9CAD-AC7C33AD7E4F}.Release|Win32.ActiveCfg = Release|Win32
		{B2794A95-64AB-36E0-9CAD-AC7C33AD7E4F}.Release|Win32.Build.0 = Release|Win32
	EndGlobalSection
	GlobalSection(SolutionProperties) = preSolution
		HideSolutionNode = FALSE
	EndGlobalSection
	GlobalSection(NestedProjects) = preSolution
		{553B704E-8644-33A8-84A6-38A0CD7A42C4} = {7F4CD680-FD7A-4212-9AC2-0EEDEE6DB64D}
		{2003F070-EB5E-36EF-8E0F-83979705E323} = {7F4CD680-FD7A-4212-9AC2-0EEDEE6DB64D}
		{9EC876AA-BC5C-386D-B52F-44BAB6FDBFA4} = {7F4CD680-FD7A-4212-9AC2-0EEDEE6DB64D}
		{B2794A95-64AB-36E0-9CAD-AC7C33AD7E4F} = {7F4CD680-FD7A-4212-9AC2-0EEDEE6DB64D}
	EndGlobalSection
EndGlobal
