
Microsoft Visual Studio Solution File, Format Version 12.00
# Visual Studio 2013
VisualStudioVersion = 12.0.40629.0
MinimumVisualStudioVersion = 10.0.40219.1
Project("{8BC9CEB8-8B4A-11D0-8D11-00A0C91BC942}") = "QsWidget", "src\QsWidgets\QsWidget.vcxproj", "{98B1A65E-1567-318D-8BA7-D92C3B38ACE4}"
EndProject
Project("{8BC9CEB8-8B4A-11D0-8D11-00A0C91BC942}") = "StreamWorkEditor2", "src\StreamWorkEditor2\StreamWorkEditor2.vcxproj", "{D33DB593-0EE3-3683-856F-453A4AA332A2}"
EndProject
Project("{8BC9CEB8-8B4A-11D0-8D11-00A0C91BC942}") = "SwConfiguration", "src\SwConfiguration\SwConfiguration.vcxproj", "{F6AF38E5-9C5A-3057-91AA-4D076501CDAC}"
EndProject
Project("{8BC9CEB8-8B4A-11D0-8D11-00A0C91BC942}") = "SwCore", "src\SwCore\SwCore.vcxproj", "{9A63BAF1-66D5-3EF8-B17F-42531326491F}"
EndProject
Project("{8BC9CEB8-8B4A-11D0-8D11-00A0C91BC942}") = "SwDataBase", "src\SwDataBase\SwDataBase.vcxproj", "{187D1111-8B87-323E-9351-C20DD1FBB886}"
EndProject
Project("{8BC9CEB8-8B4A-11D0-8D11-00A0C91BC942}") = "SwEditor", "src\SwEditor\SwEditor.vcxproj", "{55AE4DDB-0D7A-319D-A6B3-08400C5F2ED5}"
EndProject
Project("{8BC9CEB8-8B4A-11D0-8D11-00A0C91BC942}") = "SwExecution", "src\SwExecution\SwExecution.vcxproj", "{E34977F7-FFF8-32C0-8C7F-6224B1B97B90}"
EndProject
Project("{8BC9CEB8-8B4A-11D0-8D11-00A0C91BC942}") = "SwFoundation", "src\SwFoundation\SwFoundation.vcxproj", "{74B9B9E7-5EA6-37BF-8DA4-8A3D520A7D3B}"
EndProject
Project("{8BC9CEB8-8B4A-11D0-8D11-00A0C91BC942}") = "SwGui", "src\SwGui\SwGui.vcxproj", "{65B63BD6-29B2-3E4E-90FE-4DF269009621}"
EndProject
Project("{8BC9CEB8-8B4A-11D0-8D11-00A0C91BC942}") = "SwModel2", "src\SwModel2\SwModel2.vcxproj", "{080F0B32-F7C0-3084-877E-53AE12A0A665}"
EndProject
Project("{8BC9CEB8-8B4A-11D0-8D11-00A0C91BC942}") = "SwRecord", "src\SwRecord\SwRecord.vcxproj", "{5C4FCA35-59A0-3053-B03C-024A8E8541AF}"
EndProject
Project("{8BC9CEB8-8B4A-11D0-8D11-00A0C91BC942}") = "SwServiceConfiguration", "src\SwService\ServiceConfiguration\SwServiceConfiguration.vcxproj", "{529A82D7-E33F-3420-879E-2722B46AAAB9}"
EndProject
Project("{8BC9CEB8-8B4A-11D0-8D11-00A0C91BC942}") = "SwServiceMainWindow", "src\SwService\ServiceMainWindow\SwServiceMainWindow.vcxproj", "{664E4E32-B2DB-38CB-8225-953DADD47FE6}"
EndProject
Project("{8BC9CEB8-8B4A-11D0-8D11-00A0C91BC942}") = "SwServiceShortcut", "src\SwService\ServiceShortcut\SwServiceShortcut.vcxproj", "{3483B872-5600-3D05-851A-E1893CAA6DFC}"
EndProject
Project("{8BC9CEB8-8B4A-11D0-8D11-00A0C91BC942}") = "SwServiceTools", "src\SwService\ServiceTools\SwServiceTools.vcxproj", "{2715A002-2B48-3F63-8130-2CCB9332CA10}"
EndProject
Global
	GlobalSection(SolutionConfigurationPlatforms) = preSolution
		Debug|Win32 = Debug|Win32
		Release|Win32 = Release|Win32
	EndGlobalSection
	GlobalSection(ProjectConfigurationPlatforms) = postSolution
		{98B1A65E-1567-318D-8BA7-D92C3B38ACE4}.Debug|Win32.ActiveCfg = Debug|Win32
		{98B1A65E-1567-318D-8BA7-D92C3B38ACE4}.Debug|Win32.Build.0 = Debug|Win32
		{98B1A65E-1567-318D-8BA7-D92C3B38ACE4}.Release|Win32.ActiveCfg = Release|Win32
		{98B1A65E-1567-318D-8BA7-D92C3B38ACE4}.Release|Win32.Build.0 = Release|Win32
		{D33DB593-0EE3-3683-856F-453A4AA332A2}.Debug|Win32.ActiveCfg = Debug|Win32
		{D33DB593-0EE3-3683-856F-453A4AA332A2}.Debug|Win32.Build.0 = Debug|Win32
		{D33DB593-0EE3-3683-856F-453A4AA332A2}.Release|Win32.ActiveCfg = Release|Win32
		{D33DB593-0EE3-3683-856F-453A4AA332A2}.Release|Win32.Build.0 = Release|Win32
		{F6AF38E5-9C5A-3057-91AA-4D076501CDAC}.Debug|Win32.ActiveCfg = Debug|Win32
		{F6AF38E5-9C5A-3057-91AA-4D076501CDAC}.Debug|Win32.Build.0 = Debug|Win32
		{F6AF38E5-9C5A-3057-91AA-4D076501CDAC}.Release|Win32.ActiveCfg = Release|Win32
		{F6AF38E5-9C5A-3057-91AA-4D076501CDAC}.Release|Win32.Build.0 = Release|Win32
		{9A63BAF1-66D5-3EF8-B17F-42531326491F}.Debug|Win32.ActiveCfg = Debug|Win32
		{9A63BAF1-66D5-3EF8-B17F-42531326491F}.Debug|Win32.Build.0 = Debug|Win32
		{9A63BAF1-66D5-3EF8-B17F-42531326491F}.Release|Win32.ActiveCfg = Release|Win32
		{9A63BAF1-66D5-3EF8-B17F-42531326491F}.Release|Win32.Build.0 = Release|Win32
		{187D1111-8B87-323E-9351-C20DD1FBB886}.Debug|Win32.ActiveCfg = Debug|Win32
		{187D1111-8B87-323E-9351-C20DD1FBB886}.Debug|Win32.Build.0 = Debug|Win32
		{187D1111-8B87-323E-9351-C20DD1FBB886}.Release|Win32.ActiveCfg = Release|Win32
		{187D1111-8B87-323E-9351-C20DD1FBB886}.Release|Win32.Build.0 = Release|Win32
		{55AE4DDB-0D7A-319D-A6B3-08400C5F2ED5}.Debug|Win32.ActiveCfg = Debug|Win32
		{55AE4DDB-0D7A-319D-A6B3-08400C5F2ED5}.Debug|Win32.Build.0 = Debug|Win32
		{55AE4DDB-0D7A-319D-A6B3-08400C5F2ED5}.Release|Win32.ActiveCfg = Release|Win32
		{55AE4DDB-0D7A-319D-A6B3-08400C5F2ED5}.Release|Win32.Build.0 = Release|Win32
		{E34977F7-FFF8-32C0-8C7F-6224B1B97B90}.Debug|Win32.ActiveCfg = Debug|Win32
		{E34977F7-FFF8-32C0-8C7F-6224B1B97B90}.Debug|Win32.Build.0 = Debug|Win32
		{E34977F7-FFF8-32C0-8C7F-6224B1B97B90}.Release|Win32.ActiveCfg = Release|Win32
		{E34977F7-FFF8-32C0-8C7F-6224B1B97B90}.Release|Win32.Build.0 = Release|Win32
		{74B9B9E7-5EA6-37BF-8DA4-8A3D520A7D3B}.Debug|Win32.ActiveCfg = Debug|Win32
		{74B9B9E7-5EA6-37BF-8DA4-8A3D520A7D3B}.Debug|Win32.Build.0 = Debug|Win32
		{74B9B9E7-5EA6-37BF-8DA4-8A3D520A7D3B}.Release|Win32.ActiveCfg = Release|Win32
		{74B9B9E7-5EA6-37BF-8DA4-8A3D520A7D3B}.Release|Win32.Build.0 = Release|Win32
		{65B63BD6-29B2-3E4E-90FE-4DF269009621}.Debug|Win32.ActiveCfg = Debug|Win32
		{65B63BD6-29B2-3E4E-90FE-4DF269009621}.Debug|Win32.Build.0 = Debug|Win32
		{65B63BD6-29B2-3E4E-90FE-4DF269009621}.Release|Win32.ActiveCfg = Release|Win32
		{65B63BD6-29B2-3E4E-90FE-4DF269009621}.Release|Win32.Build.0 = Release|Win32
		{080F0B32-F7C0-3084-877E-53AE12A0A665}.Debug|Win32.ActiveCfg = Debug|Win32
		{080F0B32-F7C0-3084-877E-53AE12A0A665}.Debug|Win32.Build.0 = Debug|Win32
		{080F0B32-F7C0-3084-877E-53AE12A0A665}.Release|Win32.ActiveCfg = Release|Win32
		{080F0B32-F7C0-3084-877E-53AE12A0A665}.Release|Win32.Build.0 = Release|Win32
		{5C4FCA35-59A0-3053-B03C-024A8E8541AF}.Debug|Win32.ActiveCfg = Debug|Win32
		{5C4FCA35-59A0-3053-B03C-024A8E8541AF}.Debug|Win32.Build.0 = Debug|Win32
		{5C4FCA35-59A0-3053-B03C-024A8E8541AF}.Release|Win32.ActiveCfg = Release|Win32
		{5C4FCA35-59A0-3053-B03C-024A8E8541AF}.Release|Win32.Build.0 = Release|Win32
		{529A82D7-E33F-3420-879E-2722B46AAAB9}.Debug|Win32.ActiveCfg = Debug|Win32
		{529A82D7-E33F-3420-879E-2722B46AAAB9}.Debug|Win32.Build.0 = Debug|Win32
		{529A82D7-E33F-3420-879E-2722B46AAAB9}.Release|Win32.ActiveCfg = Release|Win32
		{529A82D7-E33F-3420-879E-2722B46AAAB9}.Release|Win32.Build.0 = Release|Win32
		{664E4E32-B2DB-38CB-8225-953DADD47FE6}.Debug|Win32.ActiveCfg = Debug|Win32
		{664E4E32-B2DB-38CB-8225-953DADD47FE6}.Debug|Win32.Build.0 = Debug|Win32
		{664E4E32-B2DB-38CB-8225-953DADD47FE6}.Release|Win32.ActiveCfg = Release|Win32
		{664E4E32-B2DB-38CB-8225-953DADD47FE6}.Release|Win32.Build.0 = Release|Win32
		{3483B872-5600-3D05-851A-E1893CAA6DFC}.Debug|Win32.ActiveCfg = Debug|Win32
		{3483B872-5600-3D05-851A-E1893CAA6DFC}.Debug|Win32.Build.0 = Debug|Win32
		{3483B872-5600-3D05-851A-E1893CAA6DFC}.Release|Win32.ActiveCfg = Release|Win32
		{3483B872-5600-3D05-851A-E1893CAA6DFC}.Release|Win32.Build.0 = Release|Win32
		{2715A002-2B48-3F63-8130-2CCB9332CA10}.Debug|Win32.ActiveCfg = Debug|Win32
		{2715A002-2B48-3F63-8130-2CCB9332CA10}.Debug|Win32.Build.0 = Debug|Win32
		{2715A002-2B48-3F63-8130-2CCB9332CA10}.Release|Win32.ActiveCfg = Release|Win32
		{2715A002-2B48-3F63-8130-2CCB9332CA10}.Release|Win32.Build.0 = Release|Win32
	EndGlobalSection
	GlobalSection(SolutionProperties) = preSolution
		HideSolutionNode = FALSE
	EndGlobalSection
EndGlobal
