Microsoft Visual Studio Solution File, Format Version 10.00
# Visual Studio 2008
Project("{8BC9CEB8-8B4A-11D0-8D11-00A0C91BC942}") = "StreamWorkEditor2d", "src\StreamWorkEditor2\StreamWorkEditor2d.vcproj", "{C4C60F2A-6C79-33CE-BBE8-C5DF64A0076D}"
	ProjectSection(ProjectDependencies) = postProject
		{AAF8EF11-46E3-3863-BAD5-608A7DF1A61E} = {AAF8EF11-46E3-3863-BAD5-608A7DF1A61E}
		{01E6F984-C53E-3746-9238-59FF4FFEC5ED} = {01E6F984-C53E-3746-9238-59FF4FFEC5ED}
		{A501F7BB-3F4A-359E-BF4C-FF1BEA4C21F9} = {A501F7BB-3F4A-359E-BF4C-FF1BEA4C21F9}
	EndProjectSection
EndProject
Project("{8BC9CEB8-8B4A-11D0-8D11-00A0C91BC942}") = "SwConfigurationd", "src\SwConfiguration\SwConfigurationd.vcproj", "{2D247D4B-E570-3F66-9D9F-85205E073C06}"
	ProjectSection(ProjectDependencies) = postProject
		{01E6F984-C53E-3746-9238-59FF4FFEC5ED} = {01E6F984-C53E-3746-9238-59FF4FFEC5ED}
		{DB0469A0-0DFC-3DCE-8FAF-61E2047A1C55} = {DB0469A0-0DFC-3DCE-8FAF-61E2047A1C55}
		{A501F7BB-3F4A-359E-BF4C-FF1BEA4C21F9} = {A501F7BB-3F4A-359E-BF4C-FF1BEA4C21F9}
	EndProjectSection
EndProject
Project("{8BC9CEB8-8B4A-11D0-8D11-00A0C91BC942}") = "SwCored", "src\SwCore\SwCored.vcproj", "{01E6F984-C53E-3746-9238-59FF4FFEC5ED}"
EndProject
Project("{8BC9CEB8-8B4A-11D0-8D11-00A0C91BC942}") = "SwDocd", "src\SwDoc\SwDocd.vcproj", "{AAF8EF11-46E3-3863-BAD5-608A7DF1A61E}"
	ProjectSection(ProjectDependencies) = postProject
		{01E6F984-C53E-3746-9238-59FF4FFEC5ED} = {01E6F984-C53E-3746-9238-59FF4FFEC5ED}
	EndProjectSection
EndProject
Project("{8BC9CEB8-8B4A-11D0-8D11-00A0C91BC942}") = "SwEditord", "src\SwEditor\SwEditord.vcproj", "{3C1CC369-1E08-306D-967D-92E32F34C076}"
	ProjectSection(ProjectDependencies) = postProject
		{01E6F984-C53E-3746-9238-59FF4FFEC5ED} = {01E6F984-C53E-3746-9238-59FF4FFEC5ED}
		{DB0469A0-0DFC-3DCE-8FAF-61E2047A1C55} = {DB0469A0-0DFC-3DCE-8FAF-61E2047A1C55}
		{A501F7BB-3F4A-359E-BF4C-FF1BEA4C21F9} = {A501F7BB-3F4A-359E-BF4C-FF1BEA4C21F9}
	EndProjectSection
EndProject
Project("{8BC9CEB8-8B4A-11D0-8D11-00A0C91BC942}") = "SwExecutiond", "src\SwExecution\SwExecutiond.vcproj", "{DB0469A0-0DFC-3DCE-8FAF-61E2047A1C55}"
	ProjectSection(ProjectDependencies) = postProject
		{01E6F984-C53E-3746-9238-59FF4FFEC5ED} = {01E6F984-C53E-3746-9238-59FF4FFEC5ED}
	EndProjectSection
EndProject
Project("{8BC9CEB8-8B4A-11D0-8D11-00A0C91BC942}") = "SwFoundationd", "src\SwFoundation\SwFoundationd.vcproj", "{496068C6-D6DE-34FD-BA53-CB6E4DB2D311}"
	ProjectSection(ProjectDependencies) = postProject
		{01E6F984-C53E-3746-9238-59FF4FFEC5ED} = {01E6F984-C53E-3746-9238-59FF4FFEC5ED}
		{DB0469A0-0DFC-3DCE-8FAF-61E2047A1C55} = {DB0469A0-0DFC-3DCE-8FAF-61E2047A1C55}
	EndProjectSection
EndProject
Project("{8BC9CEB8-8B4A-11D0-8D11-00A0C91BC942}") = "SwGeneratord", "src\SwGenerator\SwGeneratord.vcproj", "{599BAC73-C836-3179-81F2-4A4FEB5A8D31}"
EndProject
Project("{8BC9CEB8-8B4A-11D0-8D11-00A0C91BC942}") = "SwGuid", "src\SwGui\SwGuid.vcproj", "{A501F7BB-3F4A-359E-BF4C-FF1BEA4C21F9}"
	ProjectSection(ProjectDependencies) = postProject
		{01E6F984-C53E-3746-9238-59FF4FFEC5ED} = {01E6F984-C53E-3746-9238-59FF4FFEC5ED}
		{496068C6-D6DE-34FD-BA53-CB6E4DB2D311} = {496068C6-D6DE-34FD-BA53-CB6E4DB2D311}
	EndProjectSection
EndProject
Project("{8BC9CEB8-8B4A-11D0-8D11-00A0C91BC942}") = "SwLauncherd", "src\SwLauncher\SwLauncherd.vcproj", "{31CA2D90-6775-36E7-B3D4-7C2564C200DB}"
	ProjectSection(ProjectDependencies) = postProject
		{01E6F984-C53E-3746-9238-59FF4FFEC5ED} = {01E6F984-C53E-3746-9238-59FF4FFEC5ED}
	EndProjectSection
EndProject
Project("{8BC9CEB8-8B4A-11D0-8D11-00A0C91BC942}") = "SwModel2d", "src\SwModel2\SwModel2d.vcproj", "{B4430817-3185-37B3-BBA3-D5A892E6ED5D}"
	ProjectSection(ProjectDependencies) = postProject
		{01E6F984-C53E-3746-9238-59FF4FFEC5ED} = {01E6F984-C53E-3746-9238-59FF4FFEC5ED}
		{DB0469A0-0DFC-3DCE-8FAF-61E2047A1C55} = {DB0469A0-0DFC-3DCE-8FAF-61E2047A1C55}
	EndProjectSection
EndProject
Project("{8BC9CEB8-8B4A-11D0-8D11-00A0C91BC942}") = "SwRecordd", "src\SwRecord\SwRecordd.vcproj", "{6F31A056-94F9-3444-961E-9226C6AA3CED}"
	ProjectSection(ProjectDependencies) = postProject
		{2D247D4B-E570-3F66-9D9F-85205E073C06} = {2D247D4B-E570-3F66-9D9F-85205E073C06}
		{01E6F984-C53E-3746-9238-59FF4FFEC5ED} = {01E6F984-C53E-3746-9238-59FF4FFEC5ED}
		{DB0469A0-0DFC-3DCE-8FAF-61E2047A1C55} = {DB0469A0-0DFC-3DCE-8FAF-61E2047A1C55}
		{A501F7BB-3F4A-359E-BF4C-FF1BEA4C21F9} = {A501F7BB-3F4A-359E-BF4C-FF1BEA4C21F9}
		{496068C6-D6DE-34FD-BA53-CB6E4DB2D311} = {496068C6-D6DE-34FD-BA53-CB6E4DB2D311}
	EndProjectSection
EndProject
Project("{8BC9CEB8-8B4A-11D0-8D11-00A0C91BC942}") = "SwDataBased", "src\SwDataBase\SwDataBased.vcproj", "{B3C080BA-AAF4-31AA-8174-AAEC70F1F2A1}"
	ProjectSection(ProjectDependencies) = postProject
		{01E6F984-C53E-3746-9238-59FF4FFEC5ED} = {01E6F984-C53E-3746-9238-59FF4FFEC5ED}
		{DB0469A0-0DFC-3DCE-8FAF-61E2047A1C55} = {DB0469A0-0DFC-3DCE-8FAF-61E2047A1C55}
	EndProjectSection
EndProject
Project("{8BC9CEB8-8B4A-11D0-8D11-00A0C91BC942}") = "SwServiceAlertd", "src\SwService\ServiceAlert\SwServiceAlertd.vcproj", "{43B7C90A-C427-36C6-B99B-6224E9AA7AB3}"
EndProject
Project("{8BC9CEB8-8B4A-11D0-8D11-00A0C91BC942}") = "SwServiceConfigurationd", "src\SwService\ServiceConfiguration\SwServiceConfigurationd.vcproj", "{654ABFD2-7319-3E6A-AB8E-9E68899ED7BB}"
EndProject
Project("{8BC9CEB8-8B4A-11D0-8D11-00A0C91BC942}") = "SwServiceToolsd", "src\SwService\ServiceImpl\SwServiceToolsd.vcproj", "{DD40EBBC-2507-3117-9DC6-CDA2980B9DB8}"
EndProject
Project("{8BC9CEB8-8B4A-11D0-8D11-00A0C91BC942}") = "SwServiceShortcutd", "src\SwService\ServiceShortcut\SwServiceShortcutd.vcproj", "{29DBE695-5BE6-3B7E-A454-3BC61353E6E9}"
EndProject
Project("{8BC9CEB8-8B4A-11D0-8D11-00A0C91BC942}") = "SwServiceUnitSId", "src\SwService\ServiceUnitSI\SwServiceUnitSId.vcproj", "{00579626-D800-3C33-BAD4-33C286F4D362}"
EndProject
Project("{2150E333-8FDC-42A3-9474-1A3956D46DE8}") = "SwServices", "SwServices", "{7F4CD680-FD7A-4212-9AC2-0EEDEE6DB64D}"
EndProject
Global
	GlobalSection(SolutionConfigurationPlatforms) = preSolution
		Debug|Win32 = Debug|Win32
		Release|Win32 = Release|Win32
	EndGlobalSection
	GlobalSection(ProjectConfigurationPlatforms) = postSolution
		{C4C60F2A-6C79-33CE-BBE8-C5DF64A0076D}.Debug|Win32.ActiveCfg = Debug|Win32
		{C4C60F2A-6C79-33CE-BBE8-C5DF64A0076D}.Debug|Win32.Build.0 = Debug|Win32
		{C4C60F2A-6C79-33CE-BBE8-C5DF64A0076D}.Release|Win32.ActiveCfg = Release|Win32
		{C4C60F2A-6C79-33CE-BBE8-C5DF64A0076D}.Release|Win32.Build.0 = Release|Win32
		{2D247D4B-E570-3F66-9D9F-85205E073C06}.Debug|Win32.ActiveCfg = Debug|Win32
		{2D247D4B-E570-3F66-9D9F-85205E073C06}.Debug|Win32.Build.0 = Debug|Win32
		{2D247D4B-E570-3F66-9D9F-85205E073C06}.Release|Win32.ActiveCfg = Release|Win32
		{2D247D4B-E570-3F66-9D9F-85205E073C06}.Release|Win32.Build.0 = Release|Win32
		{01E6F984-C53E-3746-9238-59FF4FFEC5ED}.Debug|Win32.ActiveCfg = Debug|Win32
		{01E6F984-C53E-3746-9238-59FF4FFEC5ED}.Debug|Win32.Build.0 = Debug|Win32
		{01E6F984-C53E-3746-9238-59FF4FFEC5ED}.Release|Win32.ActiveCfg = Release|Win32
		{01E6F984-C53E-3746-9238-59FF4FFEC5ED}.Release|Win32.Build.0 = Release|Win32
		{AAF8EF11-46E3-3863-BAD5-608A7DF1A61E}.Debug|Win32.ActiveCfg = Debug|Win32
		{AAF8EF11-46E3-3863-BAD5-608A7DF1A61E}.Debug|Win32.Build.0 = Debug|Win32
		{AAF8EF11-46E3-3863-BAD5-608A7DF1A61E}.Release|Win32.ActiveCfg = Release|Win32
		{AAF8EF11-46E3-3863-BAD5-608A7DF1A61E}.Release|Win32.Build.0 = Release|Win32
		{3C1CC369-1E08-306D-967D-92E32F34C076}.Debug|Win32.ActiveCfg = Debug|Win32
		{3C1CC369-1E08-306D-967D-92E32F34C076}.Debug|Win32.Build.0 = Debug|Win32
		{3C1CC369-1E08-306D-967D-92E32F34C076}.Release|Win32.ActiveCfg = Release|Win32
		{3C1CC369-1E08-306D-967D-92E32F34C076}.Release|Win32.Build.0 = Release|Win32
		{DB0469A0-0DFC-3DCE-8FAF-61E2047A1C55}.Debug|Win32.ActiveCfg = Debug|Win32
		{DB0469A0-0DFC-3DCE-8FAF-61E2047A1C55}.Debug|Win32.Build.0 = Debug|Win32
		{DB0469A0-0DFC-3DCE-8FAF-61E2047A1C55}.Release|Win32.ActiveCfg = Release|Win32
		{DB0469A0-0DFC-3DCE-8FAF-61E2047A1C55}.Release|Win32.Build.0 = Release|Win32
		{496068C6-D6DE-34FD-BA53-CB6E4DB2D311}.Debug|Win32.ActiveCfg = Debug|Win32
		{496068C6-D6DE-34FD-BA53-CB6E4DB2D311}.Debug|Win32.Build.0 = Debug|Win32
		{496068C6-D6DE-34FD-BA53-CB6E4DB2D311}.Release|Win32.ActiveCfg = Release|Win32
		{496068C6-D6DE-34FD-BA53-CB6E4DB2D311}.Release|Win32.Build.0 = Release|Win32
		{599BAC73-C836-3179-81F2-4A4FEB5A8D31}.Debug|Win32.ActiveCfg = Debug|Win32
		{599BAC73-C836-3179-81F2-4A4FEB5A8D31}.Debug|Win32.Build.0 = Debug|Win32
		{599BAC73-C836-3179-81F2-4A4FEB5A8D31}.Release|Win32.ActiveCfg = Release|Win32
		{599BAC73-C836-3179-81F2-4A4FEB5A8D31}.Release|Win32.Build.0 = Release|Win32
		{A501F7BB-3F4A-359E-BF4C-FF1BEA4C21F9}.Debug|Win32.ActiveCfg = Debug|Win32
		{A501F7BB-3F4A-359E-BF4C-FF1BEA4C21F9}.Debug|Win32.Build.0 = Debug|Win32
		{A501F7BB-3F4A-359E-BF4C-FF1BEA4C21F9}.Release|Win32.ActiveCfg = Release|Win32
		{A501F7BB-3F4A-359E-BF4C-FF1BEA4C21F9}.Release|Win32.Build.0 = Release|Win32
		{31CA2D90-6775-36E7-B3D4-7C2564C200DB}.Debug|Win32.ActiveCfg = Debug|Win32
		{31CA2D90-6775-36E7-B3D4-7C2564C200DB}.Debug|Win32.Build.0 = Debug|Win32
		{31CA2D90-6775-36E7-B3D4-7C2564C200DB}.Release|Win32.ActiveCfg = Release|Win32
		{31CA2D90-6775-36E7-B3D4-7C2564C200DB}.Release|Win32.Build.0 = Release|Win32
		{B4430817-3185-37B3-BBA3-D5A892E6ED5D}.Debug|Win32.ActiveCfg = Debug|Win32
		{B4430817-3185-37B3-BBA3-D5A892E6ED5D}.Debug|Win32.Build.0 = Debug|Win32
		{B4430817-3185-37B3-BBA3-D5A892E6ED5D}.Release|Win32.ActiveCfg = Release|Win32
		{B4430817-3185-37B3-BBA3-D5A892E6ED5D}.Release|Win32.Build.0 = Release|Win32
		{6F31A056-94F9-3444-961E-9226C6AA3CED}.Debug|Win32.ActiveCfg = Debug|Win32
		{6F31A056-94F9-3444-961E-9226C6AA3CED}.Debug|Win32.Build.0 = Debug|Win32
		{6F31A056-94F9-3444-961E-9226C6AA3CED}.Release|Win32.ActiveCfg = Release|Win32
		{6F31A056-94F9-3444-961E-9226C6AA3CED}.Release|Win32.Build.0 = Release|Win32
		{B3C080BA-AAF4-31AA-8174-AAEC70F1F2A1}.Debug|Win32.ActiveCfg = Debug|Win32
		{B3C080BA-AAF4-31AA-8174-AAEC70F1F2A1}.Debug|Win32.Build.0 = Debug|Win32
		{B3C080BA-AAF4-31AA-8174-AAEC70F1F2A1}.Release|Win32.ActiveCfg = Release|Win32
		{B3C080BA-AAF4-31AA-8174-AAEC70F1F2A1}.Release|Win32.Build.0 = Release|Win32
		{43B7C90A-C427-36C6-B99B-6224E9AA7AB3}.Debug|Win32.ActiveCfg = Debug|Win32
		{43B7C90A-C427-36C6-B99B-6224E9AA7AB3}.Debug|Win32.Build.0 = Debug|Win32
		{43B7C90A-C427-36C6-B99B-6224E9AA7AB3}.Release|Win32.ActiveCfg = Release|Win32
		{43B7C90A-C427-36C6-B99B-6224E9AA7AB3}.Release|Win32.Build.0 = Release|Win32
		{654ABFD2-7319-3E6A-AB8E-9E68899ED7BB}.Debug|Win32.ActiveCfg = Debug|Win32
		{654ABFD2-7319-3E6A-AB8E-9E68899ED7BB}.Debug|Win32.Build.0 = Debug|Win32
		{654ABFD2-7319-3E6A-AB8E-9E68899ED7BB}.Release|Win32.ActiveCfg = Release|Win32
		{654ABFD2-7319-3E6A-AB8E-9E68899ED7BB}.Release|Win32.Build.0 = Release|Win32
		{DD40EBBC-2507-3117-9DC6-CDA2980B9DB8}.Debug|Win32.ActiveCfg = Debug|Win32
		{DD40EBBC-2507-3117-9DC6-CDA2980B9DB8}.Debug|Win32.Build.0 = Debug|Win32
		{DD40EBBC-2507-3117-9DC6-CDA2980B9DB8}.Release|Win32.ActiveCfg = Release|Win32
		{DD40EBBC-2507-3117-9DC6-CDA2980B9DB8}.Release|Win32.Build.0 = Release|Win32
		{29DBE695-5BE6-3B7E-A454-3BC61353E6E9}.Debug|Win32.ActiveCfg = Debug|Win32
		{29DBE695-5BE6-3B7E-A454-3BC61353E6E9}.Debug|Win32.Build.0 = Debug|Win32
		{29DBE695-5BE6-3B7E-A454-3BC61353E6E9}.Release|Win32.ActiveCfg = Release|Win32
		{29DBE695-5BE6-3B7E-A454-3BC61353E6E9}.Release|Win32.Build.0 = Release|Win32
		{00579626-D800-3C33-BAD4-33C286F4D362}.Debug|Win32.ActiveCfg = Debug|Win32
		{00579626-D800-3C33-BAD4-33C286F4D362}.Debug|Win32.Build.0 = Debug|Win32
		{00579626-D800-3C33-BAD4-33C286F4D362}.Release|Win32.ActiveCfg = Release|Win32
		{00579626-D800-3C33-BAD4-33C286F4D362}.Release|Win32.Build.0 = Release|Win32
	EndGlobalSection
	GlobalSection(SolutionProperties) = preSolution
		HideSolutionNode = FALSE
	EndGlobalSection
	GlobalSection(NestedProjects) = preSolution
		{43B7C90A-C427-36C6-B99B-6224E9AA7AB3} = {7F4CD680-FD7A-4212-9AC2-0EEDEE6DB64D}
		{00579626-D800-3C33-BAD4-33C286F4D362} = {7F4CD680-FD7A-4212-9AC2-0EEDEE6DB64D}
		{654ABFD2-7319-3E6A-AB8E-9E68899ED7BB} = {7F4CD680-FD7A-4212-9AC2-0EEDEE6DB64D}
		{29DBE695-5BE6-3B7E-A454-3BC61353E6E9} = {7F4CD680-FD7A-4212-9AC2-0EEDEE6DB64D}
		{DD40EBBC-2507-3117-9DC6-CDA2980B9DB8} = {7F4CD680-FD7A-4212-9AC2-0EEDEE6DB64D}
	EndGlobalSection
EndGlobal
