Microsoft Visual Studio Solution File, Format Version 10.00
# Visual Studio 2008
Project("{8BC9CEB8-8B4A-11D0-8D11-00A0C91BC942}") = "StreamWorkEditor2d", "src\StreamWorkEditor2\StreamWorkEditor2d.vcproj", "{C4C60F2A-6C79-33CE-BBE8-C5DF64A0076D}"
	ProjectSection(ProjectDependencies) = postProject
		{01E6F984-C53E-3746-9238-59FF4FFEC5ED} = {01E6F984-C53E-3746-9238-59FF4FFEC5ED}
		{AAF8EF11-46E3-3863-BAD5-608A7DF1A61E} = {AAF8EF11-46E3-3863-BAD5-608A7DF1A61E}
	EndProjectSection
EndProject
Project("{8BC9CEB8-8B4A-11D0-8D11-00A0C91BC942}") = "SwConfigurationd", "src\SwConfiguration\SwConfigurationd.vcproj", "{2D247D4B-E570-3F66-9D9F-85205E073C06}"
	ProjectSection(ProjectDependencies) = postProject
		{A501F7BB-3F4A-359E-BF4C-FF1BEA4C21F9} = {A501F7BB-3F4A-359E-BF4C-FF1BEA4C21F9}
		{01E6F984-C53E-3746-9238-59FF4FFEC5ED} = {01E6F984-C53E-3746-9238-59FF4FFEC5ED}
		{DB0469A0-0DFC-3DCE-8FAF-61E2047A1C55} = {DB0469A0-0DFC-3DCE-8FAF-61E2047A1C55}
	EndProjectSection
EndProject
Project("{8BC9CEB8-8B4A-11D0-8D11-00A0C91BC942}") = "SwCored", "src\SwCore\SwCored.vcproj", "{01E6F984-C53E-3746-9238-59FF4FFEC5ED}"
EndProject
Project("{8BC9CEB8-8B4A-11D0-8D11-00A0C91BC942}") = "SwDocd", "src\SwDoc\SwDocd.vcproj", "{AAF8EF11-46E3-3863-BAD5-608A7DF1A61E}"
	ProjectSection(ProjectDependencies) = postProject
		{01E6F984-C53E-3746-9238-59FF4FFEC5ED} = {01E6F984-C53E-3746-9238-59FF4FFEC5ED}
	EndProjectSection
EndProject
Project("{8BC9CEB8-8B4A-11D0-8D11-00A0C91BC942}") = "SwEditord", "src\SwEditor\SwEditord.vcproj", "{3C1CC369-1E08-306D-967D-92E32F34C076}"
	ProjectSection(ProjectDependencies) = postProject
		{A501F7BB-3F4A-359E-BF4C-FF1BEA4C21F9} = {A501F7BB-3F4A-359E-BF4C-FF1BEA4C21F9}
		{01E6F984-C53E-3746-9238-59FF4FFEC5ED} = {01E6F984-C53E-3746-9238-59FF4FFEC5ED}
		{DB0469A0-0DFC-3DCE-8FAF-61E2047A1C55} = {DB0469A0-0DFC-3DCE-8FAF-61E2047A1C55}
	EndProjectSection
EndProject
Project("{8BC9CEB8-8B4A-11D0-8D11-00A0C91BC942}") = "SwExecutiond", "src\SwExecution\SwExecutiond.vcproj", "{DB0469A0-0DFC-3DCE-8FAF-61E2047A1C55}"
	ProjectSection(ProjectDependencies) = postProject
		{01E6F984-C53E-3746-9238-59FF4FFEC5ED} = {01E6F984-C53E-3746-9238-59FF4FFEC5ED}
	EndProjectSection
EndProject
Project("{8BC9CEB8-8B4A-11D0-8D11-00A0C91BC942}") = "SwFoundationd", "src\SwFoundation\SwFoundationd.vcproj", "{496068C6-D6DE-34FD-BA53-CB6E4DB2D311}"
	ProjectSection(ProjectDependencies) = postProject
		{01E6F984-C53E-3746-9238-59FF4FFEC5ED} = {01E6F984-C53E-3746-9238-59FF4FFEC5ED}
		{DB0469A0-0DFC-3DCE-8FAF-61E2047A1C55} = {DB0469A0-0DFC-3DCE-8FAF-61E2047A1C55}
	EndProjectSection
EndProject
Project("{8BC9CEB8-8B4A-11D0-8D11-00A0C91BC942}") = "SwGeneratord", "src\SwGenerator\SwGeneratord.vcproj", "{599BAC73-C836-3179-81F2-4A4FEB5A8D31}"
EndProject
Project("{8BC9CEB8-8B4A-11D0-8D11-00A0C91BC942}") = "SwGuid", "src\SwGui\SwGuid.vcproj", "{A501F7BB-3F4A-359E-BF4C-FF1BEA4C21F9}"
	ProjectSection(ProjectDependencies) = postProject
		{496068C6-D6DE-34FD-BA53-CB6E4DB2D311} = {496068C6-D6DE-34FD-BA53-CB6E4DB2D311}
		{01E6F984-C53E-3746-9238-59FF4FFEC5ED} = {01E6F984-C53E-3746-9238-59FF4FFEC5ED}
	EndProjectSection
EndProject
Project("{8BC9CEB8-8B4A-11D0-8D11-00A0C91BC942}") = "SwLauncherd", "src\SwLauncher\SwLauncherd.vcproj", "{31CA2D90-6775-36E7-B3D4-7C2564C200DB}"
	ProjectSection(ProjectDependencies) = postProject
		{01E6F984-C53E-3746-9238-59FF4FFEC5ED} = {01E6F984-C53E-3746-9238-59FF4FFEC5ED}
	EndProjectSection
EndProject
Project("{8BC9CEB8-8B4A-11D0-8D11-00A0C91BC942}") = "SwModeld", "src\SwModel\SwModeld.vcproj", "{F2AE0C84-CFC9-3FAF-9653-1366D9320F4F}"
	ProjectSection(ProjectDependencies) = postProject
		{01E6F984-C53E-3746-9238-59FF4FFEC5ED} = {01E6F984-C53E-3746-9238-59FF4FFEC5ED}
		{DB0469A0-0DFC-3DCE-8FAF-61E2047A1C55} = {DB0469A0-0DFC-3DCE-8FAF-61E2047A1C55}
	EndProjectSection
EndProject
Project("{8BC9CEB8-8B4A-11D0-8D11-00A0C91BC942}") = "SwModel2d", "src\SwModel2\SwModel2d.vcproj", "{B4430817-3185-37B3-BBA3-D5A892E6ED5D}"
	ProjectSection(ProjectDependencies) = postProject
		{01E6F984-C53E-3746-9238-59FF4FFEC5ED} = {01E6F984-C53E-3746-9238-59FF4FFEC5ED}
		{DB0469A0-0DFC-3DCE-8FAF-61E2047A1C55} = {DB0469A0-0DFC-3DCE-8FAF-61E2047A1C55}
	EndProjectSection
EndProject
Project("{8BC9CEB8-8B4A-11D0-8D11-00A0C91BC942}") = "SwRecordd", "src\SwRecord\SwRecordd.vcproj", "{6F31A056-94F9-3444-961E-9226C6AA3CED}"
	ProjectSection(ProjectDependencies) = postProject
		{A501F7BB-3F4A-359E-BF4C-FF1BEA4C21F9} = {A501F7BB-3F4A-359E-BF4C-FF1BEA4C21F9}
		{496068C6-D6DE-34FD-BA53-CB6E4DB2D311} = {496068C6-D6DE-34FD-BA53-CB6E4DB2D311}
		{01E6F984-C53E-3746-9238-59FF4FFEC5ED} = {01E6F984-C53E-3746-9238-59FF4FFEC5ED}
		{DB0469A0-0DFC-3DCE-8FAF-61E2047A1C55} = {DB0469A0-0DFC-3DCE-8FAF-61E2047A1C55}
		{2D247D4B-E570-3F66-9D9F-85205E073C06} = {2D247D4B-E570-3F66-9D9F-85205E073C06}
	EndProjectSection
EndProject
Project("{8BC9CEB8-8B4A-11D0-8D11-00A0C91BC942}") = "TestPlugind", "src\TestPlugin\TestPlugind.vcproj", "{39493F21-2B06-3BA9-8BA3-162B813249C2}"
	ProjectSection(ProjectDependencies) = postProject
		{A501F7BB-3F4A-359E-BF4C-FF1BEA4C21F9} = {A501F7BB-3F4A-359E-BF4C-FF1BEA4C21F9}
		{496068C6-D6DE-34FD-BA53-CB6E4DB2D311} = {496068C6-D6DE-34FD-BA53-CB6E4DB2D311}
		{01E6F984-C53E-3746-9238-59FF4FFEC5ED} = {01E6F984-C53E-3746-9238-59FF4FFEC5ED}
		{6F31A056-94F9-3444-961E-9226C6AA3CED} = {6F31A056-94F9-3444-961E-9226C6AA3CED}
		{DB0469A0-0DFC-3DCE-8FAF-61E2047A1C55} = {DB0469A0-0DFC-3DCE-8FAF-61E2047A1C55}
	EndProjectSection
EndProject
Project("{8BC9CEB8-8B4A-11D0-8D11-00A0C91BC942}") = "WizardIDEd", "src\WizardIDE\WizardIDEd.vcproj", "{7179A815-39DC-371A-8F58-74F924100812}"
	ProjectSection(ProjectDependencies) = postProject
		{A501F7BB-3F4A-359E-BF4C-FF1BEA4C21F9} = {A501F7BB-3F4A-359E-BF4C-FF1BEA4C21F9}
		{01E6F984-C53E-3746-9238-59FF4FFEC5ED} = {01E6F984-C53E-3746-9238-59FF4FFEC5ED}
		{DB0469A0-0DFC-3DCE-8FAF-61E2047A1C55} = {DB0469A0-0DFC-3DCE-8FAF-61E2047A1C55}
	EndProjectSection
EndProject
Project("{8BC9CEB8-8B4A-11D0-8D11-00A0C91BC942}") = "SwDataBased", "src\SwDataBase\SwDataBased.vcproj", "{B3C080BA-AAF4-31AA-8174-AAEC70F1F2A1}"
	ProjectSection(ProjectDependencies) = postProject
		{01E6F984-C53E-3746-9238-59FF4FFEC5ED} = {01E6F984-C53E-3746-9238-59FF4FFEC5ED}
		{DB0469A0-0DFC-3DCE-8FAF-61E2047A1C55} = {DB0469A0-0DFC-3DCE-8FAF-61E2047A1C55}
	EndProjectSection
EndProject
Global
	GlobalSection(SolutionConfigurationPlatforms) = preSolution
		Debug|Win32 = Debug|Win32
		Release|Win32 = Release|Win32
	EndGlobalSection
	GlobalSection(ProjectConfigurationPlatforms) = postSolution
		{C4C60F2A-6C79-33CE-BBE8-C5DF64A0076D}.Debug|Win32.ActiveCfg = Debug|Win32
		{C4C60F2A-6C79-33CE-BBE8-C5DF64A0076D}.Debug|Win32.Build.0 = Debug|Win32
		{C4C60F2A-6C79-33CE-BBE8-C5DF64A0076D}.Release|Win32.ActiveCfg = Release|Win32
		{C4C60F2A-6C79-33CE-BBE8-C5DF64A0076D}.Release|Win32.Build.0 = Release|Win32
		{2D247D4B-E570-3F66-9D9F-85205E073C06}.Debug|Win32.ActiveCfg = Debug|Win32
		{2D247D4B-E570-3F66-9D9F-85205E073C06}.Debug|Win32.Build.0 = Debug|Win32
		{2D247D4B-E570-3F66-9D9F-85205E073C06}.Release|Win32.ActiveCfg = Release|Win32
		{2D247D4B-E570-3F66-9D9F-85205E073C06}.Release|Win32.Build.0 = Release|Win32
		{01E6F984-C53E-3746-9238-59FF4FFEC5ED}.Debug|Win32.ActiveCfg = Debug|Win32
		{01E6F984-C53E-3746-9238-59FF4FFEC5ED}.Debug|Win32.Build.0 = Debug|Win32
		{01E6F984-C53E-3746-9238-59FF4FFEC5ED}.Release|Win32.ActiveCfg = Release|Win32
		{01E6F984-C53E-3746-9238-59FF4FFEC5ED}.Release|Win32.Build.0 = Release|Win32
		{AAF8EF11-46E3-3863-BAD5-608A7DF1A61E}.Debug|Win32.ActiveCfg = Debug|Win32
		{AAF8EF11-46E3-3863-BAD5-608A7DF1A61E}.Debug|Win32.Build.0 = Debug|Win32
		{AAF8EF11-46E3-3863-BAD5-608A7DF1A61E}.Release|Win32.ActiveCfg = Release|Win32
		{AAF8EF11-46E3-3863-BAD5-608A7DF1A61E}.Release|Win32.Build.0 = Release|Win32
		{3C1CC369-1E08-306D-967D-92E32F34C076}.Debug|Win32.ActiveCfg = Debug|Win32
		{3C1CC369-1E08-306D-967D-92E32F34C076}.Debug|Win32.Build.0 = Debug|Win32
		{3C1CC369-1E08-306D-967D-92E32F34C076}.Release|Win32.ActiveCfg = Release|Win32
		{3C1CC369-1E08-306D-967D-92E32F34C076}.Release|Win32.Build.0 = Release|Win32
		{DB0469A0-0DFC-3DCE-8FAF-61E2047A1C55}.Debug|Win32.ActiveCfg = Debug|Win32
		{DB0469A0-0DFC-3DCE-8FAF-61E2047A1C55}.Debug|Win32.Build.0 = Debug|Win32
		{DB0469A0-0DFC-3DCE-8FAF-61E2047A1C55}.Release|Win32.ActiveCfg = Release|Win32
		{DB0469A0-0DFC-3DCE-8FAF-61E2047A1C55}.Release|Win32.Build.0 = Release|Win32
		{496068C6-D6DE-34FD-BA53-CB6E4DB2D311}.Debug|Win32.ActiveCfg = Debug|Win32
		{496068C6-D6DE-34FD-BA53-CB6E4DB2D311}.Debug|Win32.Build.0 = Debug|Win32
		{496068C6-D6DE-34FD-BA53-CB6E4DB2D311}.Release|Win32.ActiveCfg = Release|Win32
		{496068C6-D6DE-34FD-BA53-CB6E4DB2D311}.Release|Win32.Build.0 = Release|Win32
		{599BAC73-C836-3179-81F2-4A4FEB5A8D31}.Debug|Win32.ActiveCfg = Debug|Win32
		{599BAC73-C836-3179-81F2-4A4FEB5A8D31}.Debug|Win32.Build.0 = Debug|Win32
		{599BAC73-C836-3179-81F2-4A4FEB5A8D31}.Release|Win32.ActiveCfg = Release|Win32
		{599BAC73-C836-3179-81F2-4A4FEB5A8D31}.Release|Win32.Build.0 = Release|Win32
		{A501F7BB-3F4A-359E-BF4C-FF1BEA4C21F9}.Debug|Win32.ActiveCfg = Debug|Win32
		{A501F7BB-3F4A-359E-BF4C-FF1BEA4C21F9}.Debug|Win32.Build.0 = Debug|Win32
		{A501F7BB-3F4A-359E-BF4C-FF1BEA4C21F9}.Release|Win32.ActiveCfg = Release|Win32
		{A501F7BB-3F4A-359E-BF4C-FF1BEA4C21F9}.Release|Win32.Build.0 = Release|Win32
		{31CA2D90-6775-36E7-B3D4-7C2564C200DB}.Debug|Win32.ActiveCfg = Debug|Win32
		{31CA2D90-6775-36E7-B3D4-7C2564C200DB}.Debug|Win32.Build.0 = Debug|Win32
		{31CA2D90-6775-36E7-B3D4-7C2564C200DB}.Release|Win32.ActiveCfg = Release|Win32
		{31CA2D90-6775-36E7-B3D4-7C2564C200DB}.Release|Win32.Build.0 = Release|Win32
		{F2AE0C84-CFC9-3FAF-9653-1366D9320F4F}.Debug|Win32.ActiveCfg = Debug|Win32
		{F2AE0C84-CFC9-3FAF-9653-1366D9320F4F}.Debug|Win32.Build.0 = Debug|Win32
		{F2AE0C84-CFC9-3FAF-9653-1366D9320F4F}.Release|Win32.ActiveCfg = Release|Win32
		{F2AE0C84-CFC9-3FAF-9653-1366D9320F4F}.Release|Win32.Build.0 = Release|Win32
		{B4430817-3185-37B3-BBA3-D5A892E6ED5D}.Debug|Win32.ActiveCfg = Debug|Win32
		{B4430817-3185-37B3-BBA3-D5A892E6ED5D}.Debug|Win32.Build.0 = Debug|Win32
		{B4430817-3185-37B3-BBA3-D5A892E6ED5D}.Release|Win32.ActiveCfg = Release|Win32
		{B4430817-3185-37B3-BBA3-D5A892E6ED5D}.Release|Win32.Build.0 = Release|Win32
		{6F31A056-94F9-3444-961E-9226C6AA3CED}.Debug|Win32.ActiveCfg = Debug|Win32
		{6F31A056-94F9-3444-961E-9226C6AA3CED}.Debug|Win32.Build.0 = Debug|Win32
		{6F31A056-94F9-3444-961E-9226C6AA3CED}.Release|Win32.ActiveCfg = Release|Win32
		{6F31A056-94F9-3444-961E-9226C6AA3CED}.Release|Win32.Build.0 = Release|Win32
		{39493F21-2B06-3BA9-8BA3-162B813249C2}.Debug|Win32.ActiveCfg = Debug|Win32
		{39493F21-2B06-3BA9-8BA3-162B813249C2}.Debug|Win32.Build.0 = Debug|Win32
		{39493F21-2B06-3BA9-8BA3-162B813249C2}.Release|Win32.ActiveCfg = Release|Win32
		{39493F21-2B06-3BA9-8BA3-162B813249C2}.Release|Win32.Build.0 = Release|Win32
		{7179A815-39DC-371A-8F58-74F924100812}.Debug|Win32.ActiveCfg = Debug|Win32
		{7179A815-39DC-371A-8F58-74F924100812}.Debug|Win32.Build.0 = Debug|Win32
		{7179A815-39DC-371A-8F58-74F924100812}.Release|Win32.ActiveCfg = Release|Win32
		{7179A815-39DC-371A-8F58-74F924100812}.Release|Win32.Build.0 = Release|Win32
		{B3C080BA-AAF4-31AA-8174-AAEC70F1F2A1}.Debug|Win32.ActiveCfg = Debug|Win32
		{B3C080BA-AAF4-31AA-8174-AAEC70F1F2A1}.Debug|Win32.Build.0 = Debug|Win32
		{B3C080BA-AAF4-31AA-8174-AAEC70F1F2A1}.Release|Win32.ActiveCfg = Release|Win32
		{B3C080BA-AAF4-31AA-8174-AAEC70F1F2A1}.Release|Win32.Build.0 = Release|Win32
	EndGlobalSection
	GlobalSection(SolutionProperties) = preSolution
		HideSolutionNode = FALSE
	EndGlobalSection
EndGlobal
