Microsoft Visual Studio Solution File, Format Version 10.00
# Visual Studio 2008
Project("{8BC9CEB8-8B4A-11D0-8D11-00A0C91BC942}") = "StreamWorkEditor2d", "src\StreamWorkEditor2\StreamWorkEditor2d.vcproj", "{D489FCE0-03D0-3ED2-81B4-A2AD8A8CEF3B}"
	ProjectSection(ProjectDependencies) = postProject
		{12EEA42C-0668-3936-AA2C-72D06FDA7BBE} = {12EEA42C-0668-3936-AA2C-72D06FDA7BBE}
		{9DA6C491-BD1B-3E63-AD5A-EB1C166F7D35} = {9DA6C491-BD1B-3E63-AD5A-EB1C166F7D35}
		{F81B5D99-7395-3694-9B26-FB064BF852B6} = {F81B5D99-7395-3694-9B26-FB064BF852B6}
	EndProjectSection
EndProject
Project("{8BC9CEB8-8B4A-11D0-8D11-00A0C91BC942}") = "SwConfigurationd", "src\SwConfiguration\SwConfigurationd.vcproj", "{17C85F81-E707-3DD9-B3C2-55942F772535}"
	ProjectSection(ProjectDependencies) = postProject
		{BF69FE89-8F47-3BDE-B66E-9C1B16112ACF} = {BF69FE89-8F47-3BDE-B66E-9C1B16112ACF}
		{9DA6C491-BD1B-3E63-AD5A-EB1C166F7D35} = {9DA6C491-BD1B-3E63-AD5A-EB1C166F7D35}
		{B1572ED9-4D31-36FA-A23B-F12B68DFBCAD} = {B1572ED9-4D31-36FA-A23B-F12B68DFBCAD}
	EndProjectSection
EndProject
Project("{8BC9CEB8-8B4A-11D0-8D11-00A0C91BC942}") = "SwCored", "src\SwCore\SwCored.vcproj", "{9DA6C491-BD1B-3E63-AD5A-EB1C166F7D35}"
EndProject
Project("{8BC9CEB8-8B4A-11D0-8D11-00A0C91BC942}") = "SwDocd", "src\SwDoc\SwDocd.vcproj", "{F81B5D99-7395-3694-9B26-FB064BF852B6}"
	ProjectSection(ProjectDependencies) = postProject
		{9DA6C491-BD1B-3E63-AD5A-EB1C166F7D35} = {9DA6C491-BD1B-3E63-AD5A-EB1C166F7D35}
	EndProjectSection
EndProject
Project("{8BC9CEB8-8B4A-11D0-8D11-00A0C91BC942}") = "SwEditord", "src\SwEditor\SwEditord.vcproj", "{1F3FC7EB-B6AA-3C11-A05B-E41B175DCEA4}"
	ProjectSection(ProjectDependencies) = postProject
		{BF69FE89-8F47-3BDE-B66E-9C1B16112ACF} = {BF69FE89-8F47-3BDE-B66E-9C1B16112ACF}
		{9DA6C491-BD1B-3E63-AD5A-EB1C166F7D35} = {9DA6C491-BD1B-3E63-AD5A-EB1C166F7D35}
		{B1572ED9-4D31-36FA-A23B-F12B68DFBCAD} = {B1572ED9-4D31-36FA-A23B-F12B68DFBCAD}
	EndProjectSection
EndProject
Project("{8BC9CEB8-8B4A-11D0-8D11-00A0C91BC942}") = "SwExecutiond", "src\SwExecution\SwExecutiond.vcproj", "{B1572ED9-4D31-36FA-A23B-F12B68DFBCAD}"
	ProjectSection(ProjectDependencies) = postProject
		{9DA6C491-BD1B-3E63-AD5A-EB1C166F7D35} = {9DA6C491-BD1B-3E63-AD5A-EB1C166F7D35}
	EndProjectSection
EndProject
Project("{8BC9CEB8-8B4A-11D0-8D11-00A0C91BC942}") = "SwFoundationd", "src\SwFoundation\SwFoundationd.vcproj", "{2CFD5CFE-190D-36E4-8FDB-C01724C32794}"
	ProjectSection(ProjectDependencies) = postProject
		{9DA6C491-BD1B-3E63-AD5A-EB1C166F7D35} = {9DA6C491-BD1B-3E63-AD5A-EB1C166F7D35}
		{B1572ED9-4D31-36FA-A23B-F12B68DFBCAD} = {B1572ED9-4D31-36FA-A23B-F12B68DFBCAD}
	EndProjectSection
EndProject
Project("{8BC9CEB8-8B4A-11D0-8D11-00A0C91BC942}") = "SwGeneratord", "src\SwGenerator\SwGeneratord.vcproj", "{EEDCB445-29DD-3ADE-97E9-58A044B161CE}"
EndProject
Project("{8BC9CEB8-8B4A-11D0-8D11-00A0C91BC942}") = "SwGuid", "src\SwGui\SwGuid.vcproj", "{BF69FE89-8F47-3BDE-B66E-9C1B16112ACF}"
	ProjectSection(ProjectDependencies) = postProject
		{2CFD5CFE-190D-36E4-8FDB-C01724C32794} = {2CFD5CFE-190D-36E4-8FDB-C01724C32794}
		{9DA6C491-BD1B-3E63-AD5A-EB1C166F7D35} = {9DA6C491-BD1B-3E63-AD5A-EB1C166F7D35}
	EndProjectSection
EndProject
Project("{8BC9CEB8-8B4A-11D0-8D11-00A0C91BC942}") = "SwLauncherd", "src\SwLauncher\SwLauncherd.vcproj", "{F951BD70-527A-3819-8E16-5399986355BE}"
	ProjectSection(ProjectDependencies) = postProject
		{9DA6C491-BD1B-3E63-AD5A-EB1C166F7D35} = {9DA6C491-BD1B-3E63-AD5A-EB1C166F7D35}
	EndProjectSection
EndProject
Project("{8BC9CEB8-8B4A-11D0-8D11-00A0C91BC942}") = "SwModeld", "src\SwModel\SwModeld.vcproj", "{92A208E7-7EE9-3878-B188-A26D56AB5EC3}"
	ProjectSection(ProjectDependencies) = postProject
		{9DA6C491-BD1B-3E63-AD5A-EB1C166F7D35} = {9DA6C491-BD1B-3E63-AD5A-EB1C166F7D35}
		{B1572ED9-4D31-36FA-A23B-F12B68DFBCAD} = {B1572ED9-4D31-36FA-A23B-F12B68DFBCAD}
	EndProjectSection
EndProject
Project("{8BC9CEB8-8B4A-11D0-8D11-00A0C91BC942}") = "SwModel2d", "src\SwModel2\SwModel2d.vcproj", "{6278A06B-802C-3406-853F-BDB497024B35}"
	ProjectSection(ProjectDependencies) = postProject
		{9DA6C491-BD1B-3E63-AD5A-EB1C166F7D35} = {9DA6C491-BD1B-3E63-AD5A-EB1C166F7D35}
		{B1572ED9-4D31-36FA-A23B-F12B68DFBCAD} = {B1572ED9-4D31-36FA-A23B-F12B68DFBCAD}
	EndProjectSection
EndProject
Project("{8BC9CEB8-8B4A-11D0-8D11-00A0C91BC942}") = "SwRecordd", "src\SwRecord\SwRecordd.vcproj", "{C78957EA-C032-36FA-B286-D7401D495DAF}"
	ProjectSection(ProjectDependencies) = postProject
		{BF69FE89-8F47-3BDE-B66E-9C1B16112ACF} = {BF69FE89-8F47-3BDE-B66E-9C1B16112ACF}
		{2CFD5CFE-190D-36E4-8FDB-C01724C32794} = {2CFD5CFE-190D-36E4-8FDB-C01724C32794}
		{9DA6C491-BD1B-3E63-AD5A-EB1C166F7D35} = {9DA6C491-BD1B-3E63-AD5A-EB1C166F7D35}
		{B1572ED9-4D31-36FA-A23B-F12B68DFBCAD} = {B1572ED9-4D31-36FA-A23B-F12B68DFBCAD}
		{17C85F81-E707-3DD9-B3C2-55942F772535} = {17C85F81-E707-3DD9-B3C2-55942F772535}
	EndProjectSection
EndProject
Project("{8BC9CEB8-8B4A-11D0-8D11-00A0C91BC942}") = "TestPlugind", "src\TestPlugin\TestPlugind.vcproj", "{DF04AC3F-8D9A-3560-A45D-69AC1FAAEDF1}"
	ProjectSection(ProjectDependencies) = postProject
		{BF69FE89-8F47-3BDE-B66E-9C1B16112ACF} = {BF69FE89-8F47-3BDE-B66E-9C1B16112ACF}
		{2CFD5CFE-190D-36E4-8FDB-C01724C32794} = {2CFD5CFE-190D-36E4-8FDB-C01724C32794}
		{9DA6C491-BD1B-3E63-AD5A-EB1C166F7D35} = {9DA6C491-BD1B-3E63-AD5A-EB1C166F7D35}
		{C78957EA-C032-36FA-B286-D7401D495DAF} = {C78957EA-C032-36FA-B286-D7401D495DAF}
		{B1572ED9-4D31-36FA-A23B-F12B68DFBCAD} = {B1572ED9-4D31-36FA-A23B-F12B68DFBCAD}
	EndProjectSection
EndProject
Project("{8BC9CEB8-8B4A-11D0-8D11-00A0C91BC942}") = "WizardIDEd", "src\WizardIDE\WizardIDEd.vcproj", "{12EEA42C-0668-3936-AA2C-72D06FDA7BBE}"
	ProjectSection(ProjectDependencies) = postProject
		{BF69FE89-8F47-3BDE-B66E-9C1B16112ACF} = {BF69FE89-8F47-3BDE-B66E-9C1B16112ACF}
		{9DA6C491-BD1B-3E63-AD5A-EB1C166F7D35} = {9DA6C491-BD1B-3E63-AD5A-EB1C166F7D35}
		{B1572ED9-4D31-36FA-A23B-F12B68DFBCAD} = {B1572ED9-4D31-36FA-A23B-F12B68DFBCAD}
	EndProjectSection
EndProject
Project("{8BC9CEB8-8B4A-11D0-8D11-00A0C91BC942}") = "SwDataBased", "src\SwDataBase\SwDataBased.vcproj", "{F109159C-D457-3599-8FCE-C0B512B2737B}"
	ProjectSection(ProjectDependencies) = postProject
		{9DA6C491-BD1B-3E63-AD5A-EB1C166F7D35} = {9DA6C491-BD1B-3E63-AD5A-EB1C166F7D35}
		{B1572ED9-4D31-36FA-A23B-F12B68DFBCAD} = {B1572ED9-4D31-36FA-A23B-F12B68DFBCAD}
	EndProjectSection
EndProject
Global
	GlobalSection(SolutionConfigurationPlatforms) = preSolution
		Debug|Win32 = Debug|Win32
		Release|Win32 = Release|Win32
	EndGlobalSection
	GlobalSection(ProjectConfigurationPlatforms) = postSolution
		{D489FCE0-03D0-3ED2-81B4-A2AD8A8CEF3B}.Debug|Win32.ActiveCfg = Debug|Win32
		{D489FCE0-03D0-3ED2-81B4-A2AD8A8CEF3B}.Debug|Win32.Build.0 = Debug|Win32
		{D489FCE0-03D0-3ED2-81B4-A2AD8A8CEF3B}.Release|Win32.ActiveCfg = Release|Win32
		{D489FCE0-03D0-3ED2-81B4-A2AD8A8CEF3B}.Release|Win32.Build.0 = Release|Win32
		{17C85F81-E707-3DD9-B3C2-55942F772535}.Debug|Win32.ActiveCfg = Debug|Win32
		{17C85F81-E707-3DD9-B3C2-55942F772535}.Debug|Win32.Build.0 = Debug|Win32
		{17C85F81-E707-3DD9-B3C2-55942F772535}.Release|Win32.ActiveCfg = Release|Win32
		{17C85F81-E707-3DD9-B3C2-55942F772535}.Release|Win32.Build.0 = Release|Win32
		{9DA6C491-BD1B-3E63-AD5A-EB1C166F7D35}.Debug|Win32.ActiveCfg = Debug|Win32
		{9DA6C491-BD1B-3E63-AD5A-EB1C166F7D35}.Debug|Win32.Build.0 = Debug|Win32
		{9DA6C491-BD1B-3E63-AD5A-EB1C166F7D35}.Release|Win32.ActiveCfg = Release|Win32
		{9DA6C491-BD1B-3E63-AD5A-EB1C166F7D35}.Release|Win32.Build.0 = Release|Win32
		{F81B5D99-7395-3694-9B26-FB064BF852B6}.Debug|Win32.ActiveCfg = Debug|Win32
		{F81B5D99-7395-3694-9B26-FB064BF852B6}.Debug|Win32.Build.0 = Debug|Win32
		{F81B5D99-7395-3694-9B26-FB064BF852B6}.Release|Win32.ActiveCfg = Release|Win32
		{F81B5D99-7395-3694-9B26-FB064BF852B6}.Release|Win32.Build.0 = Release|Win32
		{1F3FC7EB-B6AA-3C11-A05B-E41B175DCEA4}.Debug|Win32.ActiveCfg = Debug|Win32
		{1F3FC7EB-B6AA-3C11-A05B-E41B175DCEA4}.Debug|Win32.Build.0 = Debug|Win32
		{1F3FC7EB-B6AA-3C11-A05B-E41B175DCEA4}.Release|Win32.ActiveCfg = Release|Win32
		{1F3FC7EB-B6AA-3C11-A05B-E41B175DCEA4}.Release|Win32.Build.0 = Release|Win32
		{B1572ED9-4D31-36FA-A23B-F12B68DFBCAD}.Debug|Win32.ActiveCfg = Debug|Win32
		{B1572ED9-4D31-36FA-A23B-F12B68DFBCAD}.Debug|Win32.Build.0 = Debug|Win32
		{B1572ED9-4D31-36FA-A23B-F12B68DFBCAD}.Release|Win32.ActiveCfg = Release|Win32
		{B1572ED9-4D31-36FA-A23B-F12B68DFBCAD}.Release|Win32.Build.0 = Release|Win32
		{2CFD5CFE-190D-36E4-8FDB-C01724C32794}.Debug|Win32.ActiveCfg = Debug|Win32
		{2CFD5CFE-190D-36E4-8FDB-C01724C32794}.Debug|Win32.Build.0 = Debug|Win32
		{2CFD5CFE-190D-36E4-8FDB-C01724C32794}.Release|Win32.ActiveCfg = Release|Win32
		{2CFD5CFE-190D-36E4-8FDB-C01724C32794}.Release|Win32.Build.0 = Release|Win32
		{EEDCB445-29DD-3ADE-97E9-58A044B161CE}.Debug|Win32.ActiveCfg = Debug|Win32
		{EEDCB445-29DD-3ADE-97E9-58A044B161CE}.Debug|Win32.Build.0 = Debug|Win32
		{EEDCB445-29DD-3ADE-97E9-58A044B161CE}.Release|Win32.ActiveCfg = Release|Win32
		{EEDCB445-29DD-3ADE-97E9-58A044B161CE}.Release|Win32.Build.0 = Release|Win32
		{BF69FE89-8F47-3BDE-B66E-9C1B16112ACF}.Debug|Win32.ActiveCfg = Debug|Win32
		{BF69FE89-8F47-3BDE-B66E-9C1B16112ACF}.Debug|Win32.Build.0 = Debug|Win32
		{BF69FE89-8F47-3BDE-B66E-9C1B16112ACF}.Release|Win32.ActiveCfg = Release|Win32
		{BF69FE89-8F47-3BDE-B66E-9C1B16112ACF}.Release|Win32.Build.0 = Release|Win32
		{F951BD70-527A-3819-8E16-5399986355BE}.Debug|Win32.ActiveCfg = Debug|Win32
		{F951BD70-527A-3819-8E16-5399986355BE}.Debug|Win32.Build.0 = Debug|Win32
		{F951BD70-527A-3819-8E16-5399986355BE}.Release|Win32.ActiveCfg = Release|Win32
		{F951BD70-527A-3819-8E16-5399986355BE}.Release|Win32.Build.0 = Release|Win32
		{92A208E7-7EE9-3878-B188-A26D56AB5EC3}.Debug|Win32.ActiveCfg = Debug|Win32
		{92A208E7-7EE9-3878-B188-A26D56AB5EC3}.Debug|Win32.Build.0 = Debug|Win32
		{92A208E7-7EE9-3878-B188-A26D56AB5EC3}.Release|Win32.ActiveCfg = Release|Win32
		{92A208E7-7EE9-3878-B188-A26D56AB5EC3}.Release|Win32.Build.0 = Release|Win32
		{6278A06B-802C-3406-853F-BDB497024B35}.Debug|Win32.ActiveCfg = Debug|Win32
		{6278A06B-802C-3406-853F-BDB497024B35}.Debug|Win32.Build.0 = Debug|Win32
		{6278A06B-802C-3406-853F-BDB497024B35}.Release|Win32.ActiveCfg = Release|Win32
		{6278A06B-802C-3406-853F-BDB497024B35}.Release|Win32.Build.0 = Release|Win32
		{C78957EA-C032-36FA-B286-D7401D495DAF}.Debug|Win32.ActiveCfg = Debug|Win32
		{C78957EA-C032-36FA-B286-D7401D495DAF}.Debug|Win32.Build.0 = Debug|Win32
		{C78957EA-C032-36FA-B286-D7401D495DAF}.Release|Win32.ActiveCfg = Release|Win32
		{C78957EA-C032-36FA-B286-D7401D495DAF}.Release|Win32.Build.0 = Release|Win32
		{DF04AC3F-8D9A-3560-A45D-69AC1FAAEDF1}.Debug|Win32.ActiveCfg = Debug|Win32
		{DF04AC3F-8D9A-3560-A45D-69AC1FAAEDF1}.Debug|Win32.Build.0 = Debug|Win32
		{DF04AC3F-8D9A-3560-A45D-69AC1FAAEDF1}.Release|Win32.ActiveCfg = Release|Win32
		{DF04AC3F-8D9A-3560-A45D-69AC1FAAEDF1}.Release|Win32.Build.0 = Release|Win32
		{12EEA42C-0668-3936-AA2C-72D06FDA7BBE}.Debug|Win32.ActiveCfg = Debug|Win32
		{12EEA42C-0668-3936-AA2C-72D06FDA7BBE}.Debug|Win32.Build.0 = Debug|Win32
		{12EEA42C-0668-3936-AA2C-72D06FDA7BBE}.Release|Win32.ActiveCfg = Release|Win32
		{12EEA42C-0668-3936-AA2C-72D06FDA7BBE}.Release|Win32.Build.0 = Release|Win32
		{F109159C-D457-3599-8FCE-C0B512B2737B}.Debug|Win32.ActiveCfg = Debug|Win32
		{F109159C-D457-3599-8FCE-C0B512B2737B}.Debug|Win32.Build.0 = Debug|Win32
		{F109159C-D457-3599-8FCE-C0B512B2737B}.Release|Win32.ActiveCfg = Release|Win32
		{F109159C-D457-3599-8FCE-C0B512B2737B}.Release|Win32.Build.0 = Release|Win32
	EndGlobalSection
	GlobalSection(SolutionProperties) = preSolution
		HideSolutionNode = FALSE
	EndGlobalSection
EndGlobal
