
Microsoft Visual Studio Solution File, Format Version 10.00
# Visual Studio 2008
Project("{8BC9CEB8-8B4A-11D0-8D11-00A0C91BC942}") = "SwCored", "src\SwCore\SwCore.vcproj", "{BC87C7A4-3610-36F8-98E7-C6E0FFAD553F}"
EndProject
Project("{8BC9CEB8-8B4A-11D0-8D11-00A0C91BC942}") = "SwExecutiond", "src\SwExecution\SwExecution.vcproj", "{1149501D-73CC-3103-B814-C6D3BC4B079D}"
	ProjectSection(ProjectDependencies) = postProject
		{BC87C7A4-3610-36F8-98E7-C6E0FFAD553F} = {BC87C7A4-3610-36F8-98E7-C6E0FFAD553F}
	EndProjectSection
EndProject
Project("{8BC9CEB8-8B4A-11D0-8D11-00A0C91BC942}") = "SwGuid", "src\SwGui\SwGui.vcproj", "{AE6B1BB5-6369-3D17-8E41-77157C3E7359}"
	ProjectSection(ProjectDependencies) = postProject
		{1149501D-73CC-3103-B814-C6D3BC4B079D} = {1149501D-73CC-3103-B814-C6D3BC4B079D}
		{BC87C7A4-3610-36F8-98E7-C6E0FFAD553F} = {BC87C7A4-3610-36F8-98E7-C6E0FFAD553F}
	EndProjectSection
EndProject
Project("{8BC9CEB8-8B4A-11D0-8D11-00A0C91BC942}") = "SwDatasBased", "src\SwDataBase\SwDatasBase.vcproj", "{59A5268D-D9CD-3F2B-95F4-1C1299F17E40}"
	ProjectSection(ProjectDependencies) = postProject
		{1149501D-73CC-3103-B814-C6D3BC4B079D} = {1149501D-73CC-3103-B814-C6D3BC4B079D}
		{BC87C7A4-3610-36F8-98E7-C6E0FFAD553F} = {BC87C7A4-3610-36F8-98E7-C6E0FFAD553F}
	EndProjectSection
EndProject
Project("{8BC9CEB8-8B4A-11D0-8D11-00A0C91BC942}") = "SwConfigurationd", "src\SwConfiguration\SwConfiguration.vcproj", "{A3B19830-7148-3B9F-91AF-23D43422C2FB}"
	ProjectSection(ProjectDependencies) = postProject
		{1149501D-73CC-3103-B814-C6D3BC4B079D} = {1149501D-73CC-3103-B814-C6D3BC4B079D}
		{BC87C7A4-3610-36F8-98E7-C6E0FFAD553F} = {BC87C7A4-3610-36F8-98E7-C6E0FFAD553F}
		{AE6B1BB5-6369-3D17-8E41-77157C3E7359} = {AE6B1BB5-6369-3D17-8E41-77157C3E7359}
	EndProjectSection
EndProject
Project("{8BC9CEB8-8B4A-11D0-8D11-00A0C91BC942}") = "SwRecordd", "src\SwRecord\SwRecord.vcproj", "{5CB29C83-71B0-3F73-AE4F-3DAEB6CFCA21}"
	ProjectSection(ProjectDependencies) = postProject
		{1149501D-73CC-3103-B814-C6D3BC4B079D} = {1149501D-73CC-3103-B814-C6D3BC4B079D}
		{BC87C7A4-3610-36F8-98E7-C6E0FFAD553F} = {BC87C7A4-3610-36F8-98E7-C6E0FFAD553F}
		{AE6B1BB5-6369-3D17-8E41-77157C3E7359} = {AE6B1BB5-6369-3D17-8E41-77157C3E7359}
	EndProjectSection
EndProject
Project("{8BC9CEB8-8B4A-11D0-8D11-00A0C91BC942}") = "WizardIDEd", "src\WizardIDE\WizardIDE.vcproj", "{943ED0FA-F93A-3886-86DB-0F6E0DC7F296}"
	ProjectSection(ProjectDependencies) = postProject
		{1149501D-73CC-3103-B814-C6D3BC4B079D} = {1149501D-73CC-3103-B814-C6D3BC4B079D}
		{BC87C7A4-3610-36F8-98E7-C6E0FFAD553F} = {BC87C7A4-3610-36F8-98E7-C6E0FFAD553F}
		{AE6B1BB5-6369-3D17-8E41-77157C3E7359} = {AE6B1BB5-6369-3D17-8E41-77157C3E7359}
	EndProjectSection
EndProject
Project("{8BC9CEB8-8B4A-11D0-8D11-00A0C91BC942}") = "SwModel2d", "src\SwModel2\SwModel2.vcproj", "{EE91176D-EFDA-37C9-9025-896E4862C7BF}"
	ProjectSection(ProjectDependencies) = postProject
		{1149501D-73CC-3103-B814-C6D3BC4B079D} = {1149501D-73CC-3103-B814-C6D3BC4B079D}
		{BC87C7A4-3610-36F8-98E7-C6E0FFAD553F} = {BC87C7A4-3610-36F8-98E7-C6E0FFAD553F}
	EndProjectSection
EndProject
Project("{8BC9CEB8-8B4A-11D0-8D11-00A0C91BC942}") = "StreamWorkEditor2d", "src\StreamWorkEditor2\StreamWorkEditor2.vcproj", "{26A64D0C-CE41-3050-B88E-33494BE5BBA3}"
	ProjectSection(ProjectDependencies) = postProject
		{943ED0FA-F93A-3886-86DB-0F6E0DC7F296} = {943ED0FA-F93A-3886-86DB-0F6E0DC7F296}
	EndProjectSection
EndProject
Project("{8BC9CEB8-8B4A-11D0-8D11-00A0C91BC942}") = "SwLauncherd", "src\SwLauncher\SwLauncher.vcproj", "{40D0D9E0-F3D1-3608-AAF5-98D6047C8291}"
	ProjectSection(ProjectDependencies) = postProject
		{BC87C7A4-3610-36F8-98E7-C6E0FFAD553F} = {BC87C7A4-3610-36F8-98E7-C6E0FFAD553F}
	EndProjectSection
EndProject
Project("{8BC9CEB8-8B4A-11D0-8D11-00A0C91BC942}") = "TestPlugind", "src\TestPlugin\TestPlugin.vcproj", "{20C55457-8D35-37BA-BBA2-C2FBD653AF7F}"
	ProjectSection(ProjectDependencies) = postProject
		{1149501D-73CC-3103-B814-C6D3BC4B079D} = {1149501D-73CC-3103-B814-C6D3BC4B079D}
		{EE91176D-EFDA-37C9-9025-896E4862C7BF} = {EE91176D-EFDA-37C9-9025-896E4862C7BF}
		{5CB29C83-71B0-3F73-AE4F-3DAEB6CFCA21} = {5CB29C83-71B0-3F73-AE4F-3DAEB6CFCA21}
		{BC87C7A4-3610-36F8-98E7-C6E0FFAD553F} = {BC87C7A4-3610-36F8-98E7-C6E0FFAD553F}
		{AE6B1BB5-6369-3D17-8E41-77157C3E7359} = {AE6B1BB5-6369-3D17-8E41-77157C3E7359}
	EndProjectSection
EndProject
Project("{8BC9CEB8-8B4A-11D0-8D11-00A0C91BC942}") = "SwFoundationd", "src\SwFoundation\SwFoundation.vcproj", "{317C1AC7-992F-3C80-A1D2-A80F453EDA86}"
EndProject
Global
	GlobalSection(SolutionConfigurationPlatforms) = preSolution
		Debug|Win32 = Debug|Win32
		Release|Win32 = Release|Win32
	EndGlobalSection
	GlobalSection(ProjectConfigurationPlatforms) = postSolution
		{BC87C7A4-3610-36F8-98E7-C6E0FFAD553F}.Debug|Win32.ActiveCfg = Debug|Win32
		{BC87C7A4-3610-36F8-98E7-C6E0FFAD553F}.Debug|Win32.Build.0 = Debug|Win32
		{BC87C7A4-3610-36F8-98E7-C6E0FFAD553F}.Release|Win32.ActiveCfg = Release|Win32
		{BC87C7A4-3610-36F8-98E7-C6E0FFAD553F}.Release|Win32.Build.0 = Release|Win32
		{1149501D-73CC-3103-B814-C6D3BC4B079D}.Debug|Win32.ActiveCfg = Debug|Win32
		{1149501D-73CC-3103-B814-C6D3BC4B079D}.Debug|Win32.Build.0 = Debug|Win32
		{1149501D-73CC-3103-B814-C6D3BC4B079D}.Release|Win32.ActiveCfg = Release|Win32
		{1149501D-73CC-3103-B814-C6D3BC4B079D}.Release|Win32.Build.0 = Release|Win32
		{AE6B1BB5-6369-3D17-8E41-77157C3E7359}.Debug|Win32.ActiveCfg = Debug|Win32
		{AE6B1BB5-6369-3D17-8E41-77157C3E7359}.Debug|Win32.Build.0 = Debug|Win32
		{AE6B1BB5-6369-3D17-8E41-77157C3E7359}.Release|Win32.ActiveCfg = Release|Win32
		{AE6B1BB5-6369-3D17-8E41-77157C3E7359}.Release|Win32.Build.0 = Release|Win32
		{59A5268D-D9CD-3F2B-95F4-1C1299F17E40}.Debug|Win32.ActiveCfg = Debug|Win32
		{59A5268D-D9CD-3F2B-95F4-1C1299F17E40}.Debug|Win32.Build.0 = Debug|Win32
		{59A5268D-D9CD-3F2B-95F4-1C1299F17E40}.Release|Win32.ActiveCfg = Release|Win32
		{59A5268D-D9CD-3F2B-95F4-1C1299F17E40}.Release|Win32.Build.0 = Release|Win32
		{A3B19830-7148-3B9F-91AF-23D43422C2FB}.Debug|Win32.ActiveCfg = Debug|Win32
		{A3B19830-7148-3B9F-91AF-23D43422C2FB}.Debug|Win32.Build.0 = Debug|Win32
		{A3B19830-7148-3B9F-91AF-23D43422C2FB}.Release|Win32.ActiveCfg = Release|Win32
		{A3B19830-7148-3B9F-91AF-23D43422C2FB}.Release|Win32.Build.0 = Release|Win32
		{5CB29C83-71B0-3F73-AE4F-3DAEB6CFCA21}.Debug|Win32.ActiveCfg = Debug|Win32
		{5CB29C83-71B0-3F73-AE4F-3DAEB6CFCA21}.Debug|Win32.Build.0 = Debug|Win32
		{5CB29C83-71B0-3F73-AE4F-3DAEB6CFCA21}.Release|Win32.ActiveCfg = Release|Win32
		{5CB29C83-71B0-3F73-AE4F-3DAEB6CFCA21}.Release|Win32.Build.0 = Release|Win32
		{943ED0FA-F93A-3886-86DB-0F6E0DC7F296}.Debug|Win32.ActiveCfg = Debug|Win32
		{943ED0FA-F93A-3886-86DB-0F6E0DC7F296}.Debug|Win32.Build.0 = Debug|Win32
		{943ED0FA-F93A-3886-86DB-0F6E0DC7F296}.Release|Win32.ActiveCfg = Release|Win32
		{943ED0FA-F93A-3886-86DB-0F6E0DC7F296}.Release|Win32.Build.0 = Release|Win32
		{EE91176D-EFDA-37C9-9025-896E4862C7BF}.Debug|Win32.ActiveCfg = Debug|Win32
		{EE91176D-EFDA-37C9-9025-896E4862C7BF}.Debug|Win32.Build.0 = Debug|Win32
		{EE91176D-EFDA-37C9-9025-896E4862C7BF}.Release|Win32.ActiveCfg = Release|Win32
		{EE91176D-EFDA-37C9-9025-896E4862C7BF}.Release|Win32.Build.0 = Release|Win32
		{26A64D0C-CE41-3050-B88E-33494BE5BBA3}.Debug|Win32.ActiveCfg = Debug|Win32
		{26A64D0C-CE41-3050-B88E-33494BE5BBA3}.Debug|Win32.Build.0 = Debug|Win32
		{26A64D0C-CE41-3050-B88E-33494BE5BBA3}.Release|Win32.ActiveCfg = Release|Win32
		{26A64D0C-CE41-3050-B88E-33494BE5BBA3}.Release|Win32.Build.0 = Release|Win32
		{40D0D9E0-F3D1-3608-AAF5-98D6047C8291}.Debug|Win32.ActiveCfg = Debug|Win32
		{40D0D9E0-F3D1-3608-AAF5-98D6047C8291}.Debug|Win32.Build.0 = Debug|Win32
		{40D0D9E0-F3D1-3608-AAF5-98D6047C8291}.Release|Win32.ActiveCfg = Release|Win32
		{40D0D9E0-F3D1-3608-AAF5-98D6047C8291}.Release|Win32.Build.0 = Release|Win32
		{20C55457-8D35-37BA-BBA2-C2FBD653AF7F}.Debug|Win32.ActiveCfg = Debug|Win32
		{20C55457-8D35-37BA-BBA2-C2FBD653AF7F}.Debug|Win32.Build.0 = Debug|Win32
		{20C55457-8D35-37BA-BBA2-C2FBD653AF7F}.Release|Win32.ActiveCfg = Release|Win32
		{20C55457-8D35-37BA-BBA2-C2FBD653AF7F}.Release|Win32.Build.0 = Release|Win32
		{317C1AC7-992F-3C80-A1D2-A80F453EDA86}.Debug|Win32.ActiveCfg = Debug|Win32
		{317C1AC7-992F-3C80-A1D2-A80F453EDA86}.Debug|Win32.Build.0 = Debug|Win32
		{317C1AC7-992F-3C80-A1D2-A80F453EDA86}.Release|Win32.ActiveCfg = Release|Win32
		{317C1AC7-992F-3C80-A1D2-A80F453EDA86}.Release|Win32.Build.0 = Release|Win32
	EndGlobalSection
	GlobalSection(SolutionProperties) = preSolution
		HideSolutionNode = FALSE
	EndGlobalSection
	GlobalSection(ExtensibilityGlobals) = postSolution
		QtVersion = 4.7.1
	EndGlobalSection
	GlobalSection(Qt) = preSolution
		Integration = True
	EndGlobalSection
	GlobalSection(Qt) = preSolution
		Integration = True
	EndGlobalSection
	GlobalSection(Qt) = preSolution
		Integration = True
	EndGlobalSection
	GlobalSection(Qt) = preSolution
		Integration = True
	EndGlobalSection
	GlobalSection(Qt) = preSolution
		Integration = True
	EndGlobalSection
	GlobalSection(Qt) = preSolution
		Integration = True
	EndGlobalSection
	GlobalSection(Qt) = preSolution
		Integration = True
	EndGlobalSection
	GlobalSection(Qt) = preSolution
		Integration = True
	EndGlobalSection
	GlobalSection(Qt) = preSolution
		Integration = True
	EndGlobalSection
	GlobalSection(Qt) = preSolution
		Integration = True
	EndGlobalSection
	GlobalSection(Qt) = preSolution
		Integration = True
	EndGlobalSection
	GlobalSection(Qt) = preSolution
		Integration = True
	EndGlobalSection
	GlobalSection(Qt) = preSolution
		Integration = True
	EndGlobalSection
	GlobalSection(Qt) = preSolution
		Integration = True
	EndGlobalSection
EndGlobal
