Microsoft Visual Studio Solution File, Format Version 10.00
# Visual Studio 2008
Project("{8BC9CEB8-8B4A-11D0-8D11-00A0C91BC942}") = "StreamWorkEditor2d", "src\StreamWorkEditor2\StreamWorkEditor2d.vcproj", "{31D3ED7A-9466-3F4B-A91E-1C906E9CF15C}"
	ProjectSection(ProjectDependencies) = postProject
		{68C62820-F9E8-3072-A984-8F4EB87CF43E} = {68C62820-F9E8-3072-A984-8F4EB87CF43E}
		{800AAE5B-2016-3616-A6CE-D0FE00AC572E} = {800AAE5B-2016-3616-A6CE-D0FE00AC572E}
		{7179A815-39DC-371A-8F58-74F924100812} = {7179A815-39DC-371A-8F58-74F924100812}
	EndProjectSection
EndProject
Project("{8BC9CEB8-8B4A-11D0-8D11-00A0C91BC942}") = "SwConfigurationd", "src\SwConfiguration\SwConfigurationd.vcproj", "{B3413BE2-CFB7-376A-B5D6-FBD04CA3C7B2}"
	ProjectSection(ProjectDependencies) = postProject
		{66069B03-CFCF-39DB-BFE2-2E395F2F525B} = {66069B03-CFCF-39DB-BFE2-2E395F2F525B}
		{68C62820-F9E8-3072-A984-8F4EB87CF43E} = {68C62820-F9E8-3072-A984-8F4EB87CF43E}
		{15C4BAD8-30C8-3BD6-A96B-0B76540CDE70} = {15C4BAD8-30C8-3BD6-A96B-0B76540CDE70}
	EndProjectSection
EndProject
Project("{8BC9CEB8-8B4A-11D0-8D11-00A0C91BC942}") = "SwCored", "src\SwCore\SwCored.vcproj", "{68C62820-F9E8-3072-A984-8F4EB87CF43E}"
EndProject
Project("{8BC9CEB8-8B4A-11D0-8D11-00A0C91BC942}") = "SwDocd", "src\SwDoc\SwDocd.vcproj", "{800AAE5B-2016-3616-A6CE-D0FE00AC572E}"
	ProjectSection(ProjectDependencies) = postProject
		{68C62820-F9E8-3072-A984-8F4EB87CF43E} = {68C62820-F9E8-3072-A984-8F4EB87CF43E}
	EndProjectSection
EndProject
Project("{8BC9CEB8-8B4A-11D0-8D11-00A0C91BC942}") = "SwEditord", "src\SwEditor\SwEditord.vcproj", "{8E3A6A70-9E69-344D-9380-F9070F586FA8}"
	ProjectSection(ProjectDependencies) = postProject
		{66069B03-CFCF-39DB-BFE2-2E395F2F525B} = {66069B03-CFCF-39DB-BFE2-2E395F2F525B}
		{68C62820-F9E8-3072-A984-8F4EB87CF43E} = {68C62820-F9E8-3072-A984-8F4EB87CF43E}
		{15C4BAD8-30C8-3BD6-A96B-0B76540CDE70} = {15C4BAD8-30C8-3BD6-A96B-0B76540CDE70}
	EndProjectSection
EndProject
Project("{8BC9CEB8-8B4A-11D0-8D11-00A0C91BC942}") = "SwExecutiond", "src\SwExecution\SwExecutiond.vcproj", "{15C4BAD8-30C8-3BD6-A96B-0B76540CDE70}"
	ProjectSection(ProjectDependencies) = postProject
		{68C62820-F9E8-3072-A984-8F4EB87CF43E} = {68C62820-F9E8-3072-A984-8F4EB87CF43E}
	EndProjectSection
EndProject
Project("{8BC9CEB8-8B4A-11D0-8D11-00A0C91BC942}") = "SwFoundationd", "src\SwFoundation\SwFoundationd.vcproj", "{F26C6015-D074-332E-B8E2-2A677C0BA238}"
	ProjectSection(ProjectDependencies) = postProject
		{68C62820-F9E8-3072-A984-8F4EB87CF43E} = {68C62820-F9E8-3072-A984-8F4EB87CF43E}
		{15C4BAD8-30C8-3BD6-A96B-0B76540CDE70} = {15C4BAD8-30C8-3BD6-A96B-0B76540CDE70}
	EndProjectSection
EndProject
Project("{8BC9CEB8-8B4A-11D0-8D11-00A0C91BC942}") = "SwGeneratord", "src\SwGenerator\SwGeneratord.vcproj", "{200CC2DA-41EA-3421-8188-357DB7DD7549}"
EndProject
Project("{8BC9CEB8-8B4A-11D0-8D11-00A0C91BC942}") = "SwGuid", "src\SwGui\SwGuid.vcproj", "{66069B03-CFCF-39DB-BFE2-2E395F2F525B}"
	ProjectSection(ProjectDependencies) = postProject
		{F26C6015-D074-332E-B8E2-2A677C0BA238} = {F26C6015-D074-332E-B8E2-2A677C0BA238}
		{68C62820-F9E8-3072-A984-8F4EB87CF43E} = {68C62820-F9E8-3072-A984-8F4EB87CF43E}
	EndProjectSection
EndProject
Project("{8BC9CEB8-8B4A-11D0-8D11-00A0C91BC942}") = "SwLauncherd", "src\SwLauncher\SwLauncherd.vcproj", "{0357B511-CA24-32C0-B0ED-BA8BAD1A6742}"
	ProjectSection(ProjectDependencies) = postProject
		{68C62820-F9E8-3072-A984-8F4EB87CF43E} = {68C62820-F9E8-3072-A984-8F4EB87CF43E}
	EndProjectSection
EndProject
Project("{8BC9CEB8-8B4A-11D0-8D11-00A0C91BC942}") = "SwModeld", "src\SwModel\SwModeld.vcproj", "{273C6374-8778-30B9-B8D7-A4AB1B744977}"
	ProjectSection(ProjectDependencies) = postProject
		{68C62820-F9E8-3072-A984-8F4EB87CF43E} = {68C62820-F9E8-3072-A984-8F4EB87CF43E}
		{15C4BAD8-30C8-3BD6-A96B-0B76540CDE70} = {15C4BAD8-30C8-3BD6-A96B-0B76540CDE70}
	EndProjectSection
EndProject
Project("{8BC9CEB8-8B4A-11D0-8D11-00A0C91BC942}") = "SwModel2d", "src\SwModel2\SwModel2d.vcproj", "{20750351-5E94-3EF9-80DA-4DBDDBDBAA02}"
	ProjectSection(ProjectDependencies) = postProject
		{68C62820-F9E8-3072-A984-8F4EB87CF43E} = {68C62820-F9E8-3072-A984-8F4EB87CF43E}
		{15C4BAD8-30C8-3BD6-A96B-0B76540CDE70} = {15C4BAD8-30C8-3BD6-A96B-0B76540CDE70}
	EndProjectSection
EndProject
Project("{8BC9CEB8-8B4A-11D0-8D11-00A0C91BC942}") = "SwRecordd", "src\SwRecord\SwRecordd.vcproj", "{3BE2AE6D-8593-3705-BEA2-318B5F396D70}"
	ProjectSection(ProjectDependencies) = postProject
		{66069B03-CFCF-39DB-BFE2-2E395F2F525B} = {66069B03-CFCF-39DB-BFE2-2E395F2F525B}
		{F26C6015-D074-332E-B8E2-2A677C0BA238} = {F26C6015-D074-332E-B8E2-2A677C0BA238}
		{68C62820-F9E8-3072-A984-8F4EB87CF43E} = {68C62820-F9E8-3072-A984-8F4EB87CF43E}
		{15C4BAD8-30C8-3BD6-A96B-0B76540CDE70} = {15C4BAD8-30C8-3BD6-A96B-0B76540CDE70}
		{B3413BE2-CFB7-376A-B5D6-FBD04CA3C7B2} = {B3413BE2-CFB7-376A-B5D6-FBD04CA3C7B2}
	EndProjectSection
EndProject
Project("{8BC9CEB8-8B4A-11D0-8D11-00A0C91BC942}") = "TestPlugind", "src\TestPlugin\TestPlugind.vcproj", "{39493F21-2B06-3BA9-8BA3-162B813249C2}"
	ProjectSection(ProjectDependencies) = postProject
		{66069B03-CFCF-39DB-BFE2-2E395F2F525B} = {66069B03-CFCF-39DB-BFE2-2E395F2F525B}
		{F26C6015-D074-332E-B8E2-2A677C0BA238} = {F26C6015-D074-332E-B8E2-2A677C0BA238}
		{68C62820-F9E8-3072-A984-8F4EB87CF43E} = {68C62820-F9E8-3072-A984-8F4EB87CF43E}
		{3BE2AE6D-8593-3705-BEA2-318B5F396D70} = {3BE2AE6D-8593-3705-BEA2-318B5F396D70}
		{15C4BAD8-30C8-3BD6-A96B-0B76540CDE70} = {15C4BAD8-30C8-3BD6-A96B-0B76540CDE70}
	EndProjectSection
EndProject
Project("{8BC9CEB8-8B4A-11D0-8D11-00A0C91BC942}") = "WizardIDEd", "src\WizardIDE\WizardIDEd.vcproj", "{7179A815-39DC-371A-8F58-74F924100812}"
	ProjectSection(ProjectDependencies) = postProject
		{68C62820-F9E8-3072-A984-8F4EB87CF43E} = {68C62820-F9E8-3072-A984-8F4EB87CF43E}
	EndProjectSection
EndProject
Project("{8BC9CEB8-8B4A-11D0-8D11-00A0C91BC942}") = "SwDataBased", "src\SwDataBase\SwDataBased.vcproj", "{F109159C-D457-3599-8FCE-C0B512B2737B}"
	ProjectSection(ProjectDependencies) = postProject
		{68C62820-F9E8-3072-A984-8F4EB87CF43E} = {68C62820-F9E8-3072-A984-8F4EB87CF43E}
		{15C4BAD8-30C8-3BD6-A96B-0B76540CDE70} = {15C4BAD8-30C8-3BD6-A96B-0B76540CDE70}
	EndProjectSection
EndProject
Global
	GlobalSection(SolutionConfigurationPlatforms) = preSolution
		Debug|Win32 = Debug|Win32
		Release|Win32 = Release|Win32
	EndGlobalSection
	GlobalSection(ProjectConfigurationPlatforms) = postSolution
		{31D3ED7A-9466-3F4B-A91E-1C906E9CF15C}.Debug|Win32.ActiveCfg = Debug|Win32
		{31D3ED7A-9466-3F4B-A91E-1C906E9CF15C}.Debug|Win32.Build.0 = Debug|Win32
		{31D3ED7A-9466-3F4B-A91E-1C906E9CF15C}.Release|Win32.ActiveCfg = Release|Win32
		{31D3ED7A-9466-3F4B-A91E-1C906E9CF15C}.Release|Win32.Build.0 = Release|Win32
		{B3413BE2-CFB7-376A-B5D6-FBD04CA3C7B2}.Debug|Win32.ActiveCfg = Debug|Win32
		{B3413BE2-CFB7-376A-B5D6-FBD04CA3C7B2}.Debug|Win32.Build.0 = Debug|Win32
		{B3413BE2-CFB7-376A-B5D6-FBD04CA3C7B2}.Release|Win32.ActiveCfg = Release|Win32
		{B3413BE2-CFB7-376A-B5D6-FBD04CA3C7B2}.Release|Win32.Build.0 = Release|Win32
		{68C62820-F9E8-3072-A984-8F4EB87CF43E}.Debug|Win32.ActiveCfg = Debug|Win32
		{68C62820-F9E8-3072-A984-8F4EB87CF43E}.Debug|Win32.Build.0 = Debug|Win32
		{68C62820-F9E8-3072-A984-8F4EB87CF43E}.Release|Win32.ActiveCfg = Release|Win32
		{68C62820-F9E8-3072-A984-8F4EB87CF43E}.Release|Win32.Build.0 = Release|Win32
		{800AAE5B-2016-3616-A6CE-D0FE00AC572E}.Debug|Win32.ActiveCfg = Debug|Win32
		{800AAE5B-2016-3616-A6CE-D0FE00AC572E}.Debug|Win32.Build.0 = Debug|Win32
		{800AAE5B-2016-3616-A6CE-D0FE00AC572E}.Release|Win32.ActiveCfg = Release|Win32
		{800AAE5B-2016-3616-A6CE-D0FE00AC572E}.Release|Win32.Build.0 = Release|Win32
		{8E3A6A70-9E69-344D-9380-F9070F586FA8}.Debug|Win32.ActiveCfg = Debug|Win32
		{8E3A6A70-9E69-344D-9380-F9070F586FA8}.Debug|Win32.Build.0 = Debug|Win32
		{8E3A6A70-9E69-344D-9380-F9070F586FA8}.Release|Win32.ActiveCfg = Release|Win32
		{8E3A6A70-9E69-344D-9380-F9070F586FA8}.Release|Win32.Build.0 = Release|Win32
		{15C4BAD8-30C8-3BD6-A96B-0B76540CDE70}.Debug|Win32.ActiveCfg = Debug|Win32
		{15C4BAD8-30C8-3BD6-A96B-0B76540CDE70}.Debug|Win32.Build.0 = Debug|Win32
		{15C4BAD8-30C8-3BD6-A96B-0B76540CDE70}.Release|Win32.ActiveCfg = Release|Win32
		{15C4BAD8-30C8-3BD6-A96B-0B76540CDE70}.Release|Win32.Build.0 = Release|Win32
		{F26C6015-D074-332E-B8E2-2A677C0BA238}.Debug|Win32.ActiveCfg = Debug|Win32
		{F26C6015-D074-332E-B8E2-2A677C0BA238}.Debug|Win32.Build.0 = Debug|Win32
		{F26C6015-D074-332E-B8E2-2A677C0BA238}.Release|Win32.ActiveCfg = Release|Win32
		{F26C6015-D074-332E-B8E2-2A677C0BA238}.Release|Win32.Build.0 = Release|Win32
		{200CC2DA-41EA-3421-8188-357DB7DD7549}.Debug|Win32.ActiveCfg = Debug|Win32
		{200CC2DA-41EA-3421-8188-357DB7DD7549}.Debug|Win32.Build.0 = Debug|Win32
		{200CC2DA-41EA-3421-8188-357DB7DD7549}.Release|Win32.ActiveCfg = Release|Win32
		{200CC2DA-41EA-3421-8188-357DB7DD7549}.Release|Win32.Build.0 = Release|Win32
		{66069B03-CFCF-39DB-BFE2-2E395F2F525B}.Debug|Win32.ActiveCfg = Debug|Win32
		{66069B03-CFCF-39DB-BFE2-2E395F2F525B}.Debug|Win32.Build.0 = Debug|Win32
		{66069B03-CFCF-39DB-BFE2-2E395F2F525B}.Release|Win32.ActiveCfg = Release|Win32
		{66069B03-CFCF-39DB-BFE2-2E395F2F525B}.Release|Win32.Build.0 = Release|Win32
		{0357B511-CA24-32C0-B0ED-BA8BAD1A6742}.Debug|Win32.ActiveCfg = Debug|Win32
		{0357B511-CA24-32C0-B0ED-BA8BAD1A6742}.Debug|Win32.Build.0 = Debug|Win32
		{0357B511-CA24-32C0-B0ED-BA8BAD1A6742}.Release|Win32.ActiveCfg = Release|Win32
		{0357B511-CA24-32C0-B0ED-BA8BAD1A6742}.Release|Win32.Build.0 = Release|Win32
		{273C6374-8778-30B9-B8D7-A4AB1B744977}.Debug|Win32.ActiveCfg = Debug|Win32
		{273C6374-8778-30B9-B8D7-A4AB1B744977}.Debug|Win32.Build.0 = Debug|Win32
		{273C6374-8778-30B9-B8D7-A4AB1B744977}.Release|Win32.ActiveCfg = Release|Win32
		{273C6374-8778-30B9-B8D7-A4AB1B744977}.Release|Win32.Build.0 = Release|Win32
		{20750351-5E94-3EF9-80DA-4DBDDBDBAA02}.Debug|Win32.ActiveCfg = Debug|Win32
		{20750351-5E94-3EF9-80DA-4DBDDBDBAA02}.Debug|Win32.Build.0 = Debug|Win32
		{20750351-5E94-3EF9-80DA-4DBDDBDBAA02}.Release|Win32.ActiveCfg = Release|Win32
		{20750351-5E94-3EF9-80DA-4DBDDBDBAA02}.Release|Win32.Build.0 = Release|Win32
		{3BE2AE6D-8593-3705-BEA2-318B5F396D70}.Debug|Win32.ActiveCfg = Debug|Win32
		{3BE2AE6D-8593-3705-BEA2-318B5F396D70}.Debug|Win32.Build.0 = Debug|Win32
		{3BE2AE6D-8593-3705-BEA2-318B5F396D70}.Release|Win32.ActiveCfg = Release|Win32
		{3BE2AE6D-8593-3705-BEA2-318B5F396D70}.Release|Win32.Build.0 = Release|Win32
		{39493F21-2B06-3BA9-8BA3-162B813249C2}.Debug|Win32.ActiveCfg = Debug|Win32
		{39493F21-2B06-3BA9-8BA3-162B813249C2}.Debug|Win32.Build.0 = Debug|Win32
		{39493F21-2B06-3BA9-8BA3-162B813249C2}.Release|Win32.ActiveCfg = Release|Win32
		{39493F21-2B06-3BA9-8BA3-162B813249C2}.Release|Win32.Build.0 = Release|Win32
		{7179A815-39DC-371A-8F58-74F924100812}.Debug|Win32.ActiveCfg = Debug|Win32
		{7179A815-39DC-371A-8F58-74F924100812}.Debug|Win32.Build.0 = Debug|Win32
		{7179A815-39DC-371A-8F58-74F924100812}.Release|Win32.ActiveCfg = Release|Win32
		{7179A815-39DC-371A-8F58-74F924100812}.Release|Win32.Build.0 = Release|Win32
		{F109159C-D457-3599-8FCE-C0B512B2737B}.Debug|Win32.ActiveCfg = Debug|Win32
		{F109159C-D457-3599-8FCE-C0B512B2737B}.Debug|Win32.Build.0 = Debug|Win32
		{F109159C-D457-3599-8FCE-C0B512B2737B}.Release|Win32.ActiveCfg = Release|Win32
		{F109159C-D457-3599-8FCE-C0B512B2737B}.Release|Win32.Build.0 = Release|Win32
	EndGlobalSection
	GlobalSection(SolutionProperties) = preSolution
		HideSolutionNode = FALSE
	EndGlobalSection
EndGlobal
