
Microsoft Visual Studio Solution File, Format Version 12.00
# Visual Studio 2013
VisualStudioVersion = 12.0.31101.0
MinimumVisualStudioVersion = 10.0.40219.1


Project("{8BC9CEB8-8B4A-11D0-8D11-00A0C91BC942}") = "AlertManager", "../../Libraries/Components/Sources/AlertManager/src/_project/AlertManager.vcxproj", "{BE0F982C-A193-3F2D-8AC5-6B778FCCADE9}"
	ProjectSection(ProjectDependencies) = postProject
		{65D95174-FA98-3326-9A52-88EC7C59BF51} = {65D95174-FA98-3326-9A52-88EC7C59BF51}
	EndProjectSection
EndProject
Project("{8BC9CEB8-8B4A-11D0-8D11-00A0C91BC942}") = "GeographicLib", "../../3rdParts/Sources/GeographicLib/src/_project/GeographicLib.vcxproj", "{580E632F-7E24-36DB-8BCB-59E2CA4DB048}"
	ProjectSection(ProjectDependencies) = postProject
		{65D95174-FA98-3326-9A52-88EC7C59BF51} = {65D95174-FA98-3326-9A52-88EC7C59BF51}
	EndProjectSection
EndProject
Project("{8BC9CEB8-8B4A-11D0-8D11-00A0C91BC942}") = "QCTemplate", "../../3rdParts/Sources/QCTemplate/src/_project/QCTemplate.vcxproj", "{EDA18AD9-1F78-397C-83C3-ED85DB9CC2EC}"

EndProject
Project("{8BC9CEB8-8B4A-11D0-8D11-00A0C91BC942}") = "QDjango", "../../3rdParts/Sources/QDjango/src/_project/QDjango.vcxproj", "{F2FA41A1-8827-3817-A9DF-14F752A3B4B1}"
	ProjectSection(ProjectDependencies) = postProject
		{65D95174-FA98-3326-9A52-88EC7C59BF51} = {65D95174-FA98-3326-9A52-88EC7C59BF51}
	EndProjectSection
EndProject
Project("{8BC9CEB8-8B4A-11D0-8D11-00A0C91BC942}") = "QsException", "../../Libraries/Qst/Sources/QsException/_project/QsException.vcxproj", "{65D95174-FA98-3326-9A52-88EC7C59BF51}"

EndProject
Project("{8BC9CEB8-8B4A-11D0-8D11-00A0C91BC942}") = "StreamWorkEditor2", "Sources/src/StreamWorkEditor2/_project/StreamWorkEditor2.vcxproj", "{2F253A97-9AFD-3411-BF13-D4E10D3DC878}"
	ProjectSection(ProjectDependencies) = postProject
		{65D95174-FA98-3326-9A52-88EC7C59BF51} = {65D95174-FA98-3326-9A52-88EC7C59BF51}
		{3E97A314-9E59-306A-A152-BF221E7DFC9A} = {3E97A314-9E59-306A-A152-BF221E7DFC9A}
		{4B26A996-48F3-351B-9966-564A87B9DBE6} = {4B26A996-48F3-351B-9966-564A87B9DBE6}
		{AB63C2AB-BC3F-3D42-AAEA-BFD0F27564D1} = {AB63C2AB-BC3F-3D42-AAEA-BFD0F27564D1}
		{75D74B96-E867-3566-9C20-0E8DE4B3FC04} = {75D74B96-E867-3566-9C20-0E8DE4B3FC04}
		{118A95A2-BD18-3F5E-95B0-4FF1995BCB87} = {118A95A2-BD18-3F5E-95B0-4FF1995BCB87}
		{8FD6D2E0-4F60-30BA-979A-4615556177BC} = {8FD6D2E0-4F60-30BA-979A-4615556177BC}
		{4B6EF567-C3C0-3A87-8248-DEFEB6B3DB53} = {4B6EF567-C3C0-3A87-8248-DEFEB6B3DB53}
		{2A489C9C-6523-31C2-90B0-B5F5206AC4F5} = {2A489C9C-6523-31C2-90B0-B5F5206AC4F5}
		{F0A223F0-8DEB-3B54-A155-C1E69FBDECCB} = {F0A223F0-8DEB-3B54-A155-C1E69FBDECCB}
		{40D4B5F4-75BD-3D30-9996-AE3C0192924B} = {40D4B5F4-75BD-3D30-9996-AE3C0192924B}
	EndProjectSection
EndProject
Project("{8BC9CEB8-8B4A-11D0-8D11-00A0C91BC942}") = "SwConfiguration", "Sources/src/SwConfiguration/_project/SwConfiguration.vcxproj", "{4D31D771-7C69-33CC-AF5E-A1FDD735312F}"
	ProjectSection(ProjectDependencies) = postProject
		{65D95174-FA98-3326-9A52-88EC7C59BF51} = {65D95174-FA98-3326-9A52-88EC7C59BF51}
		{3E97A314-9E59-306A-A152-BF221E7DFC9A} = {3E97A314-9E59-306A-A152-BF221E7DFC9A}
		{118A95A2-BD18-3F5E-95B0-4FF1995BCB87} = {118A95A2-BD18-3F5E-95B0-4FF1995BCB87}
		{4B26A996-48F3-351B-9966-564A87B9DBE6} = {4B26A996-48F3-351B-9966-564A87B9DBE6}
		{F0A223F0-8DEB-3B54-A155-C1E69FBDECCB} = {F0A223F0-8DEB-3B54-A155-C1E69FBDECCB}
	EndProjectSection
EndProject
Project("{8BC9CEB8-8B4A-11D0-8D11-00A0C91BC942}") = "SwCore", "Sources/src/SwCore/_project/SwCore.vcxproj", "{3E97A314-9E59-306A-A152-BF221E7DFC9A}"
	ProjectSection(ProjectDependencies) = postProject
		{65D95174-FA98-3326-9A52-88EC7C59BF51} = {65D95174-FA98-3326-9A52-88EC7C59BF51}
	EndProjectSection
EndProject
Project("{8BC9CEB8-8B4A-11D0-8D11-00A0C91BC942}") = "SwDataBase", "Sources/src/SwDataBase/_project/SwDataBase.vcxproj", "{464FBDDF-057C-35F5-A944-E21AF501841F}"
	ProjectSection(ProjectDependencies) = postProject
		{65D95174-FA98-3326-9A52-88EC7C59BF51} = {65D95174-FA98-3326-9A52-88EC7C59BF51}
		{3E97A314-9E59-306A-A152-BF221E7DFC9A} = {3E97A314-9E59-306A-A152-BF221E7DFC9A}
		{118A95A2-BD18-3F5E-95B0-4FF1995BCB87} = {118A95A2-BD18-3F5E-95B0-4FF1995BCB87}
	EndProjectSection
EndProject
Project("{8BC9CEB8-8B4A-11D0-8D11-00A0C91BC942}") = "SwDoc", "Sources/src/SwDoc/_project/SwDoc.vcxproj", "{AB63C2AB-BC3F-3D42-AAEA-BFD0F27564D1}"
	ProjectSection(ProjectDependencies) = postProject
		{65D95174-FA98-3326-9A52-88EC7C59BF51} = {65D95174-FA98-3326-9A52-88EC7C59BF51}
		{3E97A314-9E59-306A-A152-BF221E7DFC9A} = {3E97A314-9E59-306A-A152-BF221E7DFC9A}
		{F2FA41A1-8827-3817-A9DF-14F752A3B4B1} = {F2FA41A1-8827-3817-A9DF-14F752A3B4B1}
	EndProjectSection
EndProject
Project("{8BC9CEB8-8B4A-11D0-8D11-00A0C91BC942}") = "SwEditor", "Sources/src/SwEditor/_project/SwEditor.vcxproj", "{8FD6D2E0-4F60-30BA-979A-4615556177BC}"
	ProjectSection(ProjectDependencies) = postProject
		{65D95174-FA98-3326-9A52-88EC7C59BF51} = {65D95174-FA98-3326-9A52-88EC7C59BF51}
		{3E97A314-9E59-306A-A152-BF221E7DFC9A} = {3E97A314-9E59-306A-A152-BF221E7DFC9A}
		{4B26A996-48F3-351B-9966-564A87B9DBE6} = {4B26A996-48F3-351B-9966-564A87B9DBE6}
		{118A95A2-BD18-3F5E-95B0-4FF1995BCB87} = {118A95A2-BD18-3F5E-95B0-4FF1995BCB87}
	EndProjectSection
EndProject
Project("{8BC9CEB8-8B4A-11D0-8D11-00A0C91BC942}") = "SwExecution", "Sources/src/SwExecution/_project/SwExecution.vcxproj", "{118A95A2-BD18-3F5E-95B0-4FF1995BCB87}"
	ProjectSection(ProjectDependencies) = postProject
		{65D95174-FA98-3326-9A52-88EC7C59BF51} = {65D95174-FA98-3326-9A52-88EC7C59BF51}
		{3E97A314-9E59-306A-A152-BF221E7DFC9A} = {3E97A314-9E59-306A-A152-BF221E7DFC9A}
	EndProjectSection
EndProject
Project("{8BC9CEB8-8B4A-11D0-8D11-00A0C91BC942}") = "SwFoundation", "Sources/src/SwFoundation/_project/SwFoundation.vcxproj", "{C799ECE7-9245-3029-9E11-D903FE958322}"
	ProjectSection(ProjectDependencies) = postProject
		{65D95174-FA98-3326-9A52-88EC7C59BF51} = {65D95174-FA98-3326-9A52-88EC7C59BF51}
		{3E97A314-9E59-306A-A152-BF221E7DFC9A} = {3E97A314-9E59-306A-A152-BF221E7DFC9A}
		{118A95A2-BD18-3F5E-95B0-4FF1995BCB87} = {118A95A2-BD18-3F5E-95B0-4FF1995BCB87}
		{2A489C9C-6523-31C2-90B0-B5F5206AC4F5} = {2A489C9C-6523-31C2-90B0-B5F5206AC4F5}
		{4B6EF567-C3C0-3A87-8248-DEFEB6B3DB53} = {4B6EF567-C3C0-3A87-8248-DEFEB6B3DB53}
		{40D4B5F4-75BD-3D30-9996-AE3C0192924B} = {40D4B5F4-75BD-3D30-9996-AE3C0192924B}
	EndProjectSection
EndProject
Project("{8BC9CEB8-8B4A-11D0-8D11-00A0C91BC942}") = "SwGenerator", "Sources/src/SwGenerator/_project/SwGenerator.vcxproj", "{81D3F981-DF07-39B7-AB2E-2655C35C5C76}"
	ProjectSection(ProjectDependencies) = postProject
		{65D95174-FA98-3326-9A52-88EC7C59BF51} = {65D95174-FA98-3326-9A52-88EC7C59BF51}
		{EDA18AD9-1F78-397C-83C3-ED85DB9CC2EC} = {EDA18AD9-1F78-397C-83C3-ED85DB9CC2EC}
	EndProjectSection
EndProject
Project("{8BC9CEB8-8B4A-11D0-8D11-00A0C91BC942}") = "SwGui", "Sources/src/SwGui/_project/SwGui.vcxproj", "{4B26A996-48F3-351B-9966-564A87B9DBE6}"
	ProjectSection(ProjectDependencies) = postProject
		{65D95174-FA98-3326-9A52-88EC7C59BF51} = {65D95174-FA98-3326-9A52-88EC7C59BF51}
		{3E97A314-9E59-306A-A152-BF221E7DFC9A} = {3E97A314-9E59-306A-A152-BF221E7DFC9A}
		{C799ECE7-9245-3029-9E11-D903FE958322} = {C799ECE7-9245-3029-9E11-D903FE958322}
		{4B6EF567-C3C0-3A87-8248-DEFEB6B3DB53} = {4B6EF567-C3C0-3A87-8248-DEFEB6B3DB53}
		{2A489C9C-6523-31C2-90B0-B5F5206AC4F5} = {2A489C9C-6523-31C2-90B0-B5F5206AC4F5}
		{118A95A2-BD18-3F5E-95B0-4FF1995BCB87} = {118A95A2-BD18-3F5E-95B0-4FF1995BCB87}
	EndProjectSection
EndProject
Project("{8BC9CEB8-8B4A-11D0-8D11-00A0C91BC942}") = "SwLauncher", "Sources/src/SwLauncher/_project/SwLauncher.vcxproj", "{EDB40707-F808-36F4-BEE7-396607110B01}"
	ProjectSection(ProjectDependencies) = postProject
		{65D95174-FA98-3326-9A52-88EC7C59BF51} = {65D95174-FA98-3326-9A52-88EC7C59BF51}
		{3E97A314-9E59-306A-A152-BF221E7DFC9A} = {3E97A314-9E59-306A-A152-BF221E7DFC9A}
	EndProjectSection
EndProject
Project("{8BC9CEB8-8B4A-11D0-8D11-00A0C91BC942}") = "SwModel2", "Sources/src/SwModel2/_project/SwModel2.vcxproj", "{75D74B96-E867-3566-9C20-0E8DE4B3FC04}"
	ProjectSection(ProjectDependencies) = postProject
		{65D95174-FA98-3326-9A52-88EC7C59BF51} = {65D95174-FA98-3326-9A52-88EC7C59BF51}
		{3E97A314-9E59-306A-A152-BF221E7DFC9A} = {3E97A314-9E59-306A-A152-BF221E7DFC9A}
		{118A95A2-BD18-3F5E-95B0-4FF1995BCB87} = {118A95A2-BD18-3F5E-95B0-4FF1995BCB87}
	EndProjectSection
EndProject
Project("{8BC9CEB8-8B4A-11D0-8D11-00A0C91BC942}") = "SwRecord", "Sources/src/SwRecord/_project/SwRecord.vcxproj", "{29BB52B6-47F0-3108-90F2-7278B7ECB6EA}"
	ProjectSection(ProjectDependencies) = postProject
		{65D95174-FA98-3326-9A52-88EC7C59BF51} = {65D95174-FA98-3326-9A52-88EC7C59BF51}
		{3E97A314-9E59-306A-A152-BF221E7DFC9A} = {3E97A314-9E59-306A-A152-BF221E7DFC9A}
		{C799ECE7-9245-3029-9E11-D903FE958322} = {C799ECE7-9245-3029-9E11-D903FE958322}
		{4D31D771-7C69-33CC-AF5E-A1FDD735312F} = {4D31D771-7C69-33CC-AF5E-A1FDD735312F}
		{4B26A996-48F3-351B-9966-564A87B9DBE6} = {4B26A996-48F3-351B-9966-564A87B9DBE6}
		{118A95A2-BD18-3F5E-95B0-4FF1995BCB87} = {118A95A2-BD18-3F5E-95B0-4FF1995BCB87}
		{2A489C9C-6523-31C2-90B0-B5F5206AC4F5} = {2A489C9C-6523-31C2-90B0-B5F5206AC4F5}
	EndProjectSection
EndProject
Project("{8BC9CEB8-8B4A-11D0-8D11-00A0C91BC942}") = "SwServiceAlert", "Sources/src/SwService/ServiceAlert/_project/SwServiceAlert.vcxproj", "{85ECB4C4-6EB2-3EA0-BA26-A4827E0E80AC}"
	ProjectSection(ProjectDependencies) = postProject
		{65D95174-FA98-3326-9A52-88EC7C59BF51} = {65D95174-FA98-3326-9A52-88EC7C59BF51}
		{BE0F982C-A193-3F2D-8AC5-6B778FCCADE9} = {BE0F982C-A193-3F2D-8AC5-6B778FCCADE9}
		{3E97A314-9E59-306A-A152-BF221E7DFC9A} = {3E97A314-9E59-306A-A152-BF221E7DFC9A}
		{118A95A2-BD18-3F5E-95B0-4FF1995BCB87} = {118A95A2-BD18-3F5E-95B0-4FF1995BCB87}
	EndProjectSection
EndProject
Project("{8BC9CEB8-8B4A-11D0-8D11-00A0C91BC942}") = "SwServiceConfiguration", "Sources/src/SwService/ServiceConfiguration/_project/SwServiceConfiguration.vcxproj", "{F0A223F0-8DEB-3B54-A155-C1E69FBDECCB}"
	ProjectSection(ProjectDependencies) = postProject
		{65D95174-FA98-3326-9A52-88EC7C59BF51} = {65D95174-FA98-3326-9A52-88EC7C59BF51}
		{3E97A314-9E59-306A-A152-BF221E7DFC9A} = {3E97A314-9E59-306A-A152-BF221E7DFC9A}
	EndProjectSection
EndProject
Project("{8BC9CEB8-8B4A-11D0-8D11-00A0C91BC942}") = "SwServiceShortcut", "Sources/src/SwService/ServiceShortcut/_project/SwServiceShortcut.vcxproj", "{2A489C9C-6523-31C2-90B0-B5F5206AC4F5}"
	ProjectSection(ProjectDependencies) = postProject
		{65D95174-FA98-3326-9A52-88EC7C59BF51} = {65D95174-FA98-3326-9A52-88EC7C59BF51}
		{3E97A314-9E59-306A-A152-BF221E7DFC9A} = {3E97A314-9E59-306A-A152-BF221E7DFC9A}
	EndProjectSection
EndProject
Project("{8BC9CEB8-8B4A-11D0-8D11-00A0C91BC942}") = "SwServiceTools", "Sources/src/SwService/ServiceTools/_project/SwServiceTools.vcxproj", "{4B6EF567-C3C0-3A87-8248-DEFEB6B3DB53}"
	ProjectSection(ProjectDependencies) = postProject
		{65D95174-FA98-3326-9A52-88EC7C59BF51} = {65D95174-FA98-3326-9A52-88EC7C59BF51}
		{3E97A314-9E59-306A-A152-BF221E7DFC9A} = {3E97A314-9E59-306A-A152-BF221E7DFC9A}
	EndProjectSection
EndProject
Project("{8BC9CEB8-8B4A-11D0-8D11-00A0C91BC942}") = "SwServiceUnitSI", "Sources/src/SwService/ServiceUnitSI/_project/SwServiceUnitSI.vcxproj", "{40D4B5F4-75BD-3D30-9996-AE3C0192924B}"
	ProjectSection(ProjectDependencies) = postProject
		{65D95174-FA98-3326-9A52-88EC7C59BF51} = {65D95174-FA98-3326-9A52-88EC7C59BF51}
		{3E97A314-9E59-306A-A152-BF221E7DFC9A} = {3E97A314-9E59-306A-A152-BF221E7DFC9A}
		{580E632F-7E24-36DB-8BCB-59E2CA4DB048} = {580E632F-7E24-36DB-8BCB-59E2CA4DB048}
	EndProjectSection
EndProject



Global
	GlobalSection(SolutionConfigurationPlatforms) = preSolution
		Debug|Win32 = Debug|Win32
		Release|Win32 = Release|Win32
	EndGlobalSection
	GlobalSection(ProjectConfigurationPlatforms) = postSolution
	{BE0F982C-A193-3F2D-8AC5-6B778FCCADE9}.Debug|Win32.ActiveCfg = Debug|Win32
	{BE0F982C-A193-3F2D-8AC5-6B778FCCADE9}.Debug|Win32.Build.0 = Debug|Win32
	{BE0F982C-A193-3F2D-8AC5-6B778FCCADE9}.Release|Win32.ActiveCfg = Release|Win32
	{BE0F982C-A193-3F2D-8AC5-6B778FCCADE9}.Release|Win32.Build.0 = Release|Win32
	{580E632F-7E24-36DB-8BCB-59E2CA4DB048}.Debug|Win32.ActiveCfg = Debug|Win32
	{580E632F-7E24-36DB-8BCB-59E2CA4DB048}.Debug|Win32.Build.0 = Debug|Win32
	{580E632F-7E24-36DB-8BCB-59E2CA4DB048}.Release|Win32.ActiveCfg = Release|Win32
	{580E632F-7E24-36DB-8BCB-59E2CA4DB048}.Release|Win32.Build.0 = Release|Win32
	{EDA18AD9-1F78-397C-83C3-ED85DB9CC2EC}.Debug|Win32.ActiveCfg = Debug|Win32
	{EDA18AD9-1F78-397C-83C3-ED85DB9CC2EC}.Debug|Win32.Build.0 = Debug|Win32
	{EDA18AD9-1F78-397C-83C3-ED85DB9CC2EC}.Release|Win32.ActiveCfg = Release|Win32
	{EDA18AD9-1F78-397C-83C3-ED85DB9CC2EC}.Release|Win32.Build.0 = Release|Win32
	{F2FA41A1-8827-3817-A9DF-14F752A3B4B1}.Debug|Win32.ActiveCfg = Debug|Win32
	{F2FA41A1-8827-3817-A9DF-14F752A3B4B1}.Debug|Win32.Build.0 = Debug|Win32
	{F2FA41A1-8827-3817-A9DF-14F752A3B4B1}.Release|Win32.ActiveCfg = Release|Win32
	{F2FA41A1-8827-3817-A9DF-14F752A3B4B1}.Release|Win32.Build.0 = Release|Win32
	{65D95174-FA98-3326-9A52-88EC7C59BF51}.Debug|Win32.ActiveCfg = Debug|Win32
	{65D95174-FA98-3326-9A52-88EC7C59BF51}.Debug|Win32.Build.0 = Debug|Win32
	{65D95174-FA98-3326-9A52-88EC7C59BF51}.Release|Win32.ActiveCfg = Release|Win32
	{65D95174-FA98-3326-9A52-88EC7C59BF51}.Release|Win32.Build.0 = Release|Win32
	{2F253A97-9AFD-3411-BF13-D4E10D3DC878}.Debug|Win32.ActiveCfg = Debug|Win32
	{2F253A97-9AFD-3411-BF13-D4E10D3DC878}.Debug|Win32.Build.0 = Debug|Win32
	{2F253A97-9AFD-3411-BF13-D4E10D3DC878}.Release|Win32.ActiveCfg = Release|Win32
	{2F253A97-9AFD-3411-BF13-D4E10D3DC878}.Release|Win32.Build.0 = Release|Win32
	{4D31D771-7C69-33CC-AF5E-A1FDD735312F}.Debug|Win32.ActiveCfg = Debug|Win32
	{4D31D771-7C69-33CC-AF5E-A1FDD735312F}.Debug|Win32.Build.0 = Debug|Win32
	{4D31D771-7C69-33CC-AF5E-A1FDD735312F}.Release|Win32.ActiveCfg = Release|Win32
	{4D31D771-7C69-33CC-AF5E-A1FDD735312F}.Release|Win32.Build.0 = Release|Win32
	{3E97A314-9E59-306A-A152-BF221E7DFC9A}.Debug|Win32.ActiveCfg = Debug|Win32
	{3E97A314-9E59-306A-A152-BF221E7DFC9A}.Debug|Win32.Build.0 = Debug|Win32
	{3E97A314-9E59-306A-A152-BF221E7DFC9A}.Release|Win32.ActiveCfg = Release|Win32
	{3E97A314-9E59-306A-A152-BF221E7DFC9A}.Release|Win32.Build.0 = Release|Win32
	{464FBDDF-057C-35F5-A944-E21AF501841F}.Debug|Win32.ActiveCfg = Debug|Win32
	{464FBDDF-057C-35F5-A944-E21AF501841F}.Debug|Win32.Build.0 = Debug|Win32
	{464FBDDF-057C-35F5-A944-E21AF501841F}.Release|Win32.ActiveCfg = Release|Win32
	{464FBDDF-057C-35F5-A944-E21AF501841F}.Release|Win32.Build.0 = Release|Win32
	{AB63C2AB-BC3F-3D42-AAEA-BFD0F27564D1}.Debug|Win32.ActiveCfg = Debug|Win32
	{AB63C2AB-BC3F-3D42-AAEA-BFD0F27564D1}.Debug|Win32.Build.0 = Debug|Win32
	{AB63C2AB-BC3F-3D42-AAEA-BFD0F27564D1}.Release|Win32.ActiveCfg = Release|Win32
	{AB63C2AB-BC3F-3D42-AAEA-BFD0F27564D1}.Release|Win32.Build.0 = Release|Win32
	{8FD6D2E0-4F60-30BA-979A-4615556177BC}.Debug|Win32.ActiveCfg = Debug|Win32
	{8FD6D2E0-4F60-30BA-979A-4615556177BC}.Debug|Win32.Build.0 = Debug|Win32
	{8FD6D2E0-4F60-30BA-979A-4615556177BC}.Release|Win32.ActiveCfg = Release|Win32
	{8FD6D2E0-4F60-30BA-979A-4615556177BC}.Release|Win32.Build.0 = Release|Win32
	{118A95A2-BD18-3F5E-95B0-4FF1995BCB87}.Debug|Win32.ActiveCfg = Debug|Win32
	{118A95A2-BD18-3F5E-95B0-4FF1995BCB87}.Debug|Win32.Build.0 = Debug|Win32
	{118A95A2-BD18-3F5E-95B0-4FF1995BCB87}.Release|Win32.ActiveCfg = Release|Win32
	{118A95A2-BD18-3F5E-95B0-4FF1995BCB87}.Release|Win32.Build.0 = Release|Win32
	{C799ECE7-9245-3029-9E11-D903FE958322}.Debug|Win32.ActiveCfg = Debug|Win32
	{C799ECE7-9245-3029-9E11-D903FE958322}.Debug|Win32.Build.0 = Debug|Win32
	{C799ECE7-9245-3029-9E11-D903FE958322}.Release|Win32.ActiveCfg = Release|Win32
	{C799ECE7-9245-3029-9E11-D903FE958322}.Release|Win32.Build.0 = Release|Win32
	{81D3F981-DF07-39B7-AB2E-2655C35C5C76}.Debug|Win32.ActiveCfg = Debug|Win32
	{81D3F981-DF07-39B7-AB2E-2655C35C5C76}.Debug|Win32.Build.0 = Debug|Win32
	{81D3F981-DF07-39B7-AB2E-2655C35C5C76}.Release|Win32.ActiveCfg = Release|Win32
	{81D3F981-DF07-39B7-AB2E-2655C35C5C76}.Release|Win32.Build.0 = Release|Win32
	{4B26A996-48F3-351B-9966-564A87B9DBE6}.Debug|Win32.ActiveCfg = Debug|Win32
	{4B26A996-48F3-351B-9966-564A87B9DBE6}.Debug|Win32.Build.0 = Debug|Win32
	{4B26A996-48F3-351B-9966-564A87B9DBE6}.Release|Win32.ActiveCfg = Release|Win32
	{4B26A996-48F3-351B-9966-564A87B9DBE6}.Release|Win32.Build.0 = Release|Win32
	{EDB40707-F808-36F4-BEE7-396607110B01}.Debug|Win32.ActiveCfg = Debug|Win32
	{EDB40707-F808-36F4-BEE7-396607110B01}.Debug|Win32.Build.0 = Debug|Win32
	{EDB40707-F808-36F4-BEE7-396607110B01}.Release|Win32.ActiveCfg = Release|Win32
	{EDB40707-F808-36F4-BEE7-396607110B01}.Release|Win32.Build.0 = Release|Win32
	{75D74B96-E867-3566-9C20-0E8DE4B3FC04}.Debug|Win32.ActiveCfg = Debug|Win32
	{75D74B96-E867-3566-9C20-0E8DE4B3FC04}.Debug|Win32.Build.0 = Debug|Win32
	{75D74B96-E867-3566-9C20-0E8DE4B3FC04}.Release|Win32.ActiveCfg = Release|Win32
	{75D74B96-E867-3566-9C20-0E8DE4B3FC04}.Release|Win32.Build.0 = Release|Win32
	{29BB52B6-47F0-3108-90F2-7278B7ECB6EA}.Debug|Win32.ActiveCfg = Debug|Win32
	{29BB52B6-47F0-3108-90F2-7278B7ECB6EA}.Debug|Win32.Build.0 = Debug|Win32
	{29BB52B6-47F0-3108-90F2-7278B7ECB6EA}.Release|Win32.ActiveCfg = Release|Win32
	{29BB52B6-47F0-3108-90F2-7278B7ECB6EA}.Release|Win32.Build.0 = Release|Win32
	{85ECB4C4-6EB2-3EA0-BA26-A4827E0E80AC}.Debug|Win32.ActiveCfg = Debug|Win32
	{85ECB4C4-6EB2-3EA0-BA26-A4827E0E80AC}.Debug|Win32.Build.0 = Debug|Win32
	{85ECB4C4-6EB2-3EA0-BA26-A4827E0E80AC}.Release|Win32.ActiveCfg = Release|Win32
	{85ECB4C4-6EB2-3EA0-BA26-A4827E0E80AC}.Release|Win32.Build.0 = Release|Win32
	{F0A223F0-8DEB-3B54-A155-C1E69FBDECCB}.Debug|Win32.ActiveCfg = Debug|Win32
	{F0A223F0-8DEB-3B54-A155-C1E69FBDECCB}.Debug|Win32.Build.0 = Debug|Win32
	{F0A223F0-8DEB-3B54-A155-C1E69FBDECCB}.Release|Win32.ActiveCfg = Release|Win32
	{F0A223F0-8DEB-3B54-A155-C1E69FBDECCB}.Release|Win32.Build.0 = Release|Win32
	{2A489C9C-6523-31C2-90B0-B5F5206AC4F5}.Debug|Win32.ActiveCfg = Debug|Win32
	{2A489C9C-6523-31C2-90B0-B5F5206AC4F5}.Debug|Win32.Build.0 = Debug|Win32
	{2A489C9C-6523-31C2-90B0-B5F5206AC4F5}.Release|Win32.ActiveCfg = Release|Win32
	{2A489C9C-6523-31C2-90B0-B5F5206AC4F5}.Release|Win32.Build.0 = Release|Win32
	{4B6EF567-C3C0-3A87-8248-DEFEB6B3DB53}.Debug|Win32.ActiveCfg = Debug|Win32
	{4B6EF567-C3C0-3A87-8248-DEFEB6B3DB53}.Debug|Win32.Build.0 = Debug|Win32
	{4B6EF567-C3C0-3A87-8248-DEFEB6B3DB53}.Release|Win32.ActiveCfg = Release|Win32
	{4B6EF567-C3C0-3A87-8248-DEFEB6B3DB53}.Release|Win32.Build.0 = Release|Win32
	{40D4B5F4-75BD-3D30-9996-AE3C0192924B}.Debug|Win32.ActiveCfg = Debug|Win32
	{40D4B5F4-75BD-3D30-9996-AE3C0192924B}.Debug|Win32.Build.0 = Debug|Win32
	{40D4B5F4-75BD-3D30-9996-AE3C0192924B}.Release|Win32.ActiveCfg = Release|Win32
	{40D4B5F4-75BD-3D30-9996-AE3C0192924B}.Release|Win32.Build.0 = Release|Win32
	EndGlobalSection
	GlobalSection(SolutionProperties) = preSolution
		HideSolutionNode = FALSE
	EndGlobalSection
	GlobalSection(NestedProjects) = preSolution
		
	EndGlobalSection
EndGlobal
