Microsoft Visual Studio Solution File, Format Version 12.00
# Visual Studio 2013
VisualStudioVersion = 12.0.31101.0
MinimumVisualStudioVersion = 10.0.40219.1
Project("{8BC9CEB8-8B4A-11D0-8D11-00A0C91BC942}") = "StreamWorkEditor2", "Sources/src/StreamWorkEditor2/_project/StreamWorkEditor2.vcxproj", "{62BB2B37-8567-37D8-AFA9-BEF57941C339}"
	ProjectSection(ProjectDependencies) = postProject
		{F9A8CCB9-4A7F-3044-9E42-D498F4B2C242} = {F9A8CCB9-4A7F-3044-9E42-D498F4B2C242}
		{803CBB2D-E6D5-3672-817A-4FB17E210913} = {803CBB2D-E6D5-3672-817A-4FB17E210913}
		{8BD149F2-744E-33F2-B1A1-6219C37F9DE3} = {8BD149F2-744E-33F2-B1A1-6219C37F9DE3}
		{91D59684-E5C3-37BE-8ABE-A5EA563C9869} = {91D59684-E5C3-37BE-8ABE-A5EA563C9869}
		{B0A4EB5B-2E25-3816-B3A6-27456DD1B85E} = {B0A4EB5B-2E25-3816-B3A6-27456DD1B85E}
		{175BF689-33AE-3698-B4AE-B50FC1F59D0D} = {175BF689-33AE-3698-B4AE-B50FC1F59D0D}
		{BB2FD2B3-4F19-3458-B6DA-509D5EC8D7A6} = {BB2FD2B3-4F19-3458-B6DA-509D5EC8D7A6}
		{9A77BEFC-4285-3527-9EDB-CE1C5740E18C} = {9A77BEFC-4285-3527-9EDB-CE1C5740E18C}
		{989EFF6D-AA2D-3700-B036-835FDFDA4D23} = {989EFF6D-AA2D-3700-B036-835FDFDA4D23}
		{21113255-3EB2-3110-AA0B-009BBCC54F6C} = {21113255-3EB2-3110-AA0B-009BBCC54F6C}
	EndProjectSection
EndProject
Project("{8BC9CEB8-8B4A-11D0-8D11-00A0C91BC942}") = "SwConfiguration", "Sources/src/SwConfiguration/_project/SwConfiguration.vcxproj", "{EB923CAF-8CBF-374D-BAA8-9C244A7C8AD1}"
	ProjectSection(ProjectDependencies) = postProject
		{F9A8CCB9-4A7F-3044-9E42-D498F4B2C242} = {F9A8CCB9-4A7F-3044-9E42-D498F4B2C242}
		{B0A4EB5B-2E25-3816-B3A6-27456DD1B85E} = {B0A4EB5B-2E25-3816-B3A6-27456DD1B85E}
		{803CBB2D-E6D5-3672-817A-4FB17E210913} = {803CBB2D-E6D5-3672-817A-4FB17E210913}
		{989EFF6D-AA2D-3700-B036-835FDFDA4D23} = {989EFF6D-AA2D-3700-B036-835FDFDA4D23}
	EndProjectSection
EndProject
Project("{8BC9CEB8-8B4A-11D0-8D11-00A0C91BC942}") = "SwCore", "Sources/src/SwCore/_project/SwCore.vcxproj", "{F9A8CCB9-4A7F-3044-9E42-D498F4B2C242}"

EndProject
Project("{8BC9CEB8-8B4A-11D0-8D11-00A0C91BC942}") = "SwDataBase", "Sources/src/SwDataBase/_project/SwDataBase.vcxproj", "{0A90DE31-CEBE-3E16-A040-55B0EF895541}"
	ProjectSection(ProjectDependencies) = postProject
		{F9A8CCB9-4A7F-3044-9E42-D498F4B2C242} = {F9A8CCB9-4A7F-3044-9E42-D498F4B2C242}
		{B0A4EB5B-2E25-3816-B3A6-27456DD1B85E} = {B0A4EB5B-2E25-3816-B3A6-27456DD1B85E}
	EndProjectSection
EndProject
Project("{8BC9CEB8-8B4A-11D0-8D11-00A0C91BC942}") = "SwDoc", "Sources/src/SwDoc/_project/SwDoc.vcxproj", "{8BD149F2-744E-33F2-B1A1-6219C37F9DE3}"
	ProjectSection(ProjectDependencies) = postProject
		{F9A8CCB9-4A7F-3044-9E42-D498F4B2C242} = {F9A8CCB9-4A7F-3044-9E42-D498F4B2C242}
	EndProjectSection
EndProject
Project("{8BC9CEB8-8B4A-11D0-8D11-00A0C91BC942}") = "SwEditor", "Sources/src/SwEditor/_project/SwEditor.vcxproj", "{175BF689-33AE-3698-B4AE-B50FC1F59D0D}"
	ProjectSection(ProjectDependencies) = postProject
		{F9A8CCB9-4A7F-3044-9E42-D498F4B2C242} = {F9A8CCB9-4A7F-3044-9E42-D498F4B2C242}
		{803CBB2D-E6D5-3672-817A-4FB17E210913} = {803CBB2D-E6D5-3672-817A-4FB17E210913}
		{B0A4EB5B-2E25-3816-B3A6-27456DD1B85E} = {B0A4EB5B-2E25-3816-B3A6-27456DD1B85E}
	EndProjectSection
EndProject
Project("{8BC9CEB8-8B4A-11D0-8D11-00A0C91BC942}") = "SwExecution", "Sources/src/SwExecution/_project/SwExecution.vcxproj", "{B0A4EB5B-2E25-3816-B3A6-27456DD1B85E}"
	ProjectSection(ProjectDependencies) = postProject
		{F9A8CCB9-4A7F-3044-9E42-D498F4B2C242} = {F9A8CCB9-4A7F-3044-9E42-D498F4B2C242}
	EndProjectSection
EndProject
Project("{8BC9CEB8-8B4A-11D0-8D11-00A0C91BC942}") = "SwFoundation", "Sources/src/SwFoundation/_project/SwFoundation.vcxproj", "{28FE2024-5541-32DC-85B3-0C0491835879}"
	ProjectSection(ProjectDependencies) = postProject
		{F9A8CCB9-4A7F-3044-9E42-D498F4B2C242} = {F9A8CCB9-4A7F-3044-9E42-D498F4B2C242}
		{B0A4EB5B-2E25-3816-B3A6-27456DD1B85E} = {B0A4EB5B-2E25-3816-B3A6-27456DD1B85E}
		{9A77BEFC-4285-3527-9EDB-CE1C5740E18C} = {9A77BEFC-4285-3527-9EDB-CE1C5740E18C}
		{BB2FD2B3-4F19-3458-B6DA-509D5EC8D7A6} = {BB2FD2B3-4F19-3458-B6DA-509D5EC8D7A6}
	EndProjectSection
EndProject
Project("{8BC9CEB8-8B4A-11D0-8D11-00A0C91BC942}") = "SwGenerator", "Sources/src/SwGenerator/_project/SwGenerator.vcxproj", "{FFCC0CE6-E65F-31A0-8B72-8916CAB34482}"

EndProject
Project("{8BC9CEB8-8B4A-11D0-8D11-00A0C91BC942}") = "SwGui", "Sources/src/SwGui/_project/SwGui.vcxproj", "{803CBB2D-E6D5-3672-817A-4FB17E210913}"
	ProjectSection(ProjectDependencies) = postProject
		{F9A8CCB9-4A7F-3044-9E42-D498F4B2C242} = {F9A8CCB9-4A7F-3044-9E42-D498F4B2C242}
		{28FE2024-5541-32DC-85B3-0C0491835879} = {28FE2024-5541-32DC-85B3-0C0491835879}
		{BB2FD2B3-4F19-3458-B6DA-509D5EC8D7A6} = {BB2FD2B3-4F19-3458-B6DA-509D5EC8D7A6}
		{9A77BEFC-4285-3527-9EDB-CE1C5740E18C} = {9A77BEFC-4285-3527-9EDB-CE1C5740E18C}
		{B0A4EB5B-2E25-3816-B3A6-27456DD1B85E} = {B0A4EB5B-2E25-3816-B3A6-27456DD1B85E}
	EndProjectSection
EndProject
Project("{8BC9CEB8-8B4A-11D0-8D11-00A0C91BC942}") = "SwLauncher", "Sources/src/SwLauncher/_project/SwLauncher.vcxproj", "{8AEB5415-952A-315E-B681-604C24C19CDF}"
	ProjectSection(ProjectDependencies) = postProject
		{F9A8CCB9-4A7F-3044-9E42-D498F4B2C242} = {F9A8CCB9-4A7F-3044-9E42-D498F4B2C242}
	EndProjectSection
EndProject
Project("{8BC9CEB8-8B4A-11D0-8D11-00A0C91BC942}") = "SwModel2", "Sources/src/SwModel2/_project/SwModel2.vcxproj", "{91D59684-E5C3-37BE-8ABE-A5EA563C9869}"
	ProjectSection(ProjectDependencies) = postProject
		{F9A8CCB9-4A7F-3044-9E42-D498F4B2C242} = {F9A8CCB9-4A7F-3044-9E42-D498F4B2C242}
		{B0A4EB5B-2E25-3816-B3A6-27456DD1B85E} = {B0A4EB5B-2E25-3816-B3A6-27456DD1B85E}
	EndProjectSection
EndProject
Project("{8BC9CEB8-8B4A-11D0-8D11-00A0C91BC942}") = "SwRecord", "Sources/src/SwRecord/_project/SwRecord.vcxproj", "{423403E2-4ABD-3B05-8FCE-B86004F7DE28}"
	ProjectSection(ProjectDependencies) = postProject
		{F9A8CCB9-4A7F-3044-9E42-D498F4B2C242} = {F9A8CCB9-4A7F-3044-9E42-D498F4B2C242}
		{28FE2024-5541-32DC-85B3-0C0491835879} = {28FE2024-5541-32DC-85B3-0C0491835879}
		{EB923CAF-8CBF-374D-BAA8-9C244A7C8AD1} = {EB923CAF-8CBF-374D-BAA8-9C244A7C8AD1}
		{803CBB2D-E6D5-3672-817A-4FB17E210913} = {803CBB2D-E6D5-3672-817A-4FB17E210913}
		{B0A4EB5B-2E25-3816-B3A6-27456DD1B85E} = {B0A4EB5B-2E25-3816-B3A6-27456DD1B85E}
		{9A77BEFC-4285-3527-9EDB-CE1C5740E18C} = {9A77BEFC-4285-3527-9EDB-CE1C5740E18C}
	EndProjectSection
EndProject
Project("{8BC9CEB8-8B4A-11D0-8D11-00A0C91BC942}") = "SwServiceAlert", "Sources/src/SwService/ServiceAlert/_project/SwServiceAlert.vcxproj", "{5649EA66-985A-37FB-A0BA-59D34CD88F0A}"
	ProjectSection(ProjectDependencies) = postProject
		{F9A8CCB9-4A7F-3044-9E42-D498F4B2C242} = {F9A8CCB9-4A7F-3044-9E42-D498F4B2C242}
		{B0A4EB5B-2E25-3816-B3A6-27456DD1B85E} = {B0A4EB5B-2E25-3816-B3A6-27456DD1B85E}
	EndProjectSection
EndProject
Project("{8BC9CEB8-8B4A-11D0-8D11-00A0C91BC942}") = "SwServiceConfiguration", "Sources/src/SwService/ServiceConfiguration/_project/SwServiceConfiguration.vcxproj", "{989EFF6D-AA2D-3700-B036-835FDFDA4D23}"
	ProjectSection(ProjectDependencies) = postProject
		{F9A8CCB9-4A7F-3044-9E42-D498F4B2C242} = {F9A8CCB9-4A7F-3044-9E42-D498F4B2C242}
	EndProjectSection
EndProject
Project("{8BC9CEB8-8B4A-11D0-8D11-00A0C91BC942}") = "SwServiceShortcut", "Sources/src/SwService/ServiceShortcut/_project/SwServiceShortcut.vcxproj", "{9A77BEFC-4285-3527-9EDB-CE1C5740E18C}"
	ProjectSection(ProjectDependencies) = postProject
		{F9A8CCB9-4A7F-3044-9E42-D498F4B2C242} = {F9A8CCB9-4A7F-3044-9E42-D498F4B2C242}
	EndProjectSection
EndProject
Project("{8BC9CEB8-8B4A-11D0-8D11-00A0C91BC942}") = "SwServiceTools", "Sources/src/SwService/ServiceTools/_project/SwServiceTools.vcxproj", "{BB2FD2B3-4F19-3458-B6DA-509D5EC8D7A6}"
	ProjectSection(ProjectDependencies) = postProject
		{F9A8CCB9-4A7F-3044-9E42-D498F4B2C242} = {F9A8CCB9-4A7F-3044-9E42-D498F4B2C242}
	EndProjectSection
EndProject
Project("{8BC9CEB8-8B4A-11D0-8D11-00A0C91BC942}") = "SwServiceUnitSI", "Sources/src/SwService/ServiceUnitSI/_project/SwServiceUnitSI.vcxproj", "{21113255-3EB2-3110-AA0B-009BBCC54F6C}"
	ProjectSection(ProjectDependencies) = postProject
		{F9A8CCB9-4A7F-3044-9E42-D498F4B2C242} = {F9A8CCB9-4A7F-3044-9E42-D498F4B2C242}
		{28FE2024-5541-32DC-85B3-0C0491835879} = {28FE2024-5541-32DC-85B3-0C0491835879}
		{B0A4EB5B-2E25-3816-B3A6-27456DD1B85E} = {B0A4EB5B-2E25-3816-B3A6-27456DD1B85E}
		{9A77BEFC-4285-3527-9EDB-CE1C5740E18C} = {9A77BEFC-4285-3527-9EDB-CE1C5740E18C}
		{BB2FD2B3-4F19-3458-B6DA-509D5EC8D7A6} = {BB2FD2B3-4F19-3458-B6DA-509D5EC8D7A6}
	EndProjectSection
EndProject


Global
	GlobalSection(SolutionConfigurationPlatforms) = preSolution
		Debug|Win32 = Debug|Win32
		Release|Win32 = Release|Win32
	EndGlobalSection
	GlobalSection(ProjectConfigurationPlatforms) = postSolution
	{62BB2B37-8567-37D8-AFA9-BEF57941C339}.Debug|Win32.ActiveCfg = Debug|Win32
	{62BB2B37-8567-37D8-AFA9-BEF57941C339}.Debug|Win32.Build.0 = Debug|Win32
	{62BB2B37-8567-37D8-AFA9-BEF57941C339}.Release|Win32.ActiveCfg = Release|Win32
	{62BB2B37-8567-37D8-AFA9-BEF57941C339}.Release|Win32.Build.0 = Release|Win32
	{EB923CAF-8CBF-374D-BAA8-9C244A7C8AD1}.Debug|Win32.ActiveCfg = Debug|Win32
	{EB923CAF-8CBF-374D-BAA8-9C244A7C8AD1}.Debug|Win32.Build.0 = Debug|Win32
	{EB923CAF-8CBF-374D-BAA8-9C244A7C8AD1}.Release|Win32.ActiveCfg = Release|Win32
	{EB923CAF-8CBF-374D-BAA8-9C244A7C8AD1}.Release|Win32.Build.0 = Release|Win32
	{F9A8CCB9-4A7F-3044-9E42-D498F4B2C242}.Debug|Win32.ActiveCfg = Debug|Win32
	{F9A8CCB9-4A7F-3044-9E42-D498F4B2C242}.Debug|Win32.Build.0 = Debug|Win32
	{F9A8CCB9-4A7F-3044-9E42-D498F4B2C242}.Release|Win32.ActiveCfg = Release|Win32
	{F9A8CCB9-4A7F-3044-9E42-D498F4B2C242}.Release|Win32.Build.0 = Release|Win32
	{0A90DE31-CEBE-3E16-A040-55B0EF895541}.Debug|Win32.ActiveCfg = Debug|Win32
	{0A90DE31-CEBE-3E16-A040-55B0EF895541}.Debug|Win32.Build.0 = Debug|Win32
	{0A90DE31-CEBE-3E16-A040-55B0EF895541}.Release|Win32.ActiveCfg = Release|Win32
	{0A90DE31-CEBE-3E16-A040-55B0EF895541}.Release|Win32.Build.0 = Release|Win32
	{8BD149F2-744E-33F2-B1A1-6219C37F9DE3}.Debug|Win32.ActiveCfg = Debug|Win32
	{8BD149F2-744E-33F2-B1A1-6219C37F9DE3}.Debug|Win32.Build.0 = Debug|Win32
	{8BD149F2-744E-33F2-B1A1-6219C37F9DE3}.Release|Win32.ActiveCfg = Release|Win32
	{8BD149F2-744E-33F2-B1A1-6219C37F9DE3}.Release|Win32.Build.0 = Release|Win32
	{175BF689-33AE-3698-B4AE-B50FC1F59D0D}.Debug|Win32.ActiveCfg = Debug|Win32
	{175BF689-33AE-3698-B4AE-B50FC1F59D0D}.Debug|Win32.Build.0 = Debug|Win32
	{175BF689-33AE-3698-B4AE-B50FC1F59D0D}.Release|Win32.ActiveCfg = Release|Win32
	{175BF689-33AE-3698-B4AE-B50FC1F59D0D}.Release|Win32.Build.0 = Release|Win32
	{B0A4EB5B-2E25-3816-B3A6-27456DD1B85E}.Debug|Win32.ActiveCfg = Debug|Win32
	{B0A4EB5B-2E25-3816-B3A6-27456DD1B85E}.Debug|Win32.Build.0 = Debug|Win32
	{B0A4EB5B-2E25-3816-B3A6-27456DD1B85E}.Release|Win32.ActiveCfg = Release|Win32
	{B0A4EB5B-2E25-3816-B3A6-27456DD1B85E}.Release|Win32.Build.0 = Release|Win32
	{28FE2024-5541-32DC-85B3-0C0491835879}.Debug|Win32.ActiveCfg = Debug|Win32
	{28FE2024-5541-32DC-85B3-0C0491835879}.Debug|Win32.Build.0 = Debug|Win32
	{28FE2024-5541-32DC-85B3-0C0491835879}.Release|Win32.ActiveCfg = Release|Win32
	{28FE2024-5541-32DC-85B3-0C0491835879}.Release|Win32.Build.0 = Release|Win32
	{FFCC0CE6-E65F-31A0-8B72-8916CAB34482}.Debug|Win32.ActiveCfg = Debug|Win32
	{FFCC0CE6-E65F-31A0-8B72-8916CAB34482}.Debug|Win32.Build.0 = Debug|Win32
	{FFCC0CE6-E65F-31A0-8B72-8916CAB34482}.Release|Win32.ActiveCfg = Release|Win32
	{FFCC0CE6-E65F-31A0-8B72-8916CAB34482}.Release|Win32.Build.0 = Release|Win32
	{803CBB2D-E6D5-3672-817A-4FB17E210913}.Debug|Win32.ActiveCfg = Debug|Win32
	{803CBB2D-E6D5-3672-817A-4FB17E210913}.Debug|Win32.Build.0 = Debug|Win32
	{803CBB2D-E6D5-3672-817A-4FB17E210913}.Release|Win32.ActiveCfg = Release|Win32
	{803CBB2D-E6D5-3672-817A-4FB17E210913}.Release|Win32.Build.0 = Release|Win32
	{8AEB5415-952A-315E-B681-604C24C19CDF}.Debug|Win32.ActiveCfg = Debug|Win32
	{8AEB5415-952A-315E-B681-604C24C19CDF}.Debug|Win32.Build.0 = Debug|Win32
	{8AEB5415-952A-315E-B681-604C24C19CDF}.Release|Win32.ActiveCfg = Release|Win32
	{8AEB5415-952A-315E-B681-604C24C19CDF}.Release|Win32.Build.0 = Release|Win32
	{91D59684-E5C3-37BE-8ABE-A5EA563C9869}.Debug|Win32.ActiveCfg = Debug|Win32
	{91D59684-E5C3-37BE-8ABE-A5EA563C9869}.Debug|Win32.Build.0 = Debug|Win32
	{91D59684-E5C3-37BE-8ABE-A5EA563C9869}.Release|Win32.ActiveCfg = Release|Win32
	{91D59684-E5C3-37BE-8ABE-A5EA563C9869}.Release|Win32.Build.0 = Release|Win32
	{423403E2-4ABD-3B05-8FCE-B86004F7DE28}.Debug|Win32.ActiveCfg = Debug|Win32
	{423403E2-4ABD-3B05-8FCE-B86004F7DE28}.Debug|Win32.Build.0 = Debug|Win32
	{423403E2-4ABD-3B05-8FCE-B86004F7DE28}.Release|Win32.ActiveCfg = Release|Win32
	{423403E2-4ABD-3B05-8FCE-B86004F7DE28}.Release|Win32.Build.0 = Release|Win32
	{5649EA66-985A-37FB-A0BA-59D34CD88F0A}.Debug|Win32.ActiveCfg = Debug|Win32
	{5649EA66-985A-37FB-A0BA-59D34CD88F0A}.Debug|Win32.Build.0 = Debug|Win32
	{5649EA66-985A-37FB-A0BA-59D34CD88F0A}.Release|Win32.ActiveCfg = Release|Win32
	{5649EA66-985A-37FB-A0BA-59D34CD88F0A}.Release|Win32.Build.0 = Release|Win32
	{989EFF6D-AA2D-3700-B036-835FDFDA4D23}.Debug|Win32.ActiveCfg = Debug|Win32
	{989EFF6D-AA2D-3700-B036-835FDFDA4D23}.Debug|Win32.Build.0 = Debug|Win32
	{989EFF6D-AA2D-3700-B036-835FDFDA4D23}.Release|Win32.ActiveCfg = Release|Win32
	{989EFF6D-AA2D-3700-B036-835FDFDA4D23}.Release|Win32.Build.0 = Release|Win32
	{9A77BEFC-4285-3527-9EDB-CE1C5740E18C}.Debug|Win32.ActiveCfg = Debug|Win32
	{9A77BEFC-4285-3527-9EDB-CE1C5740E18C}.Debug|Win32.Build.0 = Debug|Win32
	{9A77BEFC-4285-3527-9EDB-CE1C5740E18C}.Release|Win32.ActiveCfg = Release|Win32
	{9A77BEFC-4285-3527-9EDB-CE1C5740E18C}.Release|Win32.Build.0 = Release|Win32
	{BB2FD2B3-4F19-3458-B6DA-509D5EC8D7A6}.Debug|Win32.ActiveCfg = Debug|Win32
	{BB2FD2B3-4F19-3458-B6DA-509D5EC8D7A6}.Debug|Win32.Build.0 = Debug|Win32
	{BB2FD2B3-4F19-3458-B6DA-509D5EC8D7A6}.Release|Win32.ActiveCfg = Release|Win32
	{BB2FD2B3-4F19-3458-B6DA-509D5EC8D7A6}.Release|Win32.Build.0 = Release|Win32
	{21113255-3EB2-3110-AA0B-009BBCC54F6C}.Debug|Win32.ActiveCfg = Debug|Win32
	{21113255-3EB2-3110-AA0B-009BBCC54F6C}.Debug|Win32.Build.0 = Debug|Win32
	{21113255-3EB2-3110-AA0B-009BBCC54F6C}.Release|Win32.ActiveCfg = Release|Win32
	{21113255-3EB2-3110-AA0B-009BBCC54F6C}.Release|Win32.Build.0 = Release|Win32
	EndGlobalSection
	GlobalSection(SolutionProperties) = preSolution
		HideSolutionNode = FALSE
	EndGlobalSection
	
EndGlobal
