Microsoft Visual Studio Solution File, Format Version 12.00
# Visual Studio 2013
VisualStudioVersion = 12.0.31101.0
MinimumVisualStudioVersion = 10.0.40219.1
Project("{8BC9CEB8-8B4A-11D0-8D11-00A0C91BC942}") = "StreamWorkEditor2", "Sources\src\StreamWorkEditor2\_project\StreamWorkEditor2.vcxproj", "{ADA33CFB-9B73-3440-B921-FB0371994A5E}"
	ProjectSection(ProjectDependencies) = postProject
		{2AC607B0-AEB9-36C6-B07C-F284691469B8} = {2AC607B0-AEB9-36C6-B07C-F284691469B8}
		{AB03F4B3-1694-3ED5-8D62-8D03EF5A0691} = {AB03F4B3-1694-3ED5-8D62-8D03EF5A0691}
		{8505CF6E-2CD2-3C5D-AE9F-11BCF3CF1D81} = {8505CF6E-2CD2-3C5D-AE9F-11BCF3CF1D81}
		{68F3DEAD-5AA5-3C57-B924-5939587BD3C0} = {68F3DEAD-5AA5-3C57-B924-5939587BD3C0}
		{B2544985-E208-3E8E-9271-838DF2162CB0} = {B2544985-E208-3E8E-9271-838DF2162CB0}
		{CB090448-1259-30F8-A4A0-31FD833F9B80} = {CB090448-1259-30F8-A4A0-31FD833F9B80}
		{34FD5D1C-EAD7-3061-9FE9-DA69E17B2627} = {34FD5D1C-EAD7-3061-9FE9-DA69E17B2627}
		{11B5B611-BD2E-350F-9F05-4ABF1B9F2932} = {11B5B611-BD2E-350F-9F05-4ABF1B9F2932}
		{8A98E169-078F-381D-AA5F-567CD9AE6F76} = {8A98E169-078F-381D-AA5F-567CD9AE6F76}
		{7AE20119-48BC-39DA-9872-2B513897AEE9} = {7AE20119-48BC-39DA-9872-2B513897AEE9}
	EndProjectSection
EndProject
Project("{8BC9CEB8-8B4A-11D0-8D11-00A0C91BC942}") = "SwConfiguration", "Sources\src\SwConfiguration\_project\SwConfiguration.vcxproj", "{67D08D33-A1A9-3E24-AD22-8C2302D8B084}"
	ProjectSection(ProjectDependencies) = postProject
		{2AC607B0-AEB9-36C6-B07C-F284691469B8} = {2AC607B0-AEB9-36C6-B07C-F284691469B8}
		{B2544985-E208-3E8E-9271-838DF2162CB0} = {B2544985-E208-3E8E-9271-838DF2162CB0}
		{AB03F4B3-1694-3ED5-8D62-8D03EF5A0691} = {AB03F4B3-1694-3ED5-8D62-8D03EF5A0691}
		{8A98E169-078F-381D-AA5F-567CD9AE6F76} = {8A98E169-078F-381D-AA5F-567CD9AE6F76}
	EndProjectSection
EndProject
Project("{8BC9CEB8-8B4A-11D0-8D11-00A0C91BC942}") = "SwCore", "Sources\src\SwCore\_project\SwCore.vcxproj", "{2AC607B0-AEB9-36C6-B07C-F284691469B8}"
EndProject
Project("{8BC9CEB8-8B4A-11D0-8D11-00A0C91BC942}") = "SwDataBase", "Sources\src\SwDataBase\_project\SwDataBase.vcxproj", "{99000593-7B1E-320E-91B7-54D87F81B07C}"
	ProjectSection(ProjectDependencies) = postProject
		{2AC607B0-AEB9-36C6-B07C-F284691469B8} = {2AC607B0-AEB9-36C6-B07C-F284691469B8}
		{B2544985-E208-3E8E-9271-838DF2162CB0} = {B2544985-E208-3E8E-9271-838DF2162CB0}
	EndProjectSection
EndProject
Project("{8BC9CEB8-8B4A-11D0-8D11-00A0C91BC942}") = "SwDoc", "Sources\src\SwDoc\_project\SwDoc.vcxproj", "{8505CF6E-2CD2-3C5D-AE9F-11BCF3CF1D81}"
	ProjectSection(ProjectDependencies) = postProject
		{2AC607B0-AEB9-36C6-B07C-F284691469B8} = {2AC607B0-AEB9-36C6-B07C-F284691469B8}
	EndProjectSection
EndProject
Project("{8BC9CEB8-8B4A-11D0-8D11-00A0C91BC942}") = "SwEditor", "Sources\src\SwEditor\_project\SwEditor.vcxproj", "{CB090448-1259-30F8-A4A0-31FD833F9B80}"
	ProjectSection(ProjectDependencies) = postProject
		{2AC607B0-AEB9-36C6-B07C-F284691469B8} = {2AC607B0-AEB9-36C6-B07C-F284691469B8}
		{AB03F4B3-1694-3ED5-8D62-8D03EF5A0691} = {AB03F4B3-1694-3ED5-8D62-8D03EF5A0691}
		{B2544985-E208-3E8E-9271-838DF2162CB0} = {B2544985-E208-3E8E-9271-838DF2162CB0}
	EndProjectSection
EndProject
Project("{8BC9CEB8-8B4A-11D0-8D11-00A0C91BC942}") = "SwExecution", "Sources\src\SwExecution\_project\SwExecution.vcxproj", "{B2544985-E208-3E8E-9271-838DF2162CB0}"
	ProjectSection(ProjectDependencies) = postProject
		{2AC607B0-AEB9-36C6-B07C-F284691469B8} = {2AC607B0-AEB9-36C6-B07C-F284691469B8}
	EndProjectSection
EndProject
Project("{8BC9CEB8-8B4A-11D0-8D11-00A0C91BC942}") = "SwFoundation", "Sources\src\SwFoundation\_project\SwFoundation.vcxproj", "{24AA08C2-DD39-33BF-B8F4-F39B87B8D83F}"
	ProjectSection(ProjectDependencies) = postProject
		{2AC607B0-AEB9-36C6-B07C-F284691469B8} = {2AC607B0-AEB9-36C6-B07C-F284691469B8}
		{B2544985-E208-3E8E-9271-838DF2162CB0} = {B2544985-E208-3E8E-9271-838DF2162CB0}
		{11B5B611-BD2E-350F-9F05-4ABF1B9F2932} = {11B5B611-BD2E-350F-9F05-4ABF1B9F2932}
		{34FD5D1C-EAD7-3061-9FE9-DA69E17B2627} = {34FD5D1C-EAD7-3061-9FE9-DA69E17B2627}
		{7AE20119-48BC-39DA-9872-2B513897AEE9} = {7AE20119-48BC-39DA-9872-2B513897AEE9}
	EndProjectSection
EndProject
Project("{8BC9CEB8-8B4A-11D0-8D11-00A0C91BC942}") = "SwGenerator", "Sources\src\SwGenerator\_project\SwGenerator.vcxproj", "{6700E631-CA5A-334A-A316-F7323A1D0A82}"
EndProject
Project("{8BC9CEB8-8B4A-11D0-8D11-00A0C91BC942}") = "SwGui", "Sources\src\SwGui\_project\SwGui.vcxproj", "{AB03F4B3-1694-3ED5-8D62-8D03EF5A0691}"
	ProjectSection(ProjectDependencies) = postProject
		{2AC607B0-AEB9-36C6-B07C-F284691469B8} = {2AC607B0-AEB9-36C6-B07C-F284691469B8}
		{24AA08C2-DD39-33BF-B8F4-F39B87B8D83F} = {24AA08C2-DD39-33BF-B8F4-F39B87B8D83F}
		{34FD5D1C-EAD7-3061-9FE9-DA69E17B2627} = {34FD5D1C-EAD7-3061-9FE9-DA69E17B2627}
		{11B5B611-BD2E-350F-9F05-4ABF1B9F2932} = {11B5B611-BD2E-350F-9F05-4ABF1B9F2932}
		{B2544985-E208-3E8E-9271-838DF2162CB0} = {B2544985-E208-3E8E-9271-838DF2162CB0}
	EndProjectSection
EndProject
Project("{8BC9CEB8-8B4A-11D0-8D11-00A0C91BC942}") = "SwLauncher", "Sources\src\SwLauncher\_project\SwLauncher.vcxproj", "{286C70C8-D0F1-3C0A-BEA0-BC3892E92B4B}"
	ProjectSection(ProjectDependencies) = postProject
		{2AC607B0-AEB9-36C6-B07C-F284691469B8} = {2AC607B0-AEB9-36C6-B07C-F284691469B8}
	EndProjectSection
EndProject
Project("{8BC9CEB8-8B4A-11D0-8D11-00A0C91BC942}") = "SwModel2", "Sources\src\SwModel2\_project\SwModel2.vcxproj", "{68F3DEAD-5AA5-3C57-B924-5939587BD3C0}"
	ProjectSection(ProjectDependencies) = postProject
		{2AC607B0-AEB9-36C6-B07C-F284691469B8} = {2AC607B0-AEB9-36C6-B07C-F284691469B8}
		{B2544985-E208-3E8E-9271-838DF2162CB0} = {B2544985-E208-3E8E-9271-838DF2162CB0}
	EndProjectSection
EndProject
Project("{8BC9CEB8-8B4A-11D0-8D11-00A0C91BC942}") = "SwRecord", "Sources\src\SwRecord\_project\SwRecord.vcxproj", "{DA5A9F6D-9BEB-3D74-99D4-3491D1BC0B71}"
	ProjectSection(ProjectDependencies) = postProject
		{2AC607B0-AEB9-36C6-B07C-F284691469B8} = {2AC607B0-AEB9-36C6-B07C-F284691469B8}
		{24AA08C2-DD39-33BF-B8F4-F39B87B8D83F} = {24AA08C2-DD39-33BF-B8F4-F39B87B8D83F}
		{67D08D33-A1A9-3E24-AD22-8C2302D8B084} = {67D08D33-A1A9-3E24-AD22-8C2302D8B084}
		{AB03F4B3-1694-3ED5-8D62-8D03EF5A0691} = {AB03F4B3-1694-3ED5-8D62-8D03EF5A0691}
		{B2544985-E208-3E8E-9271-838DF2162CB0} = {B2544985-E208-3E8E-9271-838DF2162CB0}
		{11B5B611-BD2E-350F-9F05-4ABF1B9F2932} = {11B5B611-BD2E-350F-9F05-4ABF1B9F2932}
	EndProjectSection
EndProject
Project("{8BC9CEB8-8B4A-11D0-8D11-00A0C91BC942}") = "SwServiceAlert", "Sources\src\SwService\ServiceAlert\_project\SwServiceAlert.vcxproj", "{49611086-534F-37EE-AB26-1476D81C9E34}"
	ProjectSection(ProjectDependencies) = postProject
		{2AC607B0-AEB9-36C6-B07C-F284691469B8} = {2AC607B0-AEB9-36C6-B07C-F284691469B8}
		{B2544985-E208-3E8E-9271-838DF2162CB0} = {B2544985-E208-3E8E-9271-838DF2162CB0}
	EndProjectSection
EndProject
Project("{8BC9CEB8-8B4A-11D0-8D11-00A0C91BC942}") = "SwServiceConfiguration", "Sources\src\SwService\ServiceConfiguration\_project\SwServiceConfiguration.vcxproj", "{8A98E169-078F-381D-AA5F-567CD9AE6F76}"
	ProjectSection(ProjectDependencies) = postProject
		{2AC607B0-AEB9-36C6-B07C-F284691469B8} = {2AC607B0-AEB9-36C6-B07C-F284691469B8}
	EndProjectSection
EndProject
Project("{8BC9CEB8-8B4A-11D0-8D11-00A0C91BC942}") = "SwServiceShortcut", "Sources\src\SwService\ServiceShortcut\_project\SwServiceShortcut.vcxproj", "{11B5B611-BD2E-350F-9F05-4ABF1B9F2932}"
	ProjectSection(ProjectDependencies) = postProject
		{2AC607B0-AEB9-36C6-B07C-F284691469B8} = {2AC607B0-AEB9-36C6-B07C-F284691469B8}
	EndProjectSection
EndProject
Project("{8BC9CEB8-8B4A-11D0-8D11-00A0C91BC942}") = "SwServiceTools", "Sources\src\SwService\ServiceTools\_project\SwServiceTools.vcxproj", "{34FD5D1C-EAD7-3061-9FE9-DA69E17B2627}"
	ProjectSection(ProjectDependencies) = postProject
		{2AC607B0-AEB9-36C6-B07C-F284691469B8} = {2AC607B0-AEB9-36C6-B07C-F284691469B8}
	EndProjectSection
EndProject
Project("{8BC9CEB8-8B4A-11D0-8D11-00A0C91BC942}") = "SwServiceUnitSI", "Sources\src\SwService\ServiceUnitSI\_project\SwServiceUnitSI.vcxproj", "{7AE20119-48BC-39DA-9872-2B513897AEE9}"
	ProjectSection(ProjectDependencies) = postProject
		{2AC607B0-AEB9-36C6-B07C-F284691469B8} = {2AC607B0-AEB9-36C6-B07C-F284691469B8}
	EndProjectSection
EndProject
Global
	GlobalSection(SolutionConfigurationPlatforms) = preSolution
		Debug|Win32 = Debug|Win32
		Release|Win32 = Release|Win32
	EndGlobalSection
	GlobalSection(ProjectConfigurationPlatforms) = postSolution
		{ADA33CFB-9B73-3440-B921-FB0371994A5E}.Debug|Win32.ActiveCfg = Debug|Win32
		{ADA33CFB-9B73-3440-B921-FB0371994A5E}.Debug|Win32.Build.0 = Debug|Win32
		{ADA33CFB-9B73-3440-B921-FB0371994A5E}.Release|Win32.ActiveCfg = Release|Win32
		{ADA33CFB-9B73-3440-B921-FB0371994A5E}.Release|Win32.Build.0 = Release|Win32
		{67D08D33-A1A9-3E24-AD22-8C2302D8B084}.Debug|Win32.ActiveCfg = Debug|Win32
		{67D08D33-A1A9-3E24-AD22-8C2302D8B084}.Debug|Win32.Build.0 = Debug|Win32
		{67D08D33-A1A9-3E24-AD22-8C2302D8B084}.Release|Win32.ActiveCfg = Release|Win32
		{67D08D33-A1A9-3E24-AD22-8C2302D8B084}.Release|Win32.Build.0 = Release|Win32
		{2AC607B0-AEB9-36C6-B07C-F284691469B8}.Debug|Win32.ActiveCfg = Debug|Win32
		{2AC607B0-AEB9-36C6-B07C-F284691469B8}.Debug|Win32.Build.0 = Debug|Win32
		{2AC607B0-AEB9-36C6-B07C-F284691469B8}.Release|Win32.ActiveCfg = Release|Win32
		{2AC607B0-AEB9-36C6-B07C-F284691469B8}.Release|Win32.Build.0 = Release|Win32
		{99000593-7B1E-320E-91B7-54D87F81B07C}.Debug|Win32.ActiveCfg = Debug|Win32
		{99000593-7B1E-320E-91B7-54D87F81B07C}.Debug|Win32.Build.0 = Debug|Win32
		{99000593-7B1E-320E-91B7-54D87F81B07C}.Release|Win32.ActiveCfg = Release|Win32
		{99000593-7B1E-320E-91B7-54D87F81B07C}.Release|Win32.Build.0 = Release|Win32
		{8505CF6E-2CD2-3C5D-AE9F-11BCF3CF1D81}.Debug|Win32.ActiveCfg = Debug|Win32
		{8505CF6E-2CD2-3C5D-AE9F-11BCF3CF1D81}.Debug|Win32.Build.0 = Debug|Win32
		{8505CF6E-2CD2-3C5D-AE9F-11BCF3CF1D81}.Release|Win32.ActiveCfg = Release|Win32
		{8505CF6E-2CD2-3C5D-AE9F-11BCF3CF1D81}.Release|Win32.Build.0 = Release|Win32
		{CB090448-1259-30F8-A4A0-31FD833F9B80}.Debug|Win32.ActiveCfg = Debug|Win32
		{CB090448-1259-30F8-A4A0-31FD833F9B80}.Debug|Win32.Build.0 = Debug|Win32
		{CB090448-1259-30F8-A4A0-31FD833F9B80}.Release|Win32.ActiveCfg = Release|Win32
		{CB090448-1259-30F8-A4A0-31FD833F9B80}.Release|Win32.Build.0 = Release|Win32
		{B2544985-E208-3E8E-9271-838DF2162CB0}.Debug|Win32.ActiveCfg = Debug|Win32
		{B2544985-E208-3E8E-9271-838DF2162CB0}.Debug|Win32.Build.0 = Debug|Win32
		{B2544985-E208-3E8E-9271-838DF2162CB0}.Release|Win32.ActiveCfg = Release|Win32
		{B2544985-E208-3E8E-9271-838DF2162CB0}.Release|Win32.Build.0 = Release|Win32
		{24AA08C2-DD39-33BF-B8F4-F39B87B8D83F}.Debug|Win32.ActiveCfg = Debug|Win32
		{24AA08C2-DD39-33BF-B8F4-F39B87B8D83F}.Debug|Win32.Build.0 = Debug|Win32
		{24AA08C2-DD39-33BF-B8F4-F39B87B8D83F}.Release|Win32.ActiveCfg = Release|Win32
		{24AA08C2-DD39-33BF-B8F4-F39B87B8D83F}.Release|Win32.Build.0 = Release|Win32
		{6700E631-CA5A-334A-A316-F7323A1D0A82}.Debug|Win32.ActiveCfg = Debug|Win32
		{6700E631-CA5A-334A-A316-F7323A1D0A82}.Debug|Win32.Build.0 = Debug|Win32
		{6700E631-CA5A-334A-A316-F7323A1D0A82}.Release|Win32.ActiveCfg = Release|Win32
		{6700E631-CA5A-334A-A316-F7323A1D0A82}.Release|Win32.Build.0 = Release|Win32
		{AB03F4B3-1694-3ED5-8D62-8D03EF5A0691}.Debug|Win32.ActiveCfg = Debug|Win32
		{AB03F4B3-1694-3ED5-8D62-8D03EF5A0691}.Debug|Win32.Build.0 = Debug|Win32
		{AB03F4B3-1694-3ED5-8D62-8D03EF5A0691}.Release|Win32.ActiveCfg = Release|Win32
		{AB03F4B3-1694-3ED5-8D62-8D03EF5A0691}.Release|Win32.Build.0 = Release|Win32
		{286C70C8-D0F1-3C0A-BEA0-BC3892E92B4B}.Debug|Win32.ActiveCfg = Debug|Win32
		{286C70C8-D0F1-3C0A-BEA0-BC3892E92B4B}.Debug|Win32.Build.0 = Debug|Win32
		{286C70C8-D0F1-3C0A-BEA0-BC3892E92B4B}.Release|Win32.ActiveCfg = Release|Win32
		{286C70C8-D0F1-3C0A-BEA0-BC3892E92B4B}.Release|Win32.Build.0 = Release|Win32
		{68F3DEAD-5AA5-3C57-B924-5939587BD3C0}.Debug|Win32.ActiveCfg = Debug|Win32
		{68F3DEAD-5AA5-3C57-B924-5939587BD3C0}.Debug|Win32.Build.0 = Debug|Win32
		{68F3DEAD-5AA5-3C57-B924-5939587BD3C0}.Release|Win32.ActiveCfg = Release|Win32
		{68F3DEAD-5AA5-3C57-B924-5939587BD3C0}.Release|Win32.Build.0 = Release|Win32
		{DA5A9F6D-9BEB-3D74-99D4-3491D1BC0B71}.Debug|Win32.ActiveCfg = Debug|Win32
		{DA5A9F6D-9BEB-3D74-99D4-3491D1BC0B71}.Debug|Win32.Build.0 = Debug|Win32
		{DA5A9F6D-9BEB-3D74-99D4-3491D1BC0B71}.Release|Win32.ActiveCfg = Release|Win32
		{DA5A9F6D-9BEB-3D74-99D4-3491D1BC0B71}.Release|Win32.Build.0 = Release|Win32
		{49611086-534F-37EE-AB26-1476D81C9E34}.Debug|Win32.ActiveCfg = Debug|Win32
		{49611086-534F-37EE-AB26-1476D81C9E34}.Debug|Win32.Build.0 = Debug|Win32
		{49611086-534F-37EE-AB26-1476D81C9E34}.Release|Win32.ActiveCfg = Release|Win32
		{49611086-534F-37EE-AB26-1476D81C9E34}.Release|Win32.Build.0 = Release|Win32
		{8A98E169-078F-381D-AA5F-567CD9AE6F76}.Debug|Win32.ActiveCfg = Debug|Win32
		{8A98E169-078F-381D-AA5F-567CD9AE6F76}.Debug|Win32.Build.0 = Debug|Win32
		{8A98E169-078F-381D-AA5F-567CD9AE6F76}.Release|Win32.ActiveCfg = Release|Win32
		{8A98E169-078F-381D-AA5F-567CD9AE6F76}.Release|Win32.Build.0 = Release|Win32
		{11B5B611-BD2E-350F-9F05-4ABF1B9F2932}.Debug|Win32.ActiveCfg = Debug|Win32
		{11B5B611-BD2E-350F-9F05-4ABF1B9F2932}.Debug|Win32.Build.0 = Debug|Win32
		{11B5B611-BD2E-350F-9F05-4ABF1B9F2932}.Release|Win32.ActiveCfg = Release|Win32
		{11B5B611-BD2E-350F-9F05-4ABF1B9F2932}.Release|Win32.Build.0 = Release|Win32
		{34FD5D1C-EAD7-3061-9FE9-DA69E17B2627}.Debug|Win32.ActiveCfg = Debug|Win32
		{34FD5D1C-EAD7-3061-9FE9-DA69E17B2627}.Debug|Win32.Build.0 = Debug|Win32
		{34FD5D1C-EAD7-3061-9FE9-DA69E17B2627}.Release|Win32.ActiveCfg = Release|Win32
		{34FD5D1C-EAD7-3061-9FE9-DA69E17B2627}.Release|Win32.Build.0 = Release|Win32
		{7AE20119-48BC-39DA-9872-2B513897AEE9}.Debug|Win32.ActiveCfg = Debug|Win32
		{7AE20119-48BC-39DA-9872-2B513897AEE9}.Debug|Win32.Build.0 = Debug|Win32
		{7AE20119-48BC-39DA-9872-2B513897AEE9}.Release|Win32.ActiveCfg = Release|Win32
		{7AE20119-48BC-39DA-9872-2B513897AEE9}.Release|Win32.Build.0 = Release|Win32
	EndGlobalSection
	GlobalSection(SolutionProperties) = preSolution
		HideSolutionNode = FALSE
	EndGlobalSection
EndGlobal
