Microsoft Visual Studio Solution File, Format Version 12.00
# Visual Studio 2013
Project("{8BC9CEB8-8B4A-11D0-8D11-00A0C91BC942}") = "StreamWorkEditor2", "Sources\StreamWorkEditor2\_project\StreamWorkEditor2.vcxproj", "{D5D6464B-10C1-3A5B-A467-730A3544D7A9}"
	ProjectSection(ProjectDependencies) = postProject
		{F90AD991-9F7B-37F2-82CE-34F9F928C4CA} = {F90AD991-9F7B-37F2-82CE-34F9F928C4CA}
		{98C25B02-800A-3594-A8DB-DBC5C9E328AF} = {98C25B02-800A-3594-A8DB-DBC5C9E328AF}
		{9E93609B-FD28-3C72-8EAD-AB01B6B046B3} = {9E93609B-FD28-3C72-8EAD-AB01B6B046B3}
		{F5E616BB-5DF7-361B-B063-CAC06D31E775} = {F5E616BB-5DF7-361B-B063-CAC06D31E775}
		{611287D3-5F3D-3ECF-8B54-8C9FF5BB787E} = {611287D3-5F3D-3ECF-8B54-8C9FF5BB787E}
	EndProjectSection
EndProject
Project("{8BC9CEB8-8B4A-11D0-8D11-00A0C91BC942}") = "SwConfiguration", "Sources\SwConfiguration\_project\SwConfiguration.vcxproj", "{D9BE6BDF-9EDD-3EDF-91A8-47317C7056EC}"
	ProjectSection(ProjectDependencies) = postProject
		{54BCAEBD-1A2E-3E39-825E-291A74B38A48} = {54BCAEBD-1A2E-3E39-825E-291A74B38A48}
		{611287D3-5F3D-3ECF-8B54-8C9FF5BB787E} = {611287D3-5F3D-3ECF-8B54-8C9FF5BB787E}
	EndProjectSection
EndProject
Project("{8BC9CEB8-8B4A-11D0-8D11-00A0C91BC942}") = "SwCore", "Sources\SwCore\_project\SwCore.vcxproj", "{8EAA9235-78B3-3996-A196-5DD255F1738F}"

EndProject
Project("{8BC9CEB8-8B4A-11D0-8D11-00A0C91BC942}") = "SwDataBase", "Sources\SwDataBase\_project\SwDataBase.vcxproj", "{3FB803A9-F07A-3007-AF6B-CC5CC62DFC15}"
	ProjectSection(ProjectDependencies) = postProject
		{73AF27CD-7BE1-36D4-9E36-1119C5F3C883} = {73AF27CD-7BE1-36D4-9E36-1119C5F3C883}
	EndProjectSection
EndProject
Project("{8BC9CEB8-8B4A-11D0-8D11-00A0C91BC942}") = "SwDoc", "Sources\SwDoc\_project\SwDoc.vcxproj", "{98C25B02-800A-3594-A8DB-DBC5C9E328AF}"
	ProjectSection(ProjectDependencies) = postProject
		{8EAA9235-78B3-3996-A196-5DD255F1738F} = {8EAA9235-78B3-3996-A196-5DD255F1738F}
	EndProjectSection
EndProject
Project("{8BC9CEB8-8B4A-11D0-8D11-00A0C91BC942}") = "SwEditor", "Sources\SwEditor\_project\SwEditor.vcxproj", "{9E93609B-FD28-3C72-8EAD-AB01B6B046B3}"
	ProjectSection(ProjectDependencies) = postProject
		{54BCAEBD-1A2E-3E39-825E-291A74B38A48} = {54BCAEBD-1A2E-3E39-825E-291A74B38A48}
	EndProjectSection
EndProject
Project("{8BC9CEB8-8B4A-11D0-8D11-00A0C91BC942}") = "SwExecution", "Sources\SwExecution\_project\SwExecution.vcxproj", "{73AF27CD-7BE1-36D4-9E36-1119C5F3C883}"
	ProjectSection(ProjectDependencies) = postProject
		{8EAA9235-78B3-3996-A196-5DD255F1738F} = {8EAA9235-78B3-3996-A196-5DD255F1738F}
	EndProjectSection
EndProject
Project("{8BC9CEB8-8B4A-11D0-8D11-00A0C91BC942}") = "SwFoundation", "Sources\SwFoundation\_project\SwFoundation.vcxproj", "{7CD92439-5483-3AFA-B950-BFBC33EE2086}"
	ProjectSection(ProjectDependencies) = postProject
		{73AF27CD-7BE1-36D4-9E36-1119C5F3C883} = {73AF27CD-7BE1-36D4-9E36-1119C5F3C883}
		{635A40ED-ECDC-33CE-BDCD-781C94BEAD98} = {635A40ED-ECDC-33CE-BDCD-781C94BEAD98}
		{661FA654-59FB-3E0E-914A-24C039572527} = {661FA654-59FB-3E0E-914A-24C039572527}
	EndProjectSection
EndProject
Project("{8BC9CEB8-8B4A-11D0-8D11-00A0C91BC942}") = "SwGenerator", "Sources\SwGenerator\_project\SwGenerator.vcxproj", "{B6AD2923-ED1D-3C1D-BD32-C0E84033C066}"

EndProject
Project("{8BC9CEB8-8B4A-11D0-8D11-00A0C91BC942}") = "SwGui", "Sources\SwGui\_project\SwGui.vcxproj", "{54BCAEBD-1A2E-3E39-825E-291A74B38A48}"
	ProjectSection(ProjectDependencies) = postProject
		{7CD92439-5483-3AFA-B950-BFBC33EE2086} = {7CD92439-5483-3AFA-B950-BFBC33EE2086}
	EndProjectSection
EndProject
Project("{8BC9CEB8-8B4A-11D0-8D11-00A0C91BC942}") = "SwLauncher", "Sources\SwLauncher\_project\SwLauncher.vcxproj", "{56071E00-272E-335C-AA1D-8647793C5A98}"
	ProjectSection(ProjectDependencies) = postProject
		{8EAA9235-78B3-3996-A196-5DD255F1738F} = {8EAA9235-78B3-3996-A196-5DD255F1738F}
	EndProjectSection
EndProject
Project("{8BC9CEB8-8B4A-11D0-8D11-00A0C91BC942}") = "SwModel2", "Sources\SwModel2\_project\SwModel2.vcxproj", "{F5E616BB-5DF7-361B-B063-CAC06D31E775}"
	ProjectSection(ProjectDependencies) = postProject
		{73AF27CD-7BE1-36D4-9E36-1119C5F3C883} = {73AF27CD-7BE1-36D4-9E36-1119C5F3C883}
	EndProjectSection
EndProject
Project("{8BC9CEB8-8B4A-11D0-8D11-00A0C91BC942}") = "SwRecord", "Sources\SwRecord\_project\SwRecord.vcxproj", "{FFC59E9A-71D2-3334-9C73-BFE91822564B}"
	ProjectSection(ProjectDependencies) = postProject
		{D9BE6BDF-9EDD-3EDF-91A8-47317C7056EC} = {D9BE6BDF-9EDD-3EDF-91A8-47317C7056EC}
	EndProjectSection
EndProject
Project("{8BC9CEB8-8B4A-11D0-8D11-00A0C91BC942}") = "SwServiceAlert", "Sources\SwService\ServiceAlert\_project\SwServiceAlert.vcxproj", "{8D588558-2BC4-3BF1-8D29-41936D06B10E}"
	ProjectSection(ProjectDependencies) = postProject
		{73AF27CD-7BE1-36D4-9E36-1119C5F3C883} = {73AF27CD-7BE1-36D4-9E36-1119C5F3C883}
	EndProjectSection
EndProject
Project("{8BC9CEB8-8B4A-11D0-8D11-00A0C91BC942}") = "SwServiceConfiguration", "Sources\SwService\ServiceConfiguration\_project\SwServiceConfiguration.vcxproj", "{611287D3-5F3D-3ECF-8B54-8C9FF5BB787E}"
	ProjectSection(ProjectDependencies) = postProject
		{8EAA9235-78B3-3996-A196-5DD255F1738F} = {8EAA9235-78B3-3996-A196-5DD255F1738F}
	EndProjectSection
EndProject
Project("{8BC9CEB8-8B4A-11D0-8D11-00A0C91BC942}") = "SwServiceShortcut", "Sources\SwService\ServiceShortcut\_project\SwServiceShortcut.vcxproj", "{635A40ED-ECDC-33CE-BDCD-781C94BEAD98}"
	ProjectSection(ProjectDependencies) = postProject
		{8EAA9235-78B3-3996-A196-5DD255F1738F} = {8EAA9235-78B3-3996-A196-5DD255F1738F}
	EndProjectSection
EndProject
Project("{8BC9CEB8-8B4A-11D0-8D11-00A0C91BC942}") = "SwServiceTools", "Sources\SwService\ServiceTools\_project\SwServiceTools.vcxproj", "{661FA654-59FB-3E0E-914A-24C039572527}"
	ProjectSection(ProjectDependencies) = postProject
		{8EAA9235-78B3-3996-A196-5DD255F1738F} = {8EAA9235-78B3-3996-A196-5DD255F1738F}
	EndProjectSection
EndProject
Project("{8BC9CEB8-8B4A-11D0-8D11-00A0C91BC942}") = "SwServiceUnitSI", "Sources\SwService\ServiceUnitSI\_project\SwServiceUnitSI.vcxproj", "{F90AD991-9F7B-37F2-82CE-34F9F928C4CA}"
	ProjectSection(ProjectDependencies) = postProject
		{7CD92439-5483-3AFA-B950-BFBC33EE2086} = {7CD92439-5483-3AFA-B950-BFBC33EE2086}
	EndProjectSection
EndProject

Global
	GlobalSection(SolutionConfigurationPlatforms) = preSolution
		Debug|Win32 = Debug|Win32
		Release|Win32 = Release|Win32
	EndGlobalSection
	GlobalSection(ProjectConfigurationPlatforms) = postSolution
	{D5D6464B-10C1-3A5B-A467-730A3544D7A9}.Debug|Win32.ActiveCfg = Debug|Win32
	{D5D6464B-10C1-3A5B-A467-730A3544D7A9}.Debug|Win32.Build.0 = Debug|Win32
	{D5D6464B-10C1-3A5B-A467-730A3544D7A9}.Release|Win32.ActiveCfg = Release|Win32
	{D5D6464B-10C1-3A5B-A467-730A3544D7A9}.Release|Win32.Build.0 = Release|Win32
	{D9BE6BDF-9EDD-3EDF-91A8-47317C7056EC}.Debug|Win32.ActiveCfg = Debug|Win32
	{D9BE6BDF-9EDD-3EDF-91A8-47317C7056EC}.Debug|Win32.Build.0 = Debug|Win32
	{D9BE6BDF-9EDD-3EDF-91A8-47317C7056EC}.Release|Win32.ActiveCfg = Release|Win32
	{D9BE6BDF-9EDD-3EDF-91A8-47317C7056EC}.Release|Win32.Build.0 = Release|Win32
	{8EAA9235-78B3-3996-A196-5DD255F1738F}.Debug|Win32.ActiveCfg = Debug|Win32
	{8EAA9235-78B3-3996-A196-5DD255F1738F}.Debug|Win32.Build.0 = Debug|Win32
	{8EAA9235-78B3-3996-A196-5DD255F1738F}.Release|Win32.ActiveCfg = Release|Win32
	{8EAA9235-78B3-3996-A196-5DD255F1738F}.Release|Win32.Build.0 = Release|Win32
	{3FB803A9-F07A-3007-AF6B-CC5CC62DFC15}.Debug|Win32.ActiveCfg = Debug|Win32
	{3FB803A9-F07A-3007-AF6B-CC5CC62DFC15}.Debug|Win32.Build.0 = Debug|Win32
	{3FB803A9-F07A-3007-AF6B-CC5CC62DFC15}.Release|Win32.ActiveCfg = Release|Win32
	{3FB803A9-F07A-3007-AF6B-CC5CC62DFC15}.Release|Win32.Build.0 = Release|Win32
	{98C25B02-800A-3594-A8DB-DBC5C9E328AF}.Debug|Win32.ActiveCfg = Debug|Win32
	{98C25B02-800A-3594-A8DB-DBC5C9E328AF}.Debug|Win32.Build.0 = Debug|Win32
	{98C25B02-800A-3594-A8DB-DBC5C9E328AF}.Release|Win32.ActiveCfg = Release|Win32
	{98C25B02-800A-3594-A8DB-DBC5C9E328AF}.Release|Win32.Build.0 = Release|Win32
	{9E93609B-FD28-3C72-8EAD-AB01B6B046B3}.Debug|Win32.ActiveCfg = Debug|Win32
	{9E93609B-FD28-3C72-8EAD-AB01B6B046B3}.Debug|Win32.Build.0 = Debug|Win32
	{9E93609B-FD28-3C72-8EAD-AB01B6B046B3}.Release|Win32.ActiveCfg = Release|Win32
	{9E93609B-FD28-3C72-8EAD-AB01B6B046B3}.Release|Win32.Build.0 = Release|Win32
	{73AF27CD-7BE1-36D4-9E36-1119C5F3C883}.Debug|Win32.ActiveCfg = Debug|Win32
	{73AF27CD-7BE1-36D4-9E36-1119C5F3C883}.Debug|Win32.Build.0 = Debug|Win32
	{73AF27CD-7BE1-36D4-9E36-1119C5F3C883}.Release|Win32.ActiveCfg = Release|Win32
	{73AF27CD-7BE1-36D4-9E36-1119C5F3C883}.Release|Win32.Build.0 = Release|Win32
	{7CD92439-5483-3AFA-B950-BFBC33EE2086}.Debug|Win32.ActiveCfg = Debug|Win32
	{7CD92439-5483-3AFA-B950-BFBC33EE2086}.Debug|Win32.Build.0 = Debug|Win32
	{7CD92439-5483-3AFA-B950-BFBC33EE2086}.Release|Win32.ActiveCfg = Release|Win32
	{7CD92439-5483-3AFA-B950-BFBC33EE2086}.Release|Win32.Build.0 = Release|Win32
	{B6AD2923-ED1D-3C1D-BD32-C0E84033C066}.Debug|Win32.ActiveCfg = Debug|Win32
	{B6AD2923-ED1D-3C1D-BD32-C0E84033C066}.Debug|Win32.Build.0 = Debug|Win32
	{B6AD2923-ED1D-3C1D-BD32-C0E84033C066}.Release|Win32.ActiveCfg = Release|Win32
	{B6AD2923-ED1D-3C1D-BD32-C0E84033C066}.Release|Win32.Build.0 = Release|Win32
	{54BCAEBD-1A2E-3E39-825E-291A74B38A48}.Debug|Win32.ActiveCfg = Debug|Win32
	{54BCAEBD-1A2E-3E39-825E-291A74B38A48}.Debug|Win32.Build.0 = Debug|Win32
	{54BCAEBD-1A2E-3E39-825E-291A74B38A48}.Release|Win32.ActiveCfg = Release|Win32
	{54BCAEBD-1A2E-3E39-825E-291A74B38A48}.Release|Win32.Build.0 = Release|Win32
	{56071E00-272E-335C-AA1D-8647793C5A98}.Debug|Win32.ActiveCfg = Debug|Win32
	{56071E00-272E-335C-AA1D-8647793C5A98}.Debug|Win32.Build.0 = Debug|Win32
	{56071E00-272E-335C-AA1D-8647793C5A98}.Release|Win32.ActiveCfg = Release|Win32
	{56071E00-272E-335C-AA1D-8647793C5A98}.Release|Win32.Build.0 = Release|Win32
	{F5E616BB-5DF7-361B-B063-CAC06D31E775}.Debug|Win32.ActiveCfg = Debug|Win32
	{F5E616BB-5DF7-361B-B063-CAC06D31E775}.Debug|Win32.Build.0 = Debug|Win32
	{F5E616BB-5DF7-361B-B063-CAC06D31E775}.Release|Win32.ActiveCfg = Release|Win32
	{F5E616BB-5DF7-361B-B063-CAC06D31E775}.Release|Win32.Build.0 = Release|Win32
	{FFC59E9A-71D2-3334-9C73-BFE91822564B}.Debug|Win32.ActiveCfg = Debug|Win32
	{FFC59E9A-71D2-3334-9C73-BFE91822564B}.Debug|Win32.Build.0 = Debug|Win32
	{FFC59E9A-71D2-3334-9C73-BFE91822564B}.Release|Win32.ActiveCfg = Release|Win32
	{FFC59E9A-71D2-3334-9C73-BFE91822564B}.Release|Win32.Build.0 = Release|Win32
	{8D588558-2BC4-3BF1-8D29-41936D06B10E}.Debug|Win32.ActiveCfg = Debug|Win32
	{8D588558-2BC4-3BF1-8D29-41936D06B10E}.Debug|Win32.Build.0 = Debug|Win32
	{8D588558-2BC4-3BF1-8D29-41936D06B10E}.Release|Win32.ActiveCfg = Release|Win32
	{8D588558-2BC4-3BF1-8D29-41936D06B10E}.Release|Win32.Build.0 = Release|Win32
	{611287D3-5F3D-3ECF-8B54-8C9FF5BB787E}.Debug|Win32.ActiveCfg = Debug|Win32
	{611287D3-5F3D-3ECF-8B54-8C9FF5BB787E}.Debug|Win32.Build.0 = Debug|Win32
	{611287D3-5F3D-3ECF-8B54-8C9FF5BB787E}.Release|Win32.ActiveCfg = Release|Win32
	{611287D3-5F3D-3ECF-8B54-8C9FF5BB787E}.Release|Win32.Build.0 = Release|Win32
	{635A40ED-ECDC-33CE-BDCD-781C94BEAD98}.Debug|Win32.ActiveCfg = Debug|Win32
	{635A40ED-ECDC-33CE-BDCD-781C94BEAD98}.Debug|Win32.Build.0 = Debug|Win32
	{635A40ED-ECDC-33CE-BDCD-781C94BEAD98}.Release|Win32.ActiveCfg = Release|Win32
	{635A40ED-ECDC-33CE-BDCD-781C94BEAD98}.Release|Win32.Build.0 = Release|Win32
	{661FA654-59FB-3E0E-914A-24C039572527}.Debug|Win32.ActiveCfg = Debug|Win32
	{661FA654-59FB-3E0E-914A-24C039572527}.Debug|Win32.Build.0 = Debug|Win32
	{661FA654-59FB-3E0E-914A-24C039572527}.Release|Win32.ActiveCfg = Release|Win32
	{661FA654-59FB-3E0E-914A-24C039572527}.Release|Win32.Build.0 = Release|Win32
	{F90AD991-9F7B-37F2-82CE-34F9F928C4CA}.Debug|Win32.ActiveCfg = Debug|Win32
	{F90AD991-9F7B-37F2-82CE-34F9F928C4CA}.Debug|Win32.Build.0 = Debug|Win32
	{F90AD991-9F7B-37F2-82CE-34F9F928C4CA}.Release|Win32.ActiveCfg = Release|Win32
	{F90AD991-9F7B-37F2-82CE-34F9F928C4CA}.Release|Win32.Build.0 = Release|Win32
	EndGlobalSection
	GlobalSection(SolutionProperties) = preSolution
		HideSolutionNode = FALSE
	EndGlobalSection
	
EndGlobal
